
Microsoft Visual Studio Solution File, Format Version 12.00
# Visual Studio Version 17
VisualStudioVersion = 17.1.31911.260
MinimumVisualStudioVersion = 10.0.40219.1
Project("{9A19103F-16F7-4668-BE54-9A1E7A4F7556}") = "HLab.Base", "HLab.Core\HLab.Base\HLab.Base.csproj", "{EDC4FE17-EDAE-42B1-80E4-FB5273F43D11}"
EndProject
Project("{9A19103F-16F7-4668-BE54-9A1E7A4F7556}") = "HLab.Mvvm", "HLab.Core\HLab.Mvvm\HLab.Mvvm.csproj", "{A3EAAA24-5913-471E-ADB1-402F64536A63}"
EndProject
Project("{9A19103F-16F7-4668-BE54-9A1E7A4F7556}") = "HLab.Mvvm.Annotations", "HLab.Core\HLab.Mvvm.Annotations\HLab.Mvvm.Annotations.csproj", "{17CFFA1D-3C93-4ECF-9B0A-27DE5D71DD90}"
EndProject
Project("{9A19103F-16F7-4668-BE54-9A1E7A4F7556}") = "HLab.Core.Annotations", "HLab.Core\HLab.Core.Annotations\HLab.Core.Annotations.csproj", "{10C3B514-5F74-4428-A36B-7B9B1BB5C789}"
EndProject
Project("{9A19103F-16F7-4668-BE54-9A1E7A4F7556}") = "HLab.Core", "HLab.Core\HLab.Core\HLab.Core.csproj", "{E2FF593A-E2D4-45F7-B53A-3AF3F7199E6A}"
EndProject
Project("{2150E333-8FDC-42A3-9474-1A3956D46DE8}") = "HLab.Core", "HLab.Core", "{EB064150-3855-447E-AB26-AD7DC9BAD336}"
EndProject
Project("{9A19103F-16F7-4668-BE54-9A1E7A4F7556}") = "HLab.Sys.Argyll", "HLab.Sys\HLab.Sys.Argyll\HLab.Sys.Argyll.csproj", "{057E0D7A-5412-4E1E-B40E-16E0EEA5D993}"
EndProject
Project("{9A19103F-16F7-4668-BE54-9A1E7A4F7556}") = "LittleBigMouse.DisplayLayout", "LittleBigMouse.Core\LittleBigMouse.DisplayLayout\LittleBigMouse.DisplayLayout.csproj", "{79B8687D-99C6-4176-B605-2419BF479AB4}"
EndProject
Project("{9A19103F-16F7-4668-BE54-9A1E7A4F7556}") = "HLab.Sys.Windows.MonitorVcp", "HLab.Sys\HLab.Sys.Windows.MonitorVcp\HLab.Sys.Windows.MonitorVcp.csproj", "{379E61B9-F045-44D6-BC5D-53F2B83A60ED}"
EndProject
Project("{9A19103F-16F7-4668-BE54-9A1E7A4F7556}") = "HLab.Sys.Windows.Monitors", "HLab.Sys\HLab.Sys.Windows.Monitors\HLab.Sys.Windows.Monitors.csproj", "{957C1A05-46D6-4D2A-B11B-4963A5AD6766}"
EndProject
Project("{9A19103F-16F7-4668-BE54-9A1E7A4F7556}") = "HLab.Remote", "HLab.Core\HLab.Remote\HLab.Remote.csproj", "{7A947291-EFE1-42D9-B51C-A0B09B0B0CD7}"
EndProject
Project("{2150E333-8FDC-42A3-9474-1A3956D46DE8}") = "Benchmarks", "Benchmarks", "{3051C155-300D-4128-8606-E06489F12EC6}"
EndProject
Project("{9A19103F-16F7-4668-BE54-9A1E7A4F7556}") = "LittleBigMouse.Plugins", "LittleBigMouse.Plugins\LittleBigMouse.Plugins.Core\LittleBigMouse.Plugins.csproj", "{E7DF4999-DE60-444D-810B-DCF4195AE798}"
EndProject
Project("{9A19103F-16F7-4668-BE54-9A1E7A4F7556}") = "HLab.Options", "HLab.Core\HLab.Options\HLab.Options.csproj", "{519B1F78-EF51-43B8-A611-78C45F9E1935}"
EndProject
Project("{2150E333-8FDC-42A3-9474-1A3956D46DE8}") = "Solution Items", "Solution Items", "{8C0AFF70-DE2E-48CA-94CA-43C654C3B692}"
	ProjectSection(SolutionItems) = preProject
		.editorconfig = .editorconfig
	EndProjectSection
EndProject
Project("{9A19103F-16F7-4668-BE54-9A1E7A4F7556}") = "LittleBigMouse.Zoning", "LittleBigMouse.Core\LittleBigMouse.Zones\LittleBigMouse.Zoning.csproj", "{7961E60C-E160-42A1-AA9F-9B1C05161347}"
EndProject
Project("{9A19103F-16F7-4668-BE54-9A1E7A4F7556}") = "HLab.Sys.Windows.API", "HLab.Core\HLab.Sys.Windows.API\HLab.Sys.Windows.API.csproj", "{FE78C54E-3C88-4A62-B1DF-96B86AC009F6}"
EndProject
Project("{8BC9CEB8-8B4A-11D0-8D11-00A0C91BC942}") = "LittleBigMouse.Hook", "LittleBigMouse.Daemon\LittleBigMouse.Hook\LittleBigMouse.Hook.vcxproj", "{CB83115D-78BA-490D-AABD-31949F013F78}"
EndProject
Project("{9A19103F-16F7-4668-BE54-9A1E7A4F7556}") = "HLab.Base.Avalonia", "HLab.Avalonia\HLab.Base.Avalonia\HLab.Base.Avalonia.csproj", "{C7FA38D2-42A1-4AD4-8EB2-B9BC9414E321}"
EndProject
Project("{9A19103F-16F7-4668-BE54-9A1E7A4F7556}") = "HLab.Mvvm.Avalonia", "HLab.Avalonia\HLab.Mvvm.Avalonia\HLab.Mvvm.Avalonia.csproj", "{3C7B0355-16BC-406F-89BC-229D62D8654B}"
EndProject
Project("{9A19103F-16F7-4668-BE54-9A1E7A4F7556}") = "HLab.Icons.Avalonia", "HLab.Avalonia\HLab.Icons.Avalonia\HLab.Icons.Avalonia.csproj", "{C6BD898B-B32A-417C-9529-B25877139EE1}"
EndProject
Project("{9A19103F-16F7-4668-BE54-9A1E7A4F7556}") = "HLab.Localization.Avalonia", "HLab.Avalonia\HLab.Localization.Avalonia3\HLab.Localization.Avalonia.csproj", "{5CA53C31-44C8-47EE-B332-CC7F42E646A9}"
EndProject
Project("{9A19103F-16F7-4668-BE54-9A1E7A4F7556}") = "LittleBigMouse.Plugins.Avalonia", "LittleBigMouse.Plugins\LittleBigMouse.Plugins.Avalonia\LittleBigMouse.Plugins.Avalonia.csproj", "{E538FDBD-CCF1-4E20-A763-0C3CDA9D6335}"
EndProject
Project("{9A19103F-16F7-4668-BE54-9A1E7A4F7556}") = "LittleBigMouse.Ui.Avalonia", "LittleBigMouse.Ui\LittleBigMouse.Ui.Avalonia\LittleBigMouse.Ui.Avalonia.csproj", "{01FA453A-86CA-4EC5-A0E9-266FEE14775C}"
	ProjectSection(ProjectDependencies) = postProject
		{109D43C0-AF82-4A09-B149-55612D7D7142} = {109D43C0-AF82-4A09-B149-55612D7D7142}
		{CB83115D-78BA-490D-AABD-31949F013F78} = {CB83115D-78BA-490D-AABD-31949F013F78}
		{DF43E1E0-D8B8-44DA-9F4F-D25E161A48EB} = {DF43E1E0-D8B8-44DA-9F4F-D25E161A48EB}
	EndProjectSection
EndProject
Project("{9A19103F-16F7-4668-BE54-9A1E7A4F7556}") = "HLab.ColorTools.Avalonia", "HLab.Avalonia\HLab.ColorTools.Avalonia\HLab.ColorTools.Avalonia.csproj", "{33AD10FD-FB09-4603-9C79-8116B668F1E9}"
EndProject
Project("{9A19103F-16F7-4668-BE54-9A1E7A4F7556}") = "HLab.ColorTools", "HLab.Core\HLab.ColorTools\HLab.ColorTools.csproj", "{D88C0012-9188-452A-B93E-2AE040826A0E}"
EndProject
Project("{9A19103F-16F7-4668-BE54-9A1E7A4F7556}") = "LittleBigMouse.Ui.Core", "LittleBigMouse.Ui\LittleBigMouse.Ui.Core\LittleBigMouse.Ui.Core.csproj", "{EE2DCA9B-E113-4E39-8833-338C37AE1188}"
EndProject
Project("{2150E333-8FDC-42A3-9474-1A3956D46DE8}") = "LittleBigMouse", "LittleBigMouse", "{35F8E798-DD0B-4382-AE4E-860720712F58}"
EndProject
Project("{2150E333-8FDC-42A3-9474-1A3956D46DE8}") = "Plugins", "Plugins", "{2B68650F-2426-4725-8880-5344B3149173}"
EndProject
Project("{2150E333-8FDC-42A3-9474-1A3956D46DE8}") = "Ui", "Ui", "{7CD990BD-9361-4C23-A1D3-9BBF612F488D}"
EndProject
Project("{9A19103F-16F7-4668-BE54-9A1E7A4F7556}") = "HLab.UserNotification.Avalonia", "HLab.Avalonia\HLab.UserNotification.Avalonia\HLab.UserNotification.Avalonia.csproj", "{644C1578-87F0-420C-AE12-EEDD8F5EB9B8}"
EndProject
Project("{9A19103F-16F7-4668-BE54-9A1E7A4F7556}") = "LittleBigMouse.Plugin.Layout.Avalonia", "LittleBigMouse.Plugins\LittleBigMouse.Plugin.Layout.Avalonia\LittleBigMouse.Plugin.Layout.Avalonia.csproj", "{C7E0AD59-48B2-4202-8965-467AF425D739}"
EndProject
Project("{9A19103F-16F7-4668-BE54-9A1E7A4F7556}") = "HLab.Base.Avalonia.UITest", "HLab.Avalonia\HLab.Base.Avalonia.UITest\HLab.Base.Avalonia.UITest.csproj", "{1FC3CF78-663A-4489-8C2F-948BCB42E96D}"
EndProject
Project("{9A19103F-16F7-4668-BE54-9A1E7A4F7556}") = "HLab.Mvvm.ReactiveUI", "HLab.Core\HLab.Mvvm.ReactiveUI\HLab.Mvvm.ReactiveUI.csproj", "{0D5A5413-CDE7-4C61-A847-E99F949E5392}"
EndProject
Project("{9A19103F-16F7-4668-BE54-9A1E7A4F7556}") = "LittleBigMouse.Plugin.Vcp.Avalonia", "LittleBigMouse.Plugins\LittleBigMouse.Plugin.Vcp.Avalonia\LittleBigMouse.Plugin.Vcp.Avalonia.csproj", "{DDFED30C-0590-418A-8139-D1835B56E12A}"
EndProject
Project("{9A19103F-16F7-4668-BE54-9A1E7A4F7556}") = "HLab.Sys.Windows.MonitorVcp.Avalonia", "HLab.Sys\HLab.Sys.Windows.MonitorVcp.Avalonia\HLab.Sys.Windows.MonitorVcp.Avalonia.csproj", "{5540E418-2C38-43CA-93BD-5BF2D48CA093}"
EndProject
Project("{2150E333-8FDC-42A3-9474-1A3956D46DE8}") = "Color", "Color", "{2CB7C513-00A8-4A26-8F44-082ADCECB13A}"
EndProject
Project("{2150E333-8FDC-42A3-9474-1A3956D46DE8}") = "Mvvm", "Mvvm", "{FA18B37E-D77B-4FF3-8D98-963C447A2692}"
EndProject
Project("{2150E333-8FDC-42A3-9474-1A3956D46DE8}") = "Base", "Base", "{81C727CD-20AF-492A-BE56-50EB2F20D754}"
EndProject
Project("{2150E333-8FDC-42A3-9474-1A3956D46DE8}") = "Sys", "Sys", "{0C0AE3B8-DC74-4291-AE5E-F57E4144B5A7}"
EndProject
Project("{9A19103F-16F7-4668-BE54-9A1E7A4F7556}") = "HLab.ColorTools.Benchmark", "HLab.Core\HLab.ColorTools.Benchmark\HLab.ColorTools.Benchmark.csproj", "{8FCB1021-2434-4F1C-9E76-278DF4B54B4E}"
EndProject
Project("{9A19103F-16F7-4668-BE54-9A1E7A4F7556}") = "HLab.ColorTools.Tests", "HLab.Core\HLab.ColorTools.Tests\HLab.ColorTools.Tests.csproj", "{F2C5AF38-EAD0-4154-9F17-320FAB77EAF0}"
EndProject
Project("{9A19103F-16F7-4668-BE54-9A1E7A4F7556}") = "HLab.UserNotification", "HLab.Core\HLab.UserNotification\HLab.UserNotification.csproj", "{13310458-D8FE-4F73-BA35-EF5627BBB66C}"
EndProject
Project("{9A19103F-16F7-4668-BE54-9A1E7A4F7556}") = "HLab.Geo", "HLab.Core\HLab.Geo\HLab.Geo.csproj", "{9BAC842F-54A9-4104-859F-43C8AE7CC8F4}"
EndProject
Project("{8BC9CEB8-8B4A-11D0-8D11-00A0C91BC942}") = "Geometry", "LittleBigMouse.Daemon\Geometry\Geometry.vcxproj", "{DF43E1E0-D8B8-44DA-9F4F-D25E161A48EB}"
EndProject
Project("{8BC9CEB8-8B4A-11D0-8D11-00A0C91BC942}") = "LittleBigMouse.Engine", "LittleBigMouse.Daemon\LittleBigMouse.Engine\LittleBigMouse.Engine.vcxproj", "{109D43C0-AF82-4A09-B149-55612D7D7142}"
EndProject
Project("{2150E333-8FDC-42A3-9474-1A3956D46DE8}") = "Daemon", "Daemon", "{C4896D26-022A-4707-A990-793BB21FE69E}"
EndProject
Project("{2150E333-8FDC-42A3-9474-1A3956D46DE8}") = "Core", "Core", "{22877609-6A62-492C-9E8B-481A2047FFF9}"
EndProject
Project("{2150E333-8FDC-42A3-9474-1A3956D46DE8}") = "Setup", "Setup", "{B71ECB15-F39E-4329-BEE3-73BBADF12BC7}"
	ProjectSection(SolutionItems) = preProject
		LittleBigMouse.Setup\LittleBigMouse.iss = LittleBigMouse.Setup\LittleBigMouse.iss
		LittleBigMouse.Setup\LittleBigMouse.nsi = LittleBigMouse.Setup\LittleBigMouse.nsi
	EndProjectSection
EndProject
Project("{9A19103F-16F7-4668-BE54-9A1E7A4F7556}") = "HLab.Bugs.Avalonia", "HLab.Avalonia\HLab.Bugs.Avalonia\HLab.Bugs.Avalonia.csproj", "{6CA136B2-9239-4A02-9007-B67D9940674D}"
EndProject
Project("{2150E333-8FDC-42A3-9474-1A3956D46DE8}") = "HLab.Avalonia", "HLab.Avalonia", "{F9285DF6-1EB8-4E3F-87AD-01F8AF60C2D9}"
EndProject
Project("{2150E333-8FDC-42A3-9474-1A3956D46DE8}") = "Base", "Base", "{BEB5D4B6-387A-4FCC-BD84-2F105F8FD32E}"
EndProject
Project("{2150E333-8FDC-42A3-9474-1A3956D46DE8}") = "Color", "Color", "{9972D6F7-D725-4213-BC04-171E6C9C1BA1}"
EndProject
Project("{2150E333-8FDC-42A3-9474-1A3956D46DE8}") = "Mvvm", "Mvvm", "{967B2151-69DE-4BF5-A8BA-878F4DB47855}"
EndProject
Global
	GlobalSection(SolutionConfigurationPlatforms) = preSolution
		Debug|Any CPU = Debug|Any CPU
		Debug|x64 = Debug|x64
		Debug|x86 = Debug|x86
		DebugRelease|Any CPU = DebugRelease|Any CPU
		DebugRelease|x64 = DebugRelease|x64
		DebugRelease|x86 = DebugRelease|x86
		Release|Any CPU = Release|Any CPU
		Release|x64 = Release|x64
		Release|x86 = Release|x86
	EndGlobalSection
	GlobalSection(ProjectConfigurationPlatforms) = postSolution
		{EDC4FE17-EDAE-42B1-80E4-FB5273F43D11}.Debug|Any CPU.ActiveCfg = Debug|Any CPU
		{EDC4FE17-EDAE-42B1-80E4-FB5273F43D11}.Debug|Any CPU.Build.0 = Debug|Any CPU
		{EDC4FE17-EDAE-42B1-80E4-FB5273F43D11}.Debug|x64.ActiveCfg = Debug|x64
		{EDC4FE17-EDAE-42B1-80E4-FB5273F43D11}.Debug|x64.Build.0 = Debug|x64
		{EDC4FE17-EDAE-42B1-80E4-FB5273F43D11}.Debug|x86.ActiveCfg = Debug|x86
		{EDC4FE17-EDAE-42B1-80E4-FB5273F43D11}.Debug|x86.Build.0 = Debug|x86
		{EDC4FE17-EDAE-42B1-80E4-FB5273F43D11}.DebugRelease|Any CPU.ActiveCfg = Release|Any CPU
		{EDC4FE17-EDAE-42B1-80E4-FB5273F43D11}.DebugRelease|Any CPU.Build.0 = Release|Any CPU
		{EDC4FE17-EDAE-42B1-80E4-FB5273F43D11}.DebugRelease|x64.ActiveCfg = Release|x64
		{EDC4FE17-EDAE-42B1-80E4-FB5273F43D11}.DebugRelease|x64.Build.0 = Release|x64
		{EDC4FE17-EDAE-42B1-80E4-FB5273F43D11}.DebugRelease|x86.ActiveCfg = Release|x86
		{EDC4FE17-EDAE-42B1-80E4-FB5273F43D11}.DebugRelease|x86.Build.0 = Release|x86
		{EDC4FE17-EDAE-42B1-80E4-FB5273F43D11}.Release|Any CPU.ActiveCfg = Release|Any CPU
		{EDC4FE17-EDAE-42B1-80E4-FB5273F43D11}.Release|Any CPU.Build.0 = Release|Any CPU
		{EDC4FE17-EDAE-42B1-80E4-FB5273F43D11}.Release|x64.ActiveCfg = Release|x64
		{EDC4FE17-EDAE-42B1-80E4-FB5273F43D11}.Release|x64.Build.0 = Release|x64
		{EDC4FE17-EDAE-42B1-80E4-FB5273F43D11}.Release|x86.ActiveCfg = Release|x86
		{EDC4FE17-EDAE-42B1-80E4-FB5273F43D11}.Release|x86.Build.0 = Release|x86
		{A3EAAA24-5913-471E-ADB1-402F64536A63}.Debug|Any CPU.ActiveCfg = Debug|Any CPU
		{A3EAAA24-5913-471E-ADB1-402F64536A63}.Debug|Any CPU.Build.0 = Debug|Any CPU
		{A3EAAA24-5913-471E-ADB1-402F64536A63}.Debug|x64.ActiveCfg = Debug|x64
		{A3EAAA24-5913-471E-ADB1-402F64536A63}.Debug|x64.Build.0 = Debug|x64
		{A3EAAA24-5913-471E-ADB1-402F64536A63}.Debug|x86.ActiveCfg = Debug|x86
		{A3EAAA24-5913-471E-ADB1-402F64536A63}.Debug|x86.Build.0 = Debug|x86
		{A3EAAA24-5913-471E-ADB1-402F64536A63}.DebugRelease|Any CPU.ActiveCfg = Release|Any CPU
		{A3EAAA24-5913-471E-ADB1-402F64536A63}.DebugRelease|Any CPU.Build.0 = Release|Any CPU
		{A3EAAA24-5913-471E-ADB1-402F64536A63}.DebugRelease|x64.ActiveCfg = Release|x64
		{A3EAAA24-5913-471E-ADB1-402F64536A63}.DebugRelease|x64.Build.0 = Release|x64
		{A3EAAA24-5913-471E-ADB1-402F64536A63}.DebugRelease|x86.ActiveCfg = Release|x86
		{A3EAAA24-5913-471E-ADB1-402F64536A63}.DebugRelease|x86.Build.0 = Release|x86
		{A3EAAA24-5913-471E-ADB1-402F64536A63}.Release|Any CPU.ActiveCfg = Release|Any CPU
		{A3EAAA24-5913-471E-ADB1-402F64536A63}.Release|Any CPU.Build.0 = Release|Any CPU
		{A3EAAA24-5913-471E-ADB1-402F64536A63}.Release|x64.ActiveCfg = Release|x64
		{A3EAAA24-5913-471E-ADB1-402F64536A63}.Release|x64.Build.0 = Release|x64
		{A3EAAA24-5913-471E-ADB1-402F64536A63}.Release|x86.ActiveCfg = Release|x86
		{A3EAAA24-5913-471E-ADB1-402F64536A63}.Release|x86.Build.0 = Release|x86
		{17CFFA1D-3C93-4ECF-9B0A-27DE5D71DD90}.Debug|Any CPU.ActiveCfg = Debug|Any CPU
		{17CFFA1D-3C93-4ECF-9B0A-27DE5D71DD90}.Debug|Any CPU.Build.0 = Debug|Any CPU
		{17CFFA1D-3C93-4ECF-9B0A-27DE5D71DD90}.Debug|x64.ActiveCfg = Debug|x64
		{17CFFA1D-3C93-4ECF-9B0A-27DE5D71DD90}.Debug|x64.Build.0 = Debug|x64
		{17CFFA1D-3C93-4ECF-9B0A-27DE5D71DD90}.Debug|x86.ActiveCfg = Debug|x86
		{17CFFA1D-3C93-4ECF-9B0A-27DE5D71DD90}.Debug|x86.Build.0 = Debug|x86
		{17CFFA1D-3C93-4ECF-9B0A-27DE5D71DD90}.DebugRelease|Any CPU.ActiveCfg = Release|Any CPU
		{17CFFA1D-3C93-4ECF-9B0A-27DE5D71DD90}.DebugRelease|Any CPU.Build.0 = Release|Any CPU
		{17CFFA1D-3C93-4ECF-9B0A-27DE5D71DD90}.DebugRelease|x64.ActiveCfg = Release|x64
		{17CFFA1D-3C93-4ECF-9B0A-27DE5D71DD90}.DebugRelease|x64.Build.0 = Release|x64
		{17CFFA1D-3C93-4ECF-9B0A-27DE5D71DD90}.DebugRelease|x86.ActiveCfg = Release|x86
		{17CFFA1D-3C93-4ECF-9B0A-27DE5D71DD90}.DebugRelease|x86.Build.0 = Release|x86
		{17CFFA1D-3C93-4ECF-9B0A-27DE5D71DD90}.Release|Any CPU.ActiveCfg = Release|Any CPU
		{17CFFA1D-3C93-4ECF-9B0A-27DE5D71DD90}.Release|Any CPU.Build.0 = Release|Any CPU
		{17CFFA1D-3C93-4ECF-9B0A-27DE5D71DD90}.Release|x64.ActiveCfg = Release|x64
		{17CFFA1D-3C93-4ECF-9B0A-27DE5D71DD90}.Release|x64.Build.0 = Release|x64
		{17CFFA1D-3C93-4ECF-9B0A-27DE5D71DD90}.Release|x86.ActiveCfg = Release|x86
		{17CFFA1D-3C93-4ECF-9B0A-27DE5D71DD90}.Release|x86.Build.0 = Release|x86
		{10C3B514-5F74-4428-A36B-7B9B1BB5C789}.Debug|Any CPU.ActiveCfg = Debug|Any CPU
		{10C3B514-5F74-4428-A36B-7B9B1BB5C789}.Debug|Any CPU.Build.0 = Debug|Any CPU
		{10C3B514-5F74-4428-A36B-7B9B1BB5C789}.Debug|x64.ActiveCfg = Debug|x64
		{10C3B514-5F74-4428-A36B-7B9B1BB5C789}.Debug|x64.Build.0 = Debug|x64
		{10C3B514-5F74-4428-A36B-7B9B1BB5C789}.Debug|x86.ActiveCfg = Debug|x86
		{10C3B514-5F74-4428-A36B-7B9B1BB5C789}.Debug|x86.Build.0 = Debug|x86
		{10C3B514-5F74-4428-A36B-7B9B1BB5C789}.DebugRelease|Any CPU.ActiveCfg = Release|Any CPU
		{10C3B514-5F74-4428-A36B-7B9B1BB5C789}.DebugRelease|Any CPU.Build.0 = Release|Any CPU
		{10C3B514-5F74-4428-A36B-7B9B1BB5C789}.DebugRelease|x64.ActiveCfg = Release|x64
		{10C3B514-5F74-4428-A36B-7B9B1BB5C789}.DebugRelease|x64.Build.0 = Release|x64
		{10C3B514-5F74-4428-A36B-7B9B1BB5C789}.DebugRelease|x86.ActiveCfg = Release|x86
		{10C3B514-5F74-4428-A36B-7B9B1BB5C789}.DebugRelease|x86.Build.0 = Release|x86
		{10C3B514-5F74-4428-A36B-7B9B1BB5C789}.Release|Any CPU.ActiveCfg = Release|Any CPU
		{10C3B514-5F74-4428-A36B-7B9B1BB5C789}.Release|Any CPU.Build.0 = Release|Any CPU
		{10C3B514-5F74-4428-A36B-7B9B1BB5C789}.Release|x64.ActiveCfg = Release|x64
		{10C3B514-5F74-4428-A36B-7B9B1BB5C789}.Release|x64.Build.0 = Release|x64
		{10C3B514-5F74-4428-A36B-7B9B1BB5C789}.Release|x86.ActiveCfg = Release|x86
		{10C3B514-5F74-4428-A36B-7B9B1BB5C789}.Release|x86.Build.0 = Release|x86
		{E2FF593A-E2D4-45F7-B53A-3AF3F7199E6A}.Debug|Any CPU.ActiveCfg = Debug|Any CPU
		{E2FF593A-E2D4-45F7-B53A-3AF3F7199E6A}.Debug|Any CPU.Build.0 = Debug|Any CPU
		{E2FF593A-E2D4-45F7-B53A-3AF3F7199E6A}.Debug|x64.ActiveCfg = Debug|x64
		{E2FF593A-E2D4-45F7-B53A-3AF3F7199E6A}.Debug|x64.Build.0 = Debug|x64
		{E2FF593A-E2D4-45F7-B53A-3AF3F7199E6A}.Debug|x86.ActiveCfg = Debug|x86
		{E2FF593A-E2D4-45F7-B53A-3AF3F7199E6A}.Debug|x86.Build.0 = Debug|x86
		{E2FF593A-E2D4-45F7-B53A-3AF3F7199E6A}.DebugRelease|Any CPU.ActiveCfg = Release|Any CPU
		{E2FF593A-E2D4-45F7-B53A-3AF3F7199E6A}.DebugRelease|Any CPU.Build.0 = Release|Any CPU
		{E2FF593A-E2D4-45F7-B53A-3AF3F7199E6A}.DebugRelease|x64.ActiveCfg = Release|x64
		{E2FF593A-E2D4-45F7-B53A-3AF3F7199E6A}.DebugRelease|x64.Build.0 = Release|x64
		{E2FF593A-E2D4-45F7-B53A-3AF3F7199E6A}.DebugRelease|x86.ActiveCfg = Release|x86
		{E2FF593A-E2D4-45F7-B53A-3AF3F7199E6A}.DebugRelease|x86.Build.0 = Release|x86
		{E2FF593A-E2D4-45F7-B53A-3AF3F7199E6A}.Release|Any CPU.ActiveCfg = Release|Any CPU
		{E2FF593A-E2D4-45F7-B53A-3AF3F7199E6A}.Release|Any CPU.Build.0 = Release|Any CPU
		{E2FF593A-E2D4-45F7-B53A-3AF3F7199E6A}.Release|x64.ActiveCfg = Release|x64
		{E2FF593A-E2D4-45F7-B53A-3AF3F7199E6A}.Release|x64.Build.0 = Release|x64
		{E2FF593A-E2D4-45F7-B53A-3AF3F7199E6A}.Release|x86.ActiveCfg = Release|x86
		{E2FF593A-E2D4-45F7-B53A-3AF3F7199E6A}.Release|x86.Build.0 = Release|x86
		{057E0D7A-5412-4E1E-B40E-16E0EEA5D993}.Debug|Any CPU.ActiveCfg = Debug|Any CPU
		{057E0D7A-5412-4E1E-B40E-16E0EEA5D993}.Debug|Any CPU.Build.0 = Debug|Any CPU
		{057E0D7A-5412-4E1E-B40E-16E0EEA5D993}.Debug|x64.ActiveCfg = Debug|x64
		{057E0D7A-5412-4E1E-B40E-16E0EEA5D993}.Debug|x64.Build.0 = Debug|x64
		{057E0D7A-5412-4E1E-B40E-16E0EEA5D993}.Debug|x86.ActiveCfg = Debug|x86
		{057E0D7A-5412-4E1E-B40E-16E0EEA5D993}.Debug|x86.Build.0 = Debug|x86
		{057E0D7A-5412-4E1E-B40E-16E0EEA5D993}.DebugRelease|Any CPU.ActiveCfg = Release|Any CPU
		{057E0D7A-5412-4E1E-B40E-16E0EEA5D993}.DebugRelease|Any CPU.Build.0 = Release|Any CPU
		{057E0D7A-5412-4E1E-B40E-16E0EEA5D993}.DebugRelease|x64.ActiveCfg = Release|x64
		{057E0D7A-5412-4E1E-B40E-16E0EEA5D993}.DebugRelease|x64.Build.0 = Release|x64
		{057E0D7A-5412-4E1E-B40E-16E0EEA5D993}.DebugRelease|x86.ActiveCfg = Release|x86
		{057E0D7A-5412-4E1E-B40E-16E0EEA5D993}.DebugRelease|x86.Build.0 = Release|x86
		{057E0D7A-5412-4E1E-B40E-16E0EEA5D993}.Release|Any CPU.ActiveCfg = Release|Any CPU
		{057E0D7A-5412-4E1E-B40E-16E0EEA5D993}.Release|Any CPU.Build.0 = Release|Any CPU
		{057E0D7A-5412-4E1E-B40E-16E0EEA5D993}.Release|x64.ActiveCfg = Release|x64
		{057E0D7A-5412-4E1E-B40E-16E0EEA5D993}.Release|x64.Build.0 = Release|x64
		{057E0D7A-5412-4E1E-B40E-16E0EEA5D993}.Release|x86.ActiveCfg = Release|x86
		{057E0D7A-5412-4E1E-B40E-16E0EEA5D993}.Release|x86.Build.0 = Release|x86
		{79B8687D-99C6-4176-B605-2419BF479AB4}.Debug|Any CPU.ActiveCfg = Debug|Any CPU
		{79B8687D-99C6-4176-B605-2419BF479AB4}.Debug|Any CPU.Build.0 = Debug|Any CPU
		{79B8687D-99C6-4176-B605-2419BF479AB4}.Debug|x64.ActiveCfg = Debug|x64
		{79B8687D-99C6-4176-B605-2419BF479AB4}.Debug|x64.Build.0 = Debug|x64
		{79B8687D-99C6-4176-B605-2419BF479AB4}.Debug|x86.ActiveCfg = Debug|x86
		{79B8687D-99C6-4176-B605-2419BF479AB4}.Debug|x86.Build.0 = Debug|x86
		{79B8687D-99C6-4176-B605-2419BF479AB4}.DebugRelease|Any CPU.ActiveCfg = Release|Any CPU
		{79B8687D-99C6-4176-B605-2419BF479AB4}.DebugRelease|Any CPU.Build.0 = Release|Any CPU
		{79B8687D-99C6-4176-B605-2419BF479AB4}.DebugRelease|x64.ActiveCfg = Release|x64
		{79B8687D-99C6-4176-B605-2419BF479AB4}.DebugRelease|x64.Build.0 = Release|x64
		{79B8687D-99C6-4176-B605-2419BF479AB4}.DebugRelease|x86.ActiveCfg = Release|x86
		{79B8687D-99C6-4176-B605-2419BF479AB4}.DebugRelease|x86.Build.0 = Release|x86
		{79B8687D-99C6-4176-B605-2419BF479AB4}.Release|Any CPU.ActiveCfg = Release|Any CPU
		{79B8687D-99C6-4176-B605-2419BF479AB4}.Release|Any CPU.Build.0 = Release|Any CPU
		{79B8687D-99C6-4176-B605-2419BF479AB4}.Release|x64.ActiveCfg = Release|x64
		{79B8687D-99C6-4176-B605-2419BF479AB4}.Release|x64.Build.0 = Release|x64
		{79B8687D-99C6-4176-B605-2419BF479AB4}.Release|x86.ActiveCfg = Release|x86
		{79B8687D-99C6-4176-B605-2419BF479AB4}.Release|x86.Build.0 = Release|x86
		{379E61B9-F045-44D6-BC5D-53F2B83A60ED}.Debug|Any CPU.ActiveCfg = Debug|Any CPU
		{379E61B9-F045-44D6-BC5D-53F2B83A60ED}.Debug|Any CPU.Build.0 = Debug|Any CPU
		{379E61B9-F045-44D6-BC5D-53F2B83A60ED}.Debug|x64.ActiveCfg = Debug|x64
		{379E61B9-F045-44D6-BC5D-53F2B83A60ED}.Debug|x64.Build.0 = Debug|x64
		{379E61B9-F045-44D6-BC5D-53F2B83A60ED}.Debug|x86.ActiveCfg = Debug|x86
		{379E61B9-F045-44D6-BC5D-53F2B83A60ED}.Debug|x86.Build.0 = Debug|x86
		{379E61B9-F045-44D6-BC5D-53F2B83A60ED}.DebugRelease|Any CPU.ActiveCfg = Release|Any CPU
		{379E61B9-F045-44D6-BC5D-53F2B83A60ED}.DebugRelease|Any CPU.Build.0 = Release|Any CPU
		{379E61B9-F045-44D6-BC5D-53F2B83A60ED}.DebugRelease|x64.ActiveCfg = Release|x64
		{379E61B9-F045-44D6-BC5D-53F2B83A60ED}.DebugRelease|x64.Build.0 = Release|x64
		{379E61B9-F045-44D6-BC5D-53F2B83A60ED}.DebugRelease|x86.ActiveCfg = Release|x86
		{379E61B9-F045-44D6-BC5D-53F2B83A60ED}.DebugRelease|x86.Build.0 = Release|x86
		{379E61B9-F045-44D6-BC5D-53F2B83A60ED}.Release|Any CPU.ActiveCfg = Release|Any CPU
		{379E61B9-F045-44D6-BC5D-53F2B83A60ED}.Release|Any CPU.Build.0 = Release|Any CPU
		{379E61B9-F045-44D6-BC5D-53F2B83A60ED}.Release|x64.ActiveCfg = Release|x64
		{379E61B9-F045-44D6-BC5D-53F2B83A60ED}.Release|x64.Build.0 = Release|x64
		{379E61B9-F045-44D6-BC5D-53F2B83A60ED}.Release|x86.ActiveCfg = Release|x86
		{379E61B9-F045-44D6-BC5D-53F2B83A60ED}.Release|x86.Build.0 = Release|x86
		{957C1A05-46D6-4D2A-B11B-4963A5AD6766}.Debug|Any CPU.ActiveCfg = Debug|Any CPU
		{957C1A05-46D6-4D2A-B11B-4963A5AD6766}.Debug|Any CPU.Build.0 = Debug|Any CPU
		{957C1A05-46D6-4D2A-B11B-4963A5AD6766}.Debug|x64.ActiveCfg = Debug|x64
		{957C1A05-46D6-4D2A-B11B-4963A5AD6766}.Debug|x64.Build.0 = Debug|x64
		{957C1A05-46D6-4D2A-B11B-4963A5AD6766}.Debug|x86.ActiveCfg = Debug|x86
		{957C1A05-46D6-4D2A-B11B-4963A5AD6766}.Debug|x86.Build.0 = Debug|x86
		{957C1A05-46D6-4D2A-B11B-4963A5AD6766}.DebugRelease|Any CPU.ActiveCfg = Release|Any CPU
		{957C1A05-46D6-4D2A-B11B-4963A5AD6766}.DebugRelease|Any CPU.Build.0 = Release|Any CPU
		{957C1A05-46D6-4D2A-B11B-4963A5AD6766}.DebugRelease|x64.ActiveCfg = Release|x64
		{957C1A05-46D6-4D2A-B11B-4963A5AD6766}.DebugRelease|x64.Build.0 = Release|x64
		{957C1A05-46D6-4D2A-B11B-4963A5AD6766}.DebugRelease|x86.ActiveCfg = Release|x86
		{957C1A05-46D6-4D2A-B11B-4963A5AD6766}.DebugRelease|x86.Build.0 = Release|x86
		{957C1A05-46D6-4D2A-B11B-4963A5AD6766}.Release|Any CPU.ActiveCfg = Release|Any CPU
		{957C1A05-46D6-4D2A-B11B-4963A5AD6766}.Release|Any CPU.Build.0 = Release|Any CPU
		{957C1A05-46D6-4D2A-B11B-4963A5AD6766}.Release|x64.ActiveCfg = Release|x64
		{957C1A05-46D6-4D2A-B11B-4963A5AD6766}.Release|x64.Build.0 = Release|x64
		{957C1A05-46D6-4D2A-B11B-4963A5AD6766}.Release|x86.ActiveCfg = Release|x86
		{957C1A05-46D6-4D2A-B11B-4963A5AD6766}.Release|x86.Build.0 = Release|x86
		{7A947291-EFE1-42D9-B51C-A0B09B0B0CD7}.Debug|Any CPU.ActiveCfg = Debug|Any CPU
		{7A947291-EFE1-42D9-B51C-A0B09B0B0CD7}.Debug|Any CPU.Build.0 = Debug|Any CPU
		{7A947291-EFE1-42D9-B51C-A0B09B0B0CD7}.Debug|x64.ActiveCfg = Debug|x64
		{7A947291-EFE1-42D9-B51C-A0B09B0B0CD7}.Debug|x64.Build.0 = Debug|x64
		{7A947291-EFE1-42D9-B51C-A0B09B0B0CD7}.Debug|x86.ActiveCfg = Debug|x86
		{7A947291-EFE1-42D9-B51C-A0B09B0B0CD7}.Debug|x86.Build.0 = Debug|x86
		{7A947291-EFE1-42D9-B51C-A0B09B0B0CD7}.DebugRelease|Any CPU.ActiveCfg = Release|Any CPU
		{7A947291-EFE1-42D9-B51C-A0B09B0B0CD7}.DebugRelease|Any CPU.Build.0 = Release|Any CPU
		{7A947291-EFE1-42D9-B51C-A0B09B0B0CD7}.DebugRelease|x64.ActiveCfg = Release|x64
		{7A947291-EFE1-42D9-B51C-A0B09B0B0CD7}.DebugRelease|x64.Build.0 = Release|x64
		{7A947291-EFE1-42D9-B51C-A0B09B0B0CD7}.DebugRelease|x86.ActiveCfg = Release|x86
		{7A947291-EFE1-42D9-B51C-A0B09B0B0CD7}.DebugRelease|x86.Build.0 = Release|x86
		{7A947291-EFE1-42D9-B51C-A0B09B0B0CD7}.Release|Any CPU.ActiveCfg = Release|Any CPU
		{7A947291-EFE1-42D9-B51C-A0B09B0B0CD7}.Release|Any CPU.Build.0 = Release|Any CPU
		{7A947291-EFE1-42D9-B51C-A0B09B0B0CD7}.Release|x64.ActiveCfg = Release|x64
		{7A947291-EFE1-42D9-B51C-A0B09B0B0CD7}.Release|x64.Build.0 = Release|x64
		{7A947291-EFE1-42D9-B51C-A0B09B0B0CD7}.Release|x86.ActiveCfg = Release|x86
		{7A947291-EFE1-42D9-B51C-A0B09B0B0CD7}.Release|x86.Build.0 = Release|x86
		{E7DF4999-DE60-444D-810B-DCF4195AE798}.Debug|Any CPU.ActiveCfg = Debug|Any CPU
		{E7DF4999-DE60-444D-810B-DCF4195AE798}.Debug|Any CPU.Build.0 = Debug|Any CPU
		{E7DF4999-DE60-444D-810B-DCF4195AE798}.Debug|x64.ActiveCfg = Debug|x64
		{E7DF4999-DE60-444D-810B-DCF4195AE798}.Debug|x64.Build.0 = Debug|x64
		{E7DF4999-DE60-444D-810B-DCF4195AE798}.Debug|x86.ActiveCfg = Debug|x86
		{E7DF4999-DE60-444D-810B-DCF4195AE798}.Debug|x86.Build.0 = Debug|x86
		{E7DF4999-DE60-444D-810B-DCF4195AE798}.DebugRelease|Any CPU.ActiveCfg = Release|Any CPU
		{E7DF4999-DE60-444D-810B-DCF4195AE798}.DebugRelease|Any CPU.Build.0 = Release|Any CPU
		{E7DF4999-DE60-444D-810B-DCF4195AE798}.DebugRelease|x64.ActiveCfg = Release|x64
		{E7DF4999-DE60-444D-810B-DCF4195AE798}.DebugRelease|x64.Build.0 = Release|x64
		{E7DF4999-DE60-444D-810B-DCF4195AE798}.DebugRelease|x86.ActiveCfg = Release|x86
		{E7DF4999-DE60-444D-810B-DCF4195AE798}.DebugRelease|x86.Build.0 = Release|x86
		{E7DF4999-DE60-444D-810B-DCF4195AE798}.Release|Any CPU.ActiveCfg = Release|Any CPU
		{E7DF4999-DE60-444D-810B-DCF4195AE798}.Release|Any CPU.Build.0 = Release|Any CPU
		{E7DF4999-DE60-444D-810B-DCF4195AE798}.Release|x64.ActiveCfg = Release|x64
		{E7DF4999-DE60-444D-810B-DCF4195AE798}.Release|x64.Build.0 = Release|x64
		{E7DF4999-DE60-444D-810B-DCF4195AE798}.Release|x86.ActiveCfg = Release|x86
		{E7DF4999-DE60-444D-810B-DCF4195AE798}.Release|x86.Build.0 = Release|x86
		{519B1F78-EF51-43B8-A611-78C45F9E1935}.Debug|Any CPU.ActiveCfg = Debug|Any CPU
		{519B1F78-EF51-43B8-A611-78C45F9E1935}.Debug|Any CPU.Build.0 = Debug|Any CPU
		{519B1F78-EF51-43B8-A611-78C45F9E1935}.Debug|x64.ActiveCfg = Debug|x64
		{519B1F78-EF51-43B8-A611-78C45F9E1935}.Debug|x64.Build.0 = Debug|x64
		{519B1F78-EF51-43B8-A611-78C45F9E1935}.Debug|x86.ActiveCfg = Debug|x86
		{519B1F78-EF51-43B8-A611-78C45F9E1935}.Debug|x86.Build.0 = Debug|x86
		{519B1F78-EF51-43B8-A611-78C45F9E1935}.DebugRelease|Any CPU.ActiveCfg = Release|Any CPU
		{519B1F78-EF51-43B8-A611-78C45F9E1935}.DebugRelease|Any CPU.Build.0 = Release|Any CPU
		{519B1F78-EF51-43B8-A611-78C45F9E1935}.DebugRelease|x64.ActiveCfg = Release|x64
		{519B1F78-EF51-43B8-A611-78C45F9E1935}.DebugRelease|x64.Build.0 = Release|x64
		{519B1F78-EF51-43B8-A611-78C45F9E1935}.DebugRelease|x86.ActiveCfg = Release|x86
		{519B1F78-EF51-43B8-A611-78C45F9E1935}.DebugRelease|x86.Build.0 = Release|x86
		{519B1F78-EF51-43B8-A611-78C45F9E1935}.Release|Any CPU.ActiveCfg = Release|Any CPU
		{519B1F78-EF51-43B8-A611-78C45F9E1935}.Release|Any CPU.Build.0 = Release|Any CPU
		{519B1F78-EF51-43B8-A611-78C45F9E1935}.Release|x64.ActiveCfg = Release|x64
		{519B1F78-EF51-43B8-A611-78C45F9E1935}.Release|x64.Build.0 = Release|x64
		{519B1F78-EF51-43B8-A611-78C45F9E1935}.Release|x86.ActiveCfg = Release|x86
		{519B1F78-EF51-43B8-A611-78C45F9E1935}.Release|x86.Build.0 = Release|x86
		{7961E60C-E160-42A1-AA9F-9B1C05161347}.Debug|Any CPU.ActiveCfg = Debug|Any CPU
		{7961E60C-E160-42A1-AA9F-9B1C05161347}.Debug|Any CPU.Build.0 = Debug|Any CPU
		{7961E60C-E160-42A1-AA9F-9B1C05161347}.Debug|x64.ActiveCfg = Debug|x64
		{7961E60C-E160-42A1-AA9F-9B1C05161347}.Debug|x64.Build.0 = Debug|x64
		{7961E60C-E160-42A1-AA9F-9B1C05161347}.Debug|x86.ActiveCfg = Debug|x86
		{7961E60C-E160-42A1-AA9F-9B1C05161347}.Debug|x86.Build.0 = Debug|x86
		{7961E60C-E160-42A1-AA9F-9B1C05161347}.DebugRelease|Any CPU.ActiveCfg = Release|Any CPU
		{7961E60C-E160-42A1-AA9F-9B1C05161347}.DebugRelease|Any CPU.Build.0 = Release|Any CPU
		{7961E60C-E160-42A1-AA9F-9B1C05161347}.DebugRelease|x64.ActiveCfg = Release|x64
		{7961E60C-E160-42A1-AA9F-9B1C05161347}.DebugRelease|x64.Build.0 = Release|x64
		{7961E60C-E160-42A1-AA9F-9B1C05161347}.DebugRelease|x86.ActiveCfg = Release|x86
		{7961E60C-E160-42A1-AA9F-9B1C05161347}.DebugRelease|x86.Build.0 = Release|x86
		{7961E60C-E160-42A1-AA9F-9B1C05161347}.Release|Any CPU.ActiveCfg = Release|Any CPU
		{7961E60C-E160-42A1-AA9F-9B1C05161347}.Release|Any CPU.Build.0 = Release|Any CPU
		{7961E60C-E160-42A1-AA9F-9B1C05161347}.Release|x64.ActiveCfg = Release|x64
		{7961E60C-E160-42A1-AA9F-9B1C05161347}.Release|x64.Build.0 = Release|x64
		{7961E60C-E160-42A1-AA9F-9B1C05161347}.Release|x86.ActiveCfg = Release|x86
		{7961E60C-E160-42A1-AA9F-9B1C05161347}.Release|x86.Build.0 = Release|x86
		{FE78C54E-3C88-4A62-B1DF-96B86AC009F6}.Debug|Any CPU.ActiveCfg = Debug|Any CPU
		{FE78C54E-3C88-4A62-B1DF-96B86AC009F6}.Debug|Any CPU.Build.0 = Debug|Any CPU
		{FE78C54E-3C88-4A62-B1DF-96B86AC009F6}.Debug|x64.ActiveCfg = Debug|x64
		{FE78C54E-3C88-4A62-B1DF-96B86AC009F6}.Debug|x64.Build.0 = Debug|x64
		{FE78C54E-3C88-4A62-B1DF-96B86AC009F6}.Debug|x86.ActiveCfg = Debug|x86
		{FE78C54E-3C88-4A62-B1DF-96B86AC009F6}.Debug|x86.Build.0 = Debug|x86
		{FE78C54E-3C88-4A62-B1DF-96B86AC009F6}.DebugRelease|Any CPU.ActiveCfg = Release|Any CPU
		{FE78C54E-3C88-4A62-B1DF-96B86AC009F6}.DebugRelease|Any CPU.Build.0 = Release|Any CPU
		{FE78C54E-3C88-4A62-B1DF-96B86AC009F6}.DebugRelease|x64.ActiveCfg = Release|x64
		{FE78C54E-3C88-4A62-B1DF-96B86AC009F6}.DebugRelease|x64.Build.0 = Release|x64
		{FE78C54E-3C88-4A62-B1DF-96B86AC009F6}.DebugRelease|x86.ActiveCfg = Release|x86
		{FE78C54E-3C88-4A62-B1DF-96B86AC009F6}.DebugRelease|x86.Build.0 = Release|x86
		{FE78C54E-3C88-4A62-B1DF-96B86AC009F6}.Release|Any CPU.ActiveCfg = Release|Any CPU
		{FE78C54E-3C88-4A62-B1DF-96B86AC009F6}.Release|Any CPU.Build.0 = Release|Any CPU
		{FE78C54E-3C88-4A62-B1DF-96B86AC009F6}.Release|x64.ActiveCfg = Release|x64
		{FE78C54E-3C88-4A62-B1DF-96B86AC009F6}.Release|x64.Build.0 = Release|x64
		{FE78C54E-3C88-4A62-B1DF-96B86AC009F6}.Release|x86.ActiveCfg = Release|x86
		{FE78C54E-3C88-4A62-B1DF-96B86AC009F6}.Release|x86.Build.0 = Release|x86
		{CB83115D-78BA-490D-AABD-31949F013F78}.Debug|Any CPU.ActiveCfg = Debug|Win32
		{CB83115D-78BA-490D-AABD-31949F013F78}.Debug|Any CPU.Build.0 = Debug|Win32
		{CB83115D-78BA-490D-AABD-31949F013F78}.Debug|x64.ActiveCfg = Debug|x64
		{CB83115D-78BA-490D-AABD-31949F013F78}.Debug|x64.Build.0 = Debug|x64
		{CB83115D-78BA-490D-AABD-31949F013F78}.Debug|x86.ActiveCfg = Debug|Win32
		{CB83115D-78BA-490D-AABD-31949F013F78}.Debug|x86.Build.0 = Debug|Win32
		{CB83115D-78BA-490D-AABD-31949F013F78}.DebugRelease|Any CPU.ActiveCfg = Release|x64
		{CB83115D-78BA-490D-AABD-31949F013F78}.DebugRelease|Any CPU.Build.0 = Release|x64
		{CB83115D-78BA-490D-AABD-31949F013F78}.DebugRelease|x64.ActiveCfg = Release|x64
		{CB83115D-78BA-490D-AABD-31949F013F78}.DebugRelease|x64.Build.0 = Release|x64
		{CB83115D-78BA-490D-AABD-31949F013F78}.DebugRelease|x86.ActiveCfg = Release|Win32
		{CB83115D-78BA-490D-AABD-31949F013F78}.DebugRelease|x86.Build.0 = Release|Win32
		{CB83115D-78BA-490D-AABD-31949F013F78}.Release|Any CPU.ActiveCfg = Release|Win32
		{CB83115D-78BA-490D-AABD-31949F013F78}.Release|Any CPU.Build.0 = Release|Win32
		{CB83115D-78BA-490D-AABD-31949F013F78}.Release|x64.ActiveCfg = Release|x64
		{CB83115D-78BA-490D-AABD-31949F013F78}.Release|x64.Build.0 = Release|x64
		{CB83115D-78BA-490D-AABD-31949F013F78}.Release|x86.ActiveCfg = Release|Win32
		{CB83115D-78BA-490D-AABD-31949F013F78}.Release|x86.Build.0 = Release|Win32
		{C7FA38D2-42A1-4AD4-8EB2-B9BC9414E321}.Debug|Any CPU.ActiveCfg = Debug|Any CPU
		{C7FA38D2-42A1-4AD4-8EB2-B9BC9414E321}.Debug|Any CPU.Build.0 = Debug|Any CPU
		{C7FA38D2-42A1-4AD4-8EB2-B9BC9414E321}.Debug|x64.ActiveCfg = Debug|x64
		{C7FA38D2-42A1-4AD4-8EB2-B9BC9414E321}.Debug|x64.Build.0 = Debug|x64
		{C7FA38D2-42A1-4AD4-8EB2-B9BC9414E321}.Debug|x86.ActiveCfg = Debug|x86
		{C7FA38D2-42A1-4AD4-8EB2-B9BC9414E321}.Debug|x86.Build.0 = Debug|x86
		{C7FA38D2-42A1-4AD4-8EB2-B9BC9414E321}.DebugRelease|Any CPU.ActiveCfg = Release|Any CPU
		{C7FA38D2-42A1-4AD4-8EB2-B9BC9414E321}.DebugRelease|Any CPU.Build.0 = Release|Any CPU
		{C7FA38D2-42A1-4AD4-8EB2-B9BC9414E321}.DebugRelease|x64.ActiveCfg = Release|x64
		{C7FA38D2-42A1-4AD4-8EB2-B9BC9414E321}.DebugRelease|x64.Build.0 = Release|x64
		{C7FA38D2-42A1-4AD4-8EB2-B9BC9414E321}.DebugRelease|x86.ActiveCfg = Release|x86
		{C7FA38D2-42A1-4AD4-8EB2-B9BC9414E321}.DebugRelease|x86.Build.0 = Release|x86
		{C7FA38D2-42A1-4AD4-8EB2-B9BC9414E321}.Release|Any CPU.ActiveCfg = Release|Any CPU
		{C7FA38D2-42A1-4AD4-8EB2-B9BC9414E321}.Release|Any CPU.Build.0 = Release|Any CPU
		{C7FA38D2-42A1-4AD4-8EB2-B9BC9414E321}.Release|x64.ActiveCfg = Release|x64
		{C7FA38D2-42A1-4AD4-8EB2-B9BC9414E321}.Release|x64.Build.0 = Release|x64
		{C7FA38D2-42A1-4AD4-8EB2-B9BC9414E321}.Release|x86.ActiveCfg = Release|x86
		{C7FA38D2-42A1-4AD4-8EB2-B9BC9414E321}.Release|x86.Build.0 = Release|x86
		{3C7B0355-16BC-406F-89BC-229D62D8654B}.Debug|Any CPU.ActiveCfg = Debug|Any CPU
		{3C7B0355-16BC-406F-89BC-229D62D8654B}.Debug|Any CPU.Build.0 = Debug|Any CPU
		{3C7B0355-16BC-406F-89BC-229D62D8654B}.Debug|x64.ActiveCfg = Debug|x64
		{3C7B0355-16BC-406F-89BC-229D62D8654B}.Debug|x64.Build.0 = Debug|x64
		{3C7B0355-16BC-406F-89BC-229D62D8654B}.Debug|x86.ActiveCfg = Debug|x86
		{3C7B0355-16BC-406F-89BC-229D62D8654B}.Debug|x86.Build.0 = Debug|x86
		{3C7B0355-16BC-406F-89BC-229D62D8654B}.DebugRelease|Any CPU.ActiveCfg = Release|Any CPU
		{3C7B0355-16BC-406F-89BC-229D62D8654B}.DebugRelease|Any CPU.Build.0 = Release|Any CPU
		{3C7B0355-16BC-406F-89BC-229D62D8654B}.DebugRelease|x64.ActiveCfg = Release|x64
		{3C7B0355-16BC-406F-89BC-229D62D8654B}.DebugRelease|x64.Build.0 = Release|x64
		{3C7B0355-16BC-406F-89BC-229D62D8654B}.DebugRelease|x86.ActiveCfg = Release|x86
		{3C7B0355-16BC-406F-89BC-229D62D8654B}.DebugRelease|x86.Build.0 = Release|x86
		{3C7B0355-16BC-406F-89BC-229D62D8654B}.Release|Any CPU.ActiveCfg = Release|Any CPU
		{3C7B0355-16BC-406F-89BC-229D62D8654B}.Release|Any CPU.Build.0 = Release|Any CPU
		{3C7B0355-16BC-406F-89BC-229D62D8654B}.Release|x64.ActiveCfg = Release|x64
		{3C7B0355-16BC-406F-89BC-229D62D8654B}.Release|x64.Build.0 = Release|x64
		{3C7B0355-16BC-406F-89BC-229D62D8654B}.Release|x86.ActiveCfg = Release|x86
		{3C7B0355-16BC-406F-89BC-229D62D8654B}.Release|x86.Build.0 = Release|x86
		{C6BD898B-B32A-417C-9529-B25877139EE1}.Debug|Any CPU.ActiveCfg = Debug|Any CPU
		{C6BD898B-B32A-417C-9529-B25877139EE1}.Debug|Any CPU.Build.0 = Debug|Any CPU
		{C6BD898B-B32A-417C-9529-B25877139EE1}.Debug|x64.ActiveCfg = Debug|x64
		{C6BD898B-B32A-417C-9529-B25877139EE1}.Debug|x64.Build.0 = Debug|x64
		{C6BD898B-B32A-417C-9529-B25877139EE1}.Debug|x86.ActiveCfg = Debug|x86
		{C6BD898B-B32A-417C-9529-B25877139EE1}.Debug|x86.Build.0 = Debug|x86
		{C6BD898B-B32A-417C-9529-B25877139EE1}.DebugRelease|Any CPU.ActiveCfg = Release|Any CPU
		{C6BD898B-B32A-417C-9529-B25877139EE1}.DebugRelease|Any CPU.Build.0 = Release|Any CPU
		{C6BD898B-B32A-417C-9529-B25877139EE1}.DebugRelease|x64.ActiveCfg = Release|x64
		{C6BD898B-B32A-417C-9529-B25877139EE1}.DebugRelease|x64.Build.0 = Release|x64
		{C6BD898B-B32A-417C-9529-B25877139EE1}.DebugRelease|x86.ActiveCfg = Release|x86
		{C6BD898B-B32A-417C-9529-B25877139EE1}.DebugRelease|x86.Build.0 = Release|x86
		{C6BD898B-B32A-417C-9529-B25877139EE1}.Release|Any CPU.ActiveCfg = Release|Any CPU
		{C6BD898B-B32A-417C-9529-B25877139EE1}.Release|Any CPU.Build.0 = Release|Any CPU
		{C6BD898B-B32A-417C-9529-B25877139EE1}.Release|x64.ActiveCfg = Release|x64
		{C6BD898B-B32A-417C-9529-B25877139EE1}.Release|x64.Build.0 = Release|x64
		{C6BD898B-B32A-417C-9529-B25877139EE1}.Release|x86.ActiveCfg = Release|x86
		{C6BD898B-B32A-417C-9529-B25877139EE1}.Release|x86.Build.0 = Release|x86
		{5CA53C31-44C8-47EE-B332-CC7F42E646A9}.Debug|Any CPU.ActiveCfg = Debug|Any CPU
		{5CA53C31-44C8-47EE-B332-CC7F42E646A9}.Debug|Any CPU.Build.0 = Debug|Any CPU
		{5CA53C31-44C8-47EE-B332-CC7F42E646A9}.Debug|x64.ActiveCfg = Debug|x64
		{5CA53C31-44C8-47EE-B332-CC7F42E646A9}.Debug|x64.Build.0 = Debug|x64
		{5CA53C31-44C8-47EE-B332-CC7F42E646A9}.Debug|x86.ActiveCfg = Debug|x86
		{5CA53C31-44C8-47EE-B332-CC7F42E646A9}.Debug|x86.Build.0 = Debug|x86
		{5CA53C31-44C8-47EE-B332-CC7F42E646A9}.DebugRelease|Any CPU.ActiveCfg = Release|Any CPU
		{5CA53C31-44C8-47EE-B332-CC7F42E646A9}.DebugRelease|Any CPU.Build.0 = Release|Any CPU
		{5CA53C31-44C8-47EE-B332-CC7F42E646A9}.DebugRelease|x64.ActiveCfg = Release|x64
		{5CA53C31-44C8-47EE-B332-CC7F42E646A9}.DebugRelease|x64.Build.0 = Release|x64
		{5CA53C31-44C8-47EE-B332-CC7F42E646A9}.DebugRelease|x86.ActiveCfg = Release|x86
		{5CA53C31-44C8-47EE-B332-CC7F42E646A9}.DebugRelease|x86.Build.0 = Release|x86
		{5CA53C31-44C8-47EE-B332-CC7F42E646A9}.Release|Any CPU.ActiveCfg = Release|Any CPU
		{5CA53C31-44C8-47EE-B332-CC7F42E646A9}.Release|Any CPU.Build.0 = Release|Any CPU
		{5CA53C31-44C8-47EE-B332-CC7F42E646A9}.Release|x64.ActiveCfg = Release|x64
		{5CA53C31-44C8-47EE-B332-CC7F42E646A9}.Release|x64.Build.0 = Release|x64
		{5CA53C31-44C8-47EE-B332-CC7F42E646A9}.Release|x86.ActiveCfg = Release|x86
		{5CA53C31-44C8-47EE-B332-CC7F42E646A9}.Release|x86.Build.0 = Release|x86
		{E538FDBD-CCF1-4E20-A763-0C3CDA9D6335}.Debug|Any CPU.ActiveCfg = Debug|Any CPU
		{E538FDBD-CCF1-4E20-A763-0C3CDA9D6335}.Debug|Any CPU.Build.0 = Debug|Any CPU
		{E538FDBD-CCF1-4E20-A763-0C3CDA9D6335}.Debug|x64.ActiveCfg = Debug|x64
		{E538FDBD-CCF1-4E20-A763-0C3CDA9D6335}.Debug|x64.Build.0 = Debug|x64
		{E538FDBD-CCF1-4E20-A763-0C3CDA9D6335}.Debug|x86.ActiveCfg = Debug|x86
		{E538FDBD-CCF1-4E20-A763-0C3CDA9D6335}.Debug|x86.Build.0 = Debug|x86
		{E538FDBD-CCF1-4E20-A763-0C3CDA9D6335}.DebugRelease|Any CPU.ActiveCfg = Release|Any CPU
		{E538FDBD-CCF1-4E20-A763-0C3CDA9D6335}.DebugRelease|Any CPU.Build.0 = Release|Any CPU
		{E538FDBD-CCF1-4E20-A763-0C3CDA9D6335}.DebugRelease|x64.ActiveCfg = Release|x64
		{E538FDBD-CCF1-4E20-A763-0C3CDA9D6335}.DebugRelease|x64.Build.0 = Release|x64
		{E538FDBD-CCF1-4E20-A763-0C3CDA9D6335}.DebugRelease|x86.ActiveCfg = Release|x86
		{E538FDBD-CCF1-4E20-A763-0C3CDA9D6335}.DebugRelease|x86.Build.0 = Release|x86
		{E538FDBD-CCF1-4E20-A763-0C3CDA9D6335}.Release|Any CPU.ActiveCfg = Release|Any CPU
		{E538FDBD-CCF1-4E20-A763-0C3CDA9D6335}.Release|Any CPU.Build.0 = Release|Any CPU
		{E538FDBD-CCF1-4E20-A763-0C3CDA9D6335}.Release|x64.ActiveCfg = Release|x64
		{E538FDBD-CCF1-4E20-A763-0C3CDA9D6335}.Release|x64.Build.0 = Release|x64
		{E538FDBD-CCF1-4E20-A763-0C3CDA9D6335}.Release|x86.ActiveCfg = Release|x86
		{E538FDBD-CCF1-4E20-A763-0C3CDA9D6335}.Release|x86.Build.0 = Release|x86
		{01FA453A-86CA-4EC5-A0E9-266FEE14775C}.Debug|Any CPU.ActiveCfg = Debug|Any CPU
		{01FA453A-86CA-4EC5-A0E9-266FEE14775C}.Debug|Any CPU.Build.0 = Debug|Any CPU
		{01FA453A-86CA-4EC5-A0E9-266FEE14775C}.Debug|x64.ActiveCfg = Debug|x64
		{01FA453A-86CA-4EC5-A0E9-266FEE14775C}.Debug|x64.Build.0 = Debug|x64
		{01FA453A-86CA-4EC5-A0E9-266FEE14775C}.Debug|x86.ActiveCfg = Debug|x86
		{01FA453A-86CA-4EC5-A0E9-266FEE14775C}.Debug|x86.Build.0 = Debug|x86
		{01FA453A-86CA-4EC5-A0E9-266FEE14775C}.DebugRelease|Any CPU.ActiveCfg = Release|Any CPU
		{01FA453A-86CA-4EC5-A0E9-266FEE14775C}.DebugRelease|Any CPU.Build.0 = Release|Any CPU
		{01FA453A-86CA-4EC5-A0E9-266FEE14775C}.DebugRelease|x64.ActiveCfg = Release|x64
		{01FA453A-86CA-4EC5-A0E9-266FEE14775C}.DebugRelease|x64.Build.0 = Release|x64
		{01FA453A-86CA-4EC5-A0E9-266FEE14775C}.DebugRelease|x86.ActiveCfg = Release|x86
		{01FA453A-86CA-4EC5-A0E9-266FEE14775C}.DebugRelease|x86.Build.0 = Release|x86
		{01FA453A-86CA-4EC5-A0E9-266FEE14775C}.Release|Any CPU.ActiveCfg = Release|Any CPU
		{01FA453A-86CA-4EC5-A0E9-266FEE14775C}.Release|Any CPU.Build.0 = Release|Any CPU
		{01FA453A-86CA-4EC5-A0E9-266FEE14775C}.Release|x64.ActiveCfg = Release|x64
		{01FA453A-86CA-4EC5-A0E9-266FEE14775C}.Release|x64.Build.0 = Release|x64
		{01FA453A-86CA-4EC5-A0E9-266FEE14775C}.Release|x86.ActiveCfg = Release|x86
		{01FA453A-86CA-4EC5-A0E9-266FEE14775C}.Release|x86.Build.0 = Release|x86
		{33AD10FD-FB09-4603-9C79-8116B668F1E9}.Debug|Any CPU.ActiveCfg = Debug|Any CPU
		{33AD10FD-FB09-4603-9C79-8116B668F1E9}.Debug|Any CPU.Build.0 = Debug|Any CPU
		{33AD10FD-FB09-4603-9C79-8116B668F1E9}.Debug|x64.ActiveCfg = Debug|x64
		{33AD10FD-FB09-4603-9C79-8116B668F1E9}.Debug|x64.Build.0 = Debug|x64
		{33AD10FD-FB09-4603-9C79-8116B668F1E9}.Debug|x86.ActiveCfg = Debug|x86
		{33AD10FD-FB09-4603-9C79-8116B668F1E9}.Debug|x86.Build.0 = Debug|x86
		{33AD10FD-FB09-4603-9C79-8116B668F1E9}.DebugRelease|Any CPU.ActiveCfg = Release|Any CPU
		{33AD10FD-FB09-4603-9C79-8116B668F1E9}.DebugRelease|Any CPU.Build.0 = Release|Any CPU
		{33AD10FD-FB09-4603-9C79-8116B668F1E9}.DebugRelease|x64.ActiveCfg = Release|x64
		{33AD10FD-FB09-4603-9C79-8116B668F1E9}.DebugRelease|x64.Build.0 = Release|x64
		{33AD10FD-FB09-4603-9C79-8116B668F1E9}.DebugRelease|x86.ActiveCfg = Release|x86
		{33AD10FD-FB09-4603-9C79-8116B668F1E9}.DebugRelease|x86.Build.0 = Release|x86
		{33AD10FD-FB09-4603-9C79-8116B668F1E9}.Release|Any CPU.ActiveCfg = Release|Any CPU
		{33AD10FD-FB09-4603-9C79-8116B668F1E9}.Release|Any CPU.Build.0 = Release|Any CPU
		{33AD10FD-FB09-4603-9C79-8116B668F1E9}.Release|x64.ActiveCfg = Release|x64
		{33AD10FD-FB09-4603-9C79-8116B668F1E9}.Release|x64.Build.0 = Release|x64
		{33AD10FD-FB09-4603-9C79-8116B668F1E9}.Release|x86.ActiveCfg = Release|x86
		{33AD10FD-FB09-4603-9C79-8116B668F1E9}.Release|x86.Build.0 = Release|x86
		{D88C0012-9188-452A-B93E-2AE040826A0E}.Debug|Any CPU.ActiveCfg = Debug|Any CPU
		{D88C0012-9188-452A-B93E-2AE040826A0E}.Debug|Any CPU.Build.0 = Debug|Any CPU
		{D88C0012-9188-452A-B93E-2AE040826A0E}.Debug|x64.ActiveCfg = Debug|x64
		{D88C0012-9188-452A-B93E-2AE040826A0E}.Debug|x64.Build.0 = Debug|x64
		{D88C0012-9188-452A-B93E-2AE040826A0E}.Debug|x86.ActiveCfg = Debug|x86
		{D88C0012-9188-452A-B93E-2AE040826A0E}.Debug|x86.Build.0 = Debug|x86
		{D88C0012-9188-452A-B93E-2AE040826A0E}.DebugRelease|Any CPU.ActiveCfg = Release|Any CPU
		{D88C0012-9188-452A-B93E-2AE040826A0E}.DebugRelease|Any CPU.Build.0 = Release|Any CPU
		{D88C0012-9188-452A-B93E-2AE040826A0E}.DebugRelease|x64.ActiveCfg = Release|x64
		{D88C0012-9188-452A-B93E-2AE040826A0E}.DebugRelease|x64.Build.0 = Release|x64
		{D88C0012-9188-452A-B93E-2AE040826A0E}.DebugRelease|x86.ActiveCfg = Release|x86
		{D88C0012-9188-452A-B93E-2AE040826A0E}.DebugRelease|x86.Build.0 = Release|x86
		{D88C0012-9188-452A-B93E-2AE040826A0E}.Release|Any CPU.ActiveCfg = Release|Any CPU
		{D88C0012-9188-452A-B93E-2AE040826A0E}.Release|Any CPU.Build.0 = Release|Any CPU
		{D88C0012-9188-452A-B93E-2AE040826A0E}.Release|x64.ActiveCfg = Release|x64
		{D88C0012-9188-452A-B93E-2AE040826A0E}.Release|x64.Build.0 = Release|x64
		{D88C0012-9188-452A-B93E-2AE040826A0E}.Release|x86.ActiveCfg = Release|x86
		{D88C0012-9188-452A-B93E-2AE040826A0E}.Release|x86.Build.0 = Release|x86
		{EE2DCA9B-E113-4E39-8833-338C37AE1188}.Debug|Any CPU.ActiveCfg = Debug|Any CPU
		{EE2DCA9B-E113-4E39-8833-338C37AE1188}.Debug|Any CPU.Build.0 = Debug|Any CPU
		{EE2DCA9B-E113-4E39-8833-338C37AE1188}.Debug|x64.ActiveCfg = Debug|x64
		{EE2DCA9B-E113-4E39-8833-338C37AE1188}.Debug|x64.Build.0 = Debug|x64
		{EE2DCA9B-E113-4E39-8833-338C37AE1188}.Debug|x86.ActiveCfg = Debug|x86
		{EE2DCA9B-E113-4E39-8833-338C37AE1188}.Debug|x86.Build.0 = Debug|x86
		{EE2DCA9B-E113-4E39-8833-338C37AE1188}.DebugRelease|Any CPU.ActiveCfg = Release|Any CPU
		{EE2DCA9B-E113-4E39-8833-338C37AE1188}.DebugRelease|Any CPU.Build.0 = Release|Any CPU
		{EE2DCA9B-E113-4E39-8833-338C37AE1188}.DebugRelease|x64.ActiveCfg = Release|x64
		{EE2DCA9B-E113-4E39-8833-338C37AE1188}.DebugRelease|x64.Build.0 = Release|x64
		{EE2DCA9B-E113-4E39-8833-338C37AE1188}.DebugRelease|x86.ActiveCfg = Release|x86
		{EE2DCA9B-E113-4E39-8833-338C37AE1188}.DebugRelease|x86.Build.0 = Release|x86
		{EE2DCA9B-E113-4E39-8833-338C37AE1188}.Release|Any CPU.ActiveCfg = Release|Any CPU
		{EE2DCA9B-E113-4E39-8833-338C37AE1188}.Release|Any CPU.Build.0 = Release|Any CPU
		{EE2DCA9B-E113-4E39-8833-338C37AE1188}.Release|x64.ActiveCfg = Release|x64
		{EE2DCA9B-E113-4E39-8833-338C37AE1188}.Release|x64.Build.0 = Release|x64
		{EE2DCA9B-E113-4E39-8833-338C37AE1188}.Release|x86.ActiveCfg = Release|x86
		{EE2DCA9B-E113-4E39-8833-338C37AE1188}.Release|x86.Build.0 = Release|x86
		{644C1578-87F0-420C-AE12-EEDD8F5EB9B8}.Debug|Any CPU.ActiveCfg = Debug|Any CPU
		{644C1578-87F0-420C-AE12-EEDD8F5EB9B8}.Debug|Any CPU.Build.0 = Debug|Any CPU
		{644C1578-87F0-420C-AE12-EEDD8F5EB9B8}.Debug|x64.ActiveCfg = Debug|x64
		{644C1578-87F0-420C-AE12-EEDD8F5EB9B8}.Debug|x64.Build.0 = Debug|x64
		{644C1578-87F0-420C-AE12-EEDD8F5EB9B8}.Debug|x86.ActiveCfg = Debug|x86
		{644C1578-87F0-420C-AE12-EEDD8F5EB9B8}.Debug|x86.Build.0 = Debug|x86
		{644C1578-87F0-420C-AE12-EEDD8F5EB9B8}.DebugRelease|Any CPU.ActiveCfg = Release|Any CPU
		{644C1578-87F0-420C-AE12-EEDD8F5EB9B8}.DebugRelease|Any CPU.Build.0 = Release|Any CPU
		{644C1578-87F0-420C-AE12-EEDD8F5EB9B8}.DebugRelease|x64.ActiveCfg = Release|x64
		{644C1578-87F0-420C-AE12-EEDD8F5EB9B8}.DebugRelease|x64.Build.0 = Release|x64
		{644C1578-87F0-420C-AE12-EEDD8F5EB9B8}.DebugRelease|x86.ActiveCfg = Release|x86
		{644C1578-87F0-420C-AE12-EEDD8F5EB9B8}.DebugRelease|x86.Build.0 = Release|x86
		{644C1578-87F0-420C-AE12-EEDD8F5EB9B8}.Release|Any CPU.ActiveCfg = Release|Any CPU
		{644C1578-87F0-420C-AE12-EEDD8F5EB9B8}.Release|Any CPU.Build.0 = Release|Any CPU
		{644C1578-87F0-420C-AE12-EEDD8F5EB9B8}.Release|x64.ActiveCfg = Release|x64
		{644C1578-87F0-420C-AE12-EEDD8F5EB9B8}.Release|x64.Build.0 = Release|x64
		{644C1578-87F0-420C-AE12-EEDD8F5EB9B8}.Release|x86.ActiveCfg = Release|x86
		{644C1578-87F0-420C-AE12-EEDD8F5EB9B8}.Release|x86.Build.0 = Release|x86
		{C7E0AD59-48B2-4202-8965-467AF425D739}.Debug|Any CPU.ActiveCfg = Debug|Any CPU
		{C7E0AD59-48B2-4202-8965-467AF425D739}.Debug|Any CPU.Build.0 = Debug|Any CPU
		{C7E0AD59-48B2-4202-8965-467AF425D739}.Debug|x64.ActiveCfg = Debug|x64
		{C7E0AD59-48B2-4202-8965-467AF425D739}.Debug|x64.Build.0 = Debug|x64
		{C7E0AD59-48B2-4202-8965-467AF425D739}.Debug|x86.ActiveCfg = Debug|x86
		{C7E0AD59-48B2-4202-8965-467AF425D739}.Debug|x86.Build.0 = Debug|x86
		{C7E0AD59-48B2-4202-8965-467AF425D739}.DebugRelease|Any CPU.ActiveCfg = Release|Any CPU
		{C7E0AD59-48B2-4202-8965-467AF425D739}.DebugRelease|Any CPU.Build.0 = Release|Any CPU
		{C7E0AD59-48B2-4202-8965-467AF425D739}.DebugRelease|x64.ActiveCfg = Release|x64
		{C7E0AD59-48B2-4202-8965-467AF425D739}.DebugRelease|x64.Build.0 = Release|x64
		{C7E0AD59-48B2-4202-8965-467AF425D739}.DebugRelease|x86.ActiveCfg = Release|x86
		{C7E0AD59-48B2-4202-8965-467AF425D739}.DebugRelease|x86.Build.0 = Release|x86
		{C7E0AD59-48B2-4202-8965-467AF425D739}.Release|Any CPU.ActiveCfg = Release|Any CPU
		{C7E0AD59-48B2-4202-8965-467AF425D739}.Release|Any CPU.Build.0 = Release|Any CPU
		{C7E0AD59-48B2-4202-8965-467AF425D739}.Release|x64.ActiveCfg = Release|x64
		{C7E0AD59-48B2-4202-8965-467AF425D739}.Release|x64.Build.0 = Release|x64
		{C7E0AD59-48B2-4202-8965-467AF425D739}.Release|x86.ActiveCfg = Release|x86
		{C7E0AD59-48B2-4202-8965-467AF425D739}.Release|x86.Build.0 = Release|x86
		{1FC3CF78-663A-4489-8C2F-948BCB42E96D}.Debug|Any CPU.ActiveCfg = Debug|Any CPU
		{1FC3CF78-663A-4489-8C2F-948BCB42E96D}.Debug|Any CPU.Build.0 = Debug|Any CPU
		{1FC3CF78-663A-4489-8C2F-948BCB42E96D}.Debug|x64.ActiveCfg = Debug|x64
		{1FC3CF78-663A-4489-8C2F-948BCB42E96D}.Debug|x64.Build.0 = Debug|x64
		{1FC3CF78-663A-4489-8C2F-948BCB42E96D}.Debug|x86.ActiveCfg = Debug|x86
		{1FC3CF78-663A-4489-8C2F-948BCB42E96D}.Debug|x86.Build.0 = Debug|x86
		{1FC3CF78-663A-4489-8C2F-948BCB42E96D}.DebugRelease|Any CPU.ActiveCfg = Release|Any CPU
		{1FC3CF78-663A-4489-8C2F-948BCB42E96D}.DebugRelease|Any CPU.Build.0 = Release|Any CPU
		{1FC3CF78-663A-4489-8C2F-948BCB42E96D}.DebugRelease|x64.ActiveCfg = Release|x64
		{1FC3CF78-663A-4489-8C2F-948BCB42E96D}.DebugRelease|x64.Build.0 = Release|x64
		{1FC3CF78-663A-4489-8C2F-948BCB42E96D}.DebugRelease|x86.ActiveCfg = Release|x86
		{1FC3CF78-663A-4489-8C2F-948BCB42E96D}.DebugRelease|x86.Build.0 = Release|x86
		{1FC3CF78-663A-4489-8C2F-948BCB42E96D}.Release|Any CPU.ActiveCfg = Release|Any CPU
		{1FC3CF78-663A-4489-8C2F-948BCB42E96D}.Release|Any CPU.Build.0 = Release|Any CPU
		{1FC3CF78-663A-4489-8C2F-948BCB42E96D}.Release|x64.ActiveCfg = Release|x64
		{1FC3CF78-663A-4489-8C2F-948BCB42E96D}.Release|x64.Build.0 = Release|x64
		{1FC3CF78-663A-4489-8C2F-948BCB42E96D}.Release|x86.ActiveCfg = Release|x86
		{1FC3CF78-663A-4489-8C2F-948BCB42E96D}.Release|x86.Build.0 = Release|x86
		{0D5A5413-CDE7-4C61-A847-E99F949E5392}.Debug|Any CPU.ActiveCfg = Debug|Any CPU
		{0D5A5413-CDE7-4C61-A847-E99F949E5392}.Debug|Any CPU.Build.0 = Debug|Any CPU
		{0D5A5413-CDE7-4C61-A847-E99F949E5392}.Debug|x64.ActiveCfg = Debug|x64
		{0D5A5413-CDE7-4C61-A847-E99F949E5392}.Debug|x64.Build.0 = Debug|x64
		{0D5A5413-CDE7-4C61-A847-E99F949E5392}.Debug|x86.ActiveCfg = Debug|x86
		{0D5A5413-CDE7-4C61-A847-E99F949E5392}.Debug|x86.Build.0 = Debug|x86
		{0D5A5413-CDE7-4C61-A847-E99F949E5392}.DebugRelease|Any CPU.ActiveCfg = Release|Any CPU
		{0D5A5413-CDE7-4C61-A847-E99F949E5392}.DebugRelease|Any CPU.Build.0 = Release|Any CPU
		{0D5A5413-CDE7-4C61-A847-E99F949E5392}.DebugRelease|x64.ActiveCfg = Release|x64
		{0D5A5413-CDE7-4C61-A847-E99F949E5392}.DebugRelease|x64.Build.0 = Release|x64
		{0D5A5413-CDE7-4C61-A847-E99F949E5392}.DebugRelease|x86.ActiveCfg = Release|x86
		{0D5A5413-CDE7-4C61-A847-E99F949E5392}.DebugRelease|x86.Build.0 = Release|x86
		{0D5A5413-CDE7-4C61-A847-E99F949E5392}.Release|Any CPU.ActiveCfg = Release|Any CPU
		{0D5A5413-CDE7-4C61-A847-E99F949E5392}.Release|Any CPU.Build.0 = Release|Any CPU
		{0D5A5413-CDE7-4C61-A847-E99F949E5392}.Release|x64.ActiveCfg = Release|x64
		{0D5A5413-CDE7-4C61-A847-E99F949E5392}.Release|x64.Build.0 = Release|x64
		{0D5A5413-CDE7-4C61-A847-E99F949E5392}.Release|x86.ActiveCfg = Release|x86
		{0D5A5413-CDE7-4C61-A847-E99F949E5392}.Release|x86.Build.0 = Release|x86
		{DDFED30C-0590-418A-8139-D1835B56E12A}.Debug|Any CPU.ActiveCfg = Debug|Any CPU
		{DDFED30C-0590-418A-8139-D1835B56E12A}.Debug|Any CPU.Build.0 = Debug|Any CPU
		{DDFED30C-0590-418A-8139-D1835B56E12A}.Debug|x64.ActiveCfg = Debug|x64
		{DDFED30C-0590-418A-8139-D1835B56E12A}.Debug|x64.Build.0 = Debug|x64
		{DDFED30C-0590-418A-8139-D1835B56E12A}.Debug|x86.ActiveCfg = Debug|x86
		{DDFED30C-0590-418A-8139-D1835B56E12A}.Debug|x86.Build.0 = Debug|x86
		{DDFED30C-0590-418A-8139-D1835B56E12A}.DebugRelease|Any CPU.ActiveCfg = Release|Any CPU
		{DDFED30C-0590-418A-8139-D1835B56E12A}.DebugRelease|Any CPU.Build.0 = Release|Any CPU
		{DDFED30C-0590-418A-8139-D1835B56E12A}.DebugRelease|x64.ActiveCfg = Release|x64
		{DDFED30C-0590-418A-8139-D1835B56E12A}.DebugRelease|x64.Build.0 = Release|x64
		{DDFED30C-0590-418A-8139-D1835B56E12A}.DebugRelease|x86.ActiveCfg = Release|x86
		{DDFED30C-0590-418A-8139-D1835B56E12A}.DebugRelease|x86.Build.0 = Release|x86
		{DDFED30C-0590-418A-8139-D1835B56E12A}.Release|Any CPU.ActiveCfg = Release|Any CPU
		{DDFED30C-0590-418A-8139-D1835B56E12A}.Release|Any CPU.Build.0 = Release|Any CPU
		{DDFED30C-0590-418A-8139-D1835B56E12A}.Release|x64.ActiveCfg = Release|x64
		{DDFED30C-0590-418A-8139-D1835B56E12A}.Release|x64.Build.0 = Release|x64
		{DDFED30C-0590-418A-8139-D1835B56E12A}.Release|x86.ActiveCfg = Release|x86
		{DDFED30C-0590-418A-8139-D1835B56E12A}.Release|x86.Build.0 = Release|x86
		{5540E418-2C38-43CA-93BD-5BF2D48CA093}.Debug|Any CPU.ActiveCfg = Debug|Any CPU
		{5540E418-2C38-43CA-93BD-5BF2D48CA093}.Debug|Any CPU.Build.0 = Debug|Any CPU
		{5540E418-2C38-43CA-93BD-5BF2D48CA093}.Debug|x64.ActiveCfg = Debug|x64
		{5540E418-2C38-43CA-93BD-5BF2D48CA093}.Debug|x64.Build.0 = Debug|x64
		{5540E418-2C38-43CA-93BD-5BF2D48CA093}.Debug|x86.ActiveCfg = Debug|x86
		{5540E418-2C38-43CA-93BD-5BF2D48CA093}.Debug|x86.Build.0 = Debug|x86
		{5540E418-2C38-43CA-93BD-5BF2D48CA093}.DebugRelease|Any CPU.ActiveCfg = Release|Any CPU
		{5540E418-2C38-43CA-93BD-5BF2D48CA093}.DebugRelease|Any CPU.Build.0 = Release|Any CPU
		{5540E418-2C38-43CA-93BD-5BF2D48CA093}.DebugRelease|x64.ActiveCfg = Release|x64
		{5540E418-2C38-43CA-93BD-5BF2D48CA093}.DebugRelease|x64.Build.0 = Release|x64
		{5540E418-2C38-43CA-93BD-5BF2D48CA093}.DebugRelease|x86.ActiveCfg = Release|x86
		{5540E418-2C38-43CA-93BD-5BF2D48CA093}.DebugRelease|x86.Build.0 = Release|x86
		{5540E418-2C38-43CA-93BD-5BF2D48CA093}.Release|Any CPU.ActiveCfg = Release|Any CPU
		{5540E418-2C38-43CA-93BD-5BF2D48CA093}.Release|Any CPU.Build.0 = Release|Any CPU
		{5540E418-2C38-43CA-93BD-5BF2D48CA093}.Release|x64.ActiveCfg = Release|x64
		{5540E418-2C38-43CA-93BD-5BF2D48CA093}.Release|x64.Build.0 = Release|x64
		{5540E418-2C38-43CA-93BD-5BF2D48CA093}.Release|x86.ActiveCfg = Release|x86
		{5540E418-2C38-43CA-93BD-5BF2D48CA093}.Release|x86.Build.0 = Release|x86
		{8FCB1021-2434-4F1C-9E76-278DF4B54B4E}.Debug|Any CPU.ActiveCfg = Debug|Any CPU
		{8FCB1021-2434-4F1C-9E76-278DF4B54B4E}.Debug|Any CPU.Build.0 = Debug|Any CPU
		{8FCB1021-2434-4F1C-9E76-278DF4B54B4E}.Debug|x64.ActiveCfg = Debug|x64
		{8FCB1021-2434-4F1C-9E76-278DF4B54B4E}.Debug|x64.Build.0 = Debug|x64
		{8FCB1021-2434-4F1C-9E76-278DF4B54B4E}.Debug|x86.ActiveCfg = Debug|x86
		{8FCB1021-2434-4F1C-9E76-278DF4B54B4E}.Debug|x86.Build.0 = Debug|x86
		{8FCB1021-2434-4F1C-9E76-278DF4B54B4E}.DebugRelease|Any CPU.ActiveCfg = Release|Any CPU
		{8FCB1021-2434-4F1C-9E76-278DF4B54B4E}.DebugRelease|Any CPU.Build.0 = Release|Any CPU
		{8FCB1021-2434-4F1C-9E76-278DF4B54B4E}.DebugRelease|x64.ActiveCfg = Release|x64
		{8FCB1021-2434-4F1C-9E76-278DF4B54B4E}.DebugRelease|x64.Build.0 = Release|x64
		{8FCB1021-2434-4F1C-9E76-278DF4B54B4E}.DebugRelease|x86.ActiveCfg = Release|x86
		{8FCB1021-2434-4F1C-9E76-278DF4B54B4E}.DebugRelease|x86.Build.0 = Release|x86
		{8FCB1021-2434-4F1C-9E76-278DF4B54B4E}.Release|Any CPU.ActiveCfg = Release|Any CPU
		{8FCB1021-2434-4F1C-9E76-278DF4B54B4E}.Release|Any CPU.Build.0 = Release|Any CPU
		{8FCB1021-2434-4F1C-9E76-278DF4B54B4E}.Release|x64.ActiveCfg = Release|x64
		{8FCB1021-2434-4F1C-9E76-278DF4B54B4E}.Release|x64.Build.0 = Release|x64
		{8FCB1021-2434-4F1C-9E76-278DF4B54B4E}.Release|x86.ActiveCfg = Release|x86
		{8FCB1021-2434-4F1C-9E76-278DF4B54B4E}.Release|x86.Build.0 = Release|x86
		{F2C5AF38-EAD0-4154-9F17-320FAB77EAF0}.Debug|Any CPU.ActiveCfg = Debug|Any CPU
		{F2C5AF38-EAD0-4154-9F17-320FAB77EAF0}.Debug|Any CPU.Build.0 = Debug|Any CPU
		{F2C5AF38-EAD0-4154-9F17-320FAB77EAF0}.Debug|x64.ActiveCfg = Debug|x64
		{F2C5AF38-EAD0-4154-9F17-320FAB77EAF0}.Debug|x64.Build.0 = Debug|x64
		{F2C5AF38-EAD0-4154-9F17-320FAB77EAF0}.Debug|x86.ActiveCfg = Debug|x86
		{F2C5AF38-EAD0-4154-9F17-320FAB77EAF0}.Debug|x86.Build.0 = Debug|x86
		{F2C5AF38-EAD0-4154-9F17-320FAB77EAF0}.DebugRelease|Any CPU.ActiveCfg = Release|Any CPU
		{F2C5AF38-EAD0-4154-9F17-320FAB77EAF0}.DebugRelease|Any CPU.Build.0 = Release|Any CPU
		{F2C5AF38-EAD0-4154-9F17-320FAB77EAF0}.DebugRelease|x64.ActiveCfg = Release|x64
		{F2C5AF38-EAD0-4154-9F17-320FAB77EAF0}.DebugRelease|x64.Build.0 = Release|x64
		{F2C5AF38-EAD0-4154-9F17-320FAB77EAF0}.DebugRelease|x86.ActiveCfg = Release|x86
		{F2C5AF38-EAD0-4154-9F17-320FAB77EAF0}.DebugRelease|x86.Build.0 = Release|x86
		{F2C5AF38-EAD0-4154-9F17-320FAB77EAF0}.Release|Any CPU.ActiveCfg = Release|Any CPU
		{F2C5AF38-EAD0-4154-9F17-320FAB77EAF0}.Release|Any CPU.Build.0 = Release|Any CPU
		{F2C5AF38-EAD0-4154-9F17-320FAB77EAF0}.Release|x64.ActiveCfg = Release|x64
		{F2C5AF38-EAD0-4154-9F17-320FAB77EAF0}.Release|x64.Build.0 = Release|x64
		{F2C5AF38-EAD0-4154-9F17-320FAB77EAF0}.Release|x86.ActiveCfg = Release|x86
		{F2C5AF38-EAD0-4154-9F17-320FAB77EAF0}.Release|x86.Build.0 = Release|x86
		{13310458-D8FE-4F73-BA35-EF5627BBB66C}.Debug|Any CPU.ActiveCfg = Debug|Any CPU
		{13310458-D8FE-4F73-BA35-EF5627BBB66C}.Debug|Any CPU.Build.0 = Debug|Any CPU
		{13310458-D8FE-4F73-BA35-EF5627BBB66C}.Debug|x64.ActiveCfg = Debug|x64
		{13310458-D8FE-4F73-BA35-EF5627BBB66C}.Debug|x64.Build.0 = Debug|x64
		{13310458-D8FE-4F73-BA35-EF5627BBB66C}.Debug|x86.ActiveCfg = Debug|x86
		{13310458-D8FE-4F73-BA35-EF5627BBB66C}.Debug|x86.Build.0 = Debug|x86
		{13310458-D8FE-4F73-BA35-EF5627BBB66C}.DebugRelease|Any CPU.ActiveCfg = Release|Any CPU
		{13310458-D8FE-4F73-BA35-EF5627BBB66C}.DebugRelease|Any CPU.Build.0 = Release|Any CPU
		{13310458-D8FE-4F73-BA35-EF5627BBB66C}.DebugRelease|x64.ActiveCfg = Release|x64
		{13310458-D8FE-4F73-BA35-EF5627BBB66C}.DebugRelease|x64.Build.0 = Release|x64
		{13310458-D8FE-4F73-BA35-EF5627BBB66C}.DebugRelease|x86.ActiveCfg = Release|x86
		{13310458-D8FE-4F73-BA35-EF5627BBB66C}.DebugRelease|x86.Build.0 = Release|x86
		{13310458-D8FE-4F73-BA35-EF5627BBB66C}.Release|Any CPU.ActiveCfg = Release|Any CPU
		{13310458-D8FE-4F73-BA35-EF5627BBB66C}.Release|Any CPU.Build.0 = Release|Any CPU
		{13310458-D8FE-4F73-BA35-EF5627BBB66C}.Release|x64.ActiveCfg = Release|x64
		{13310458-D8FE-4F73-BA35-EF5627BBB66C}.Release|x64.Build.0 = Release|x64
		{13310458-D8FE-4F73-BA35-EF5627BBB66C}.Release|x86.ActiveCfg = Release|x86
		{13310458-D8FE-4F73-BA35-EF5627BBB66C}.Release|x86.Build.0 = Release|x86
		{9BAC842F-54A9-4104-859F-43C8AE7CC8F4}.Debug|Any CPU.ActiveCfg = Debug|Any CPU
		{9BAC842F-54A9-4104-859F-43C8AE7CC8F4}.Debug|Any CPU.Build.0 = Debug|Any CPU
		{9BAC842F-54A9-4104-859F-43C8AE7CC8F4}.Debug|x64.ActiveCfg = Debug|x64
		{9BAC842F-54A9-4104-859F-43C8AE7CC8F4}.Debug|x64.Build.0 = Debug|x64
		{9BAC842F-54A9-4104-859F-43C8AE7CC8F4}.Debug|x86.ActiveCfg = Debug|x86
		{9BAC842F-54A9-4104-859F-43C8AE7CC8F4}.Debug|x86.Build.0 = Debug|x86
		{9BAC842F-54A9-4104-859F-43C8AE7CC8F4}.DebugRelease|Any CPU.ActiveCfg = Release|Any CPU
		{9BAC842F-54A9-4104-859F-43C8AE7CC8F4}.DebugRelease|Any CPU.Build.0 = Release|Any CPU
		{9BAC842F-54A9-4104-859F-43C8AE7CC8F4}.DebugRelease|x64.ActiveCfg = Release|x64
		{9BAC842F-54A9-4104-859F-43C8AE7CC8F4}.DebugRelease|x64.Build.0 = Release|x64
		{9BAC842F-54A9-4104-859F-43C8AE7CC8F4}.DebugRelease|x86.ActiveCfg = Release|x86
		{9BAC842F-54A9-4104-859F-43C8AE7CC8F4}.DebugRelease|x86.Build.0 = Release|x86
		{9BAC842F-54A9-4104-859F-43C8AE7CC8F4}.Release|Any CPU.ActiveCfg = Release|Any CPU
		{9BAC842F-54A9-4104-859F-43C8AE7CC8F4}.Release|Any CPU.Build.0 = Release|Any CPU
		{9BAC842F-54A9-4104-859F-43C8AE7CC8F4}.Release|x64.ActiveCfg = Release|x64
		{9BAC842F-54A9-4104-859F-43C8AE7CC8F4}.Release|x64.Build.0 = Release|x64
		{9BAC842F-54A9-4104-859F-43C8AE7CC8F4}.Release|x86.ActiveCfg = Release|x86
		{9BAC842F-54A9-4104-859F-43C8AE7CC8F4}.Release|x86.Build.0 = Release|x86
		{DF43E1E0-D8B8-44DA-9F4F-D25E161A48EB}.Debug|Any CPU.ActiveCfg = Debug|Win32
		{DF43E1E0-D8B8-44DA-9F4F-D25E161A48EB}.Debug|Any CPU.Build.0 = Debug|Win32
		{DF43E1E0-D8B8-44DA-9F4F-D25E161A48EB}.Debug|x64.ActiveCfg = Debug|x64
		{DF43E1E0-D8B8-44DA-9F4F-D25E161A48EB}.Debug|x64.Build.0 = Debug|x64
		{DF43E1E0-D8B8-44DA-9F4F-D25E161A48EB}.Debug|x86.ActiveCfg = Debug|Win32
		{DF43E1E0-D8B8-44DA-9F4F-D25E161A48EB}.Debug|x86.Build.0 = Debug|Win32
		{DF43E1E0-D8B8-44DA-9F4F-D25E161A48EB}.DebugRelease|Any CPU.ActiveCfg = Release|x64
		{DF43E1E0-D8B8-44DA-9F4F-D25E161A48EB}.DebugRelease|Any CPU.Build.0 = Release|x64
		{DF43E1E0-D8B8-44DA-9F4F-D25E161A48EB}.DebugRelease|x64.ActiveCfg = Release|x64
		{DF43E1E0-D8B8-44DA-9F4F-D25E161A48EB}.DebugRelease|x64.Build.0 = Release|x64
		{DF43E1E0-D8B8-44DA-9F4F-D25E161A48EB}.DebugRelease|x86.ActiveCfg = Release|Win32
		{DF43E1E0-D8B8-44DA-9F4F-D25E161A48EB}.DebugRelease|x86.Build.0 = Release|Win32
		{DF43E1E0-D8B8-44DA-9F4F-D25E161A48EB}.Release|Any CPU.ActiveCfg = Release|Win32
		{DF43E1E0-D8B8-44DA-9F4F-D25E161A48EB}.Release|Any CPU.Build.0 = Release|Win32
		{DF43E1E0-D8B8-44DA-9F4F-D25E161A48EB}.Release|x64.ActiveCfg = Release|x64
		{DF43E1E0-D8B8-44DA-9F4F-D25E161A48EB}.Release|x64.Build.0 = Release|x64
		{DF43E1E0-D8B8-44DA-9F4F-D25E161A48EB}.Release|x86.ActiveCfg = Release|Win32
		{DF43E1E0-D8B8-44DA-9F4F-D25E161A48EB}.Release|x86.Build.0 = Release|Win32
		{109D43C0-AF82-4A09-B149-55612D7D7142}.Debug|Any CPU.ActiveCfg = Debug|Win32
		{109D43C0-AF82-4A09-B149-55612D7D7142}.Debug|Any CPU.Build.0 = Debug|Win32
		{109D43C0-AF82-4A09-B149-55612D7D7142}.Debug|x64.ActiveCfg = Debug|x64
		{109D43C0-AF82-4A09-B149-55612D7D7142}.Debug|x64.Build.0 = Debug|x64
		{109D43C0-AF82-4A09-B149-55612D7D7142}.Debug|x86.ActiveCfg = Debug|Win32
		{109D43C0-AF82-4A09-B149-55612D7D7142}.Debug|x86.Build.0 = Debug|Win32
		{109D43C0-AF82-4A09-B149-55612D7D7142}.DebugRelease|Any CPU.ActiveCfg = Release|x64
		{109D43C0-AF82-4A09-B149-55612D7D7142}.DebugRelease|Any CPU.Build.0 = Release|x64
		{109D43C0-AF82-4A09-B149-55612D7D7142}.DebugRelease|x64.ActiveCfg = Release|x64
		{109D43C0-AF82-4A09-B149-55612D7D7142}.DebugRelease|x64.Build.0 = Release|x64
		{109D43C0-AF82-4A09-B149-55612D7D7142}.DebugRelease|x86.ActiveCfg = Release|Win32
		{109D43C0-AF82-4A09-B149-55612D7D7142}.DebugRelease|x86.Build.0 = Release|Win32
		{109D43C0-AF82-4A09-B149-55612D7D7142}.Release|Any CPU.ActiveCfg = Release|Win32
		{109D43C0-AF82-4A09-B149-55612D7D7142}.Release|Any CPU.Build.0 = Release|Win32
		{109D43C0-AF82-4A09-B149-55612D7D7142}.Release|x64.ActiveCfg = Release|x64
		{109D43C0-AF82-4A09-B149-55612D7D7142}.Release|x64.Build.0 = Release|x64
		{109D43C0-AF82-4A09-B149-55612D7D7142}.Release|x86.ActiveCfg = Release|Win32
		{109D43C0-AF82-4A09-B149-55612D7D7142}.Release|x86.Build.0 = Release|Win32
		{6CA136B2-9239-4A02-9007-B67D9940674D}.Debug|Any CPU.ActiveCfg = Debug|Any CPU
		{6CA136B2-9239-4A02-9007-B67D9940674D}.Debug|Any CPU.Build.0 = Debug|Any CPU
		{6CA136B2-9239-4A02-9007-B67D9940674D}.Debug|x64.ActiveCfg = Debug|Any CPU
		{6CA136B2-9239-4A02-9007-B67D9940674D}.Debug|x64.Build.0 = Debug|Any CPU
		{6CA136B2-9239-4A02-9007-B67D9940674D}.Debug|x86.ActiveCfg = Debug|Any CPU
		{6CA136B2-9239-4A02-9007-B67D9940674D}.Debug|x86.Build.0 = Debug|Any CPU
		{6CA136B2-9239-4A02-9007-B67D9940674D}.DebugRelease|Any CPU.ActiveCfg = Release|Any CPU
		{6CA136B2-9239-4A02-9007-B67D9940674D}.DebugRelease|Any CPU.Build.0 = Release|Any CPU
		{6CA136B2-9239-4A02-9007-B67D9940674D}.DebugRelease|x64.ActiveCfg = Release|Any CPU
		{6CA136B2-9239-4A02-9007-B67D9940674D}.DebugRelease|x64.Build.0 = Release|Any CPU
		{6CA136B2-9239-4A02-9007-B67D9940674D}.DebugRelease|x86.ActiveCfg = Release|Any CPU
		{6CA136B2-9239-4A02-9007-B67D9940674D}.DebugRelease|x86.Build.0 = Release|Any CPU
		{6CA136B2-9239-4A02-9007-B67D9940674D}.Release|Any CPU.ActiveCfg = Release|Any CPU
		{6CA136B2-9239-4A02-9007-B67D9940674D}.Release|Any CPU.Build.0 = Release|Any CPU
		{6CA136B2-9239-4A02-9007-B67D9940674D}.Release|x64.ActiveCfg = Release|Any CPU
		{6CA136B2-9239-4A02-9007-B67D9940674D}.Release|x64.Build.0 = Release|Any CPU
		{6CA136B2-9239-4A02-9007-B67D9940674D}.Release|x86.ActiveCfg = Release|Any CPU
		{6CA136B2-9239-4A02-9007-B67D9940674D}.Release|x86.Build.0 = Release|Any CPU
	EndGlobalSection
	GlobalSection(SolutionProperties) = preSolution
		HideSolutionNode = FALSE
	EndGlobalSection
	GlobalSection(NestedProjects) = preSolution
		{EDC4FE17-EDAE-42B1-80E4-FB5273F43D11} = {81C727CD-20AF-492A-BE56-50EB2F20D754}
		{A3EAAA24-5913-471E-ADB1-402F64536A63} = {FA18B37E-D77B-4FF3-8D98-963C447A2692}
		{17CFFA1D-3C93-4ECF-9B0A-27DE5D71DD90} = {FA18B37E-D77B-4FF3-8D98-963C447A2692}
		{10C3B514-5F74-4428-A36B-7B9B1BB5C789} = {81C727CD-20AF-492A-BE56-50EB2F20D754}
		{E2FF593A-E2D4-45F7-B53A-3AF3F7199E6A} = {81C727CD-20AF-492A-BE56-50EB2F20D754}
		{057E0D7A-5412-4E1E-B40E-16E0EEA5D993} = {0C0AE3B8-DC74-4291-AE5E-F57E4144B5A7}
		{79B8687D-99C6-4176-B605-2419BF479AB4} = {22877609-6A62-492C-9E8B-481A2047FFF9}
		{379E61B9-F045-44D6-BC5D-53F2B83A60ED} = {0C0AE3B8-DC74-4291-AE5E-F57E4144B5A7}
		{957C1A05-46D6-4D2A-B11B-4963A5AD6766} = {0C0AE3B8-DC74-4291-AE5E-F57E4144B5A7}
		{7A947291-EFE1-42D9-B51C-A0B09B0B0CD7} = {EB064150-3855-447E-AB26-AD7DC9BAD336}
		{E7DF4999-DE60-444D-810B-DCF4195AE798} = {2B68650F-2426-4725-8880-5344B3149173}
		{519B1F78-EF51-43B8-A611-78C45F9E1935} = {EB064150-3855-447E-AB26-AD7DC9BAD336}
		{7961E60C-E160-42A1-AA9F-9B1C05161347} = {22877609-6A62-492C-9E8B-481A2047FFF9}
		{FE78C54E-3C88-4A62-B1DF-96B86AC009F6} = {0C0AE3B8-DC74-4291-AE5E-F57E4144B5A7}
		{CB83115D-78BA-490D-AABD-31949F013F78} = {C4896D26-022A-4707-A990-793BB21FE69E}
		{C7FA38D2-42A1-4AD4-8EB2-B9BC9414E321} = {BEB5D4B6-387A-4FCC-BD84-2F105F8FD32E}
		{3C7B0355-16BC-406F-89BC-229D62D8654B} = {967B2151-69DE-4BF5-A8BA-878F4DB47855}
		{C6BD898B-B32A-417C-9529-B25877139EE1} = {F9285DF6-1EB8-4E3F-87AD-01F8AF60C2D9}
		{5CA53C31-44C8-47EE-B332-CC7F42E646A9} = {F9285DF6-1EB8-4E3F-87AD-01F8AF60C2D9}
		{E538FDBD-CCF1-4E20-A763-0C3CDA9D6335} = {2B68650F-2426-4725-8880-5344B3149173}
		{01FA453A-86CA-4EC5-A0E9-266FEE14775C} = {7CD990BD-9361-4C23-A1D3-9BBF612F488D}
		{33AD10FD-FB09-4603-9C79-8116B668F1E9} = {9972D6F7-D725-4213-BC04-171E6C9C1BA1}
		{D88C0012-9188-452A-B93E-2AE040826A0E} = {2CB7C513-00A8-4A26-8F44-082ADCECB13A}
		{EE2DCA9B-E113-4E39-8833-338C37AE1188} = {7CD990BD-9361-4C23-A1D3-9BBF612F488D}
		{2B68650F-2426-4725-8880-5344B3149173} = {35F8E798-DD0B-4382-AE4E-860720712F58}
		{7CD990BD-9361-4C23-A1D3-9BBF612F488D} = {35F8E798-DD0B-4382-AE4E-860720712F58}
		{644C1578-87F0-420C-AE12-EEDD8F5EB9B8} = {F9285DF6-1EB8-4E3F-87AD-01F8AF60C2D9}
		{C7E0AD59-48B2-4202-8965-467AF425D739} = {2B68650F-2426-4725-8880-5344B3149173}
		{1FC3CF78-663A-4489-8C2F-948BCB42E96D} = {BEB5D4B6-387A-4FCC-BD84-2F105F8FD32E}
		{0D5A5413-CDE7-4C61-A847-E99F949E5392} = {FA18B37E-D77B-4FF3-8D98-963C447A2692}
		{DDFED30C-0590-418A-8139-D1835B56E12A} = {2B68650F-2426-4725-8880-5344B3149173}
		{5540E418-2C38-43CA-93BD-5BF2D48CA093} = {0C0AE3B8-DC74-4291-AE5E-F57E4144B5A7}
		{2CB7C513-00A8-4A26-8F44-082ADCECB13A} = {EB064150-3855-447E-AB26-AD7DC9BAD336}
		{FA18B37E-D77B-4FF3-8D98-963C447A2692} = {EB064150-3855-447E-AB26-AD7DC9BAD336}
		{81C727CD-20AF-492A-BE56-50EB2F20D754} = {EB064150-3855-447E-AB26-AD7DC9BAD336}
		{0C0AE3B8-DC74-4291-AE5E-F57E4144B5A7} = {EB064150-3855-447E-AB26-AD7DC9BAD336}
		{8FCB1021-2434-4F1C-9E76-278DF4B54B4E} = {2CB7C513-00A8-4A26-8F44-082ADCECB13A}
		{F2C5AF38-EAD0-4154-9F17-320FAB77EAF0} = {2CB7C513-00A8-4A26-8F44-082ADCECB13A}
		{13310458-D8FE-4F73-BA35-EF5627BBB66C} = {EB064150-3855-447E-AB26-AD7DC9BAD336}
		{9BAC842F-54A9-4104-859F-43C8AE7CC8F4} = {EB064150-3855-447E-AB26-AD7DC9BAD336}
		{DF43E1E0-D8B8-44DA-9F4F-D25E161A48EB} = {C4896D26-022A-4707-A990-793BB21FE69E}
		{109D43C0-AF82-4A09-B149-55612D7D7142} = {C4896D26-022A-4707-A990-793BB21FE69E}
		{C4896D26-022A-4707-A990-793BB21FE69E} = {35F8E798-DD0B-4382-AE4E-860720712F58}
		{22877609-6A62-492C-9E8B-481A2047FFF9} = {35F8E798-DD0B-4382-AE4E-860720712F58}
		{B71ECB15-F39E-4329-BEE3-73BBADF12BC7} = {35F8E798-DD0B-4382-AE4E-860720712F58}
		{6CA136B2-9239-4A02-9007-B67D9940674D} = {F9285DF6-1EB8-4E3F-87AD-01F8AF60C2D9}
		{BEB5D4B6-387A-4FCC-BD84-2F105F8FD32E} = {F9285DF6-1EB8-4E3F-87AD-01F8AF60C2D9}
		{9972D6F7-D725-4213-BC04-171E6C9C1BA1} = {F9285DF6-1EB8-4E3F-87AD-01F8AF60C2D9}
		{967B2151-69DE-4BF5-A8BA-878F4DB47855} = {F9285DF6-1EB8-4E3F-87AD-01F8AF60C2D9}
	EndGlobalSection
	GlobalSection(ExtensibilityGlobals) = postSolution
		SolutionGuid = {2294431E-9ED9-4BB8-AEDA-305882A2919F}
	EndGlobalSection
	GlobalSection(Performance) = preSolution
		HasPerformanceSessions = true
	EndGlobalSection
	GlobalSection(Performance) = preSolution
		HasPerformanceSessions = true
	EndGlobalSection
	GlobalSection(Performance) = preSolution
		HasPerformanceSessions = true
	EndGlobalSection
	GlobalSection(Performance) = preSolution
		HasPerformanceSessions = true
	EndGlobalSection
	GlobalSection(Performance) = preSolution
		HasPerformanceSessions = true
	EndGlobalSection
EndGlobal
