
Microsoft Visual Studio Solution File, Format Version 12.00
# Visual Studio Version 16
VisualStudioVersion = 16.0.28516.95
MinimumVisualStudioVersion = 10.0.40219.1
Project("{FAE04EC0-301F-11D3-BF4B-00C04F79EFBC}") = "LittleBigMouse.ScreenConfig", "LittleBigMouse\ScreenConfig\LittleBigMouse.ScreenConfig.csproj", "{3FBBF289-0B82-4089-80CA-67977A808C5D}"
EndProject
Project("{FAE04EC0-301F-11D3-BF4B-00C04F79EFBC}") = "LittleBigMouse.Daemon", "LittleBigMouse\Daemon\LittleBigMouse.Daemon.csproj", "{CEA3E9DF-4011-4041-BCCF-6318DC7E76F4}"
EndProject
Project("{FAE04EC0-301F-11D3-BF4B-00C04F79EFBC}") = "LittleBigMouse.Control.Loader", "LittleBigMouse\Control.Loader\LittleBigMouse.Control.Loader.csproj", "{7AD2B3B1-3CDD-40D6-9135-E02C37001AFB}"
EndProject
Project("{FAE04EC0-301F-11D3-BF4B-00C04F79EFBC}") = "HLab.Argyll", "..\HLab.System\Argyll\HLab.Argyll.csproj", "{444F1148-7014-469B-8809-834FEDA0F730}"
EndProject
Project("{FAE04EC0-301F-11D3-BF4B-00C04F79EFBC}") = "HLab.Windows.API", "..\HLab\Windows.API\HLab.Windows.API.csproj", "{641054C2-F89B-4ABE-97B4-EE841556E999}"
EndProject
Project("{FAE04EC0-301F-11D3-BF4B-00C04F79EFBC}") = "HLab.Windows.Monitors", "..\HLab.System\Windows.Monitors\HLab.Windows.Monitors.csproj", "{0C90E881-B94C-4DC5-B2D0-FF6DC7601DE4}"
EndProject
Project("{9A19103F-16F7-4668-BE54-9A1E7A4F7556}") = "HLab.Base", "..\HLab\HLab.Base\HLab.Base.csproj", "{EDC4FE17-EDAE-42B1-80E4-FB5273F43D11}"
EndProject
Project("{FAE04EC0-301F-11D3-BF4B-00C04F79EFBC}") = "LittleBigMouse.Plugin.Location", "LittleBigMouse\Plugin\Location\LittleBigMouse.Plugin.Location.csproj", "{BFE44D5E-B0E7-4185-BB9D-49D83FBA5539}"
EndProject
Project("{FAE04EC0-301F-11D3-BF4B-00C04F79EFBC}") = "LittleBigMouse.Control.Core", "LittleBigMouse\Control.Core\LittleBigMouse.Control.Core.csproj", "{0D67EAD5-811D-4933-9240-D6A2C0E98F34}"
EndProject
Project("{9A19103F-16F7-4668-BE54-9A1E7A4F7556}") = "HLab.Mvvm", "..\HLab\HLab.Mvvm\HLab.Mvvm.csproj", "{A3EAAA24-5913-471E-ADB1-402F64536A63}"
EndProject
Project("{FAE04EC0-301F-11D3-BF4B-00C04F79EFBC}") = "LittleBigMouse.Plugin.Vcp", "LittleBigMouse\Plugin\Vcp\LittleBigMouse.Plugin.Vcp.csproj", "{730507C2-2F7E-4405-947D-76049FCA1C46}"
EndProject
Project("{FAE04EC0-301F-11D3-BF4B-00C04F79EFBC}") = "GraphQL", "GraphQL\GraphQL.csproj", "{8AC1366A-4D8A-4EC9-BD5B-886B2E8D9CFF}"
EndProject
Project("{FAE04EC0-301F-11D3-BF4B-00C04F79EFBC}") = "MouseHooker", "..\HLab\MouseTest\MouseHooker\MouseHooker.csproj", "{07903DD6-2383-4E68-91CB-64F31F04640C}"
EndProject
Project("{9A19103F-16F7-4668-BE54-9A1E7A4F7556}") = "HLab.Notify.PropertyChanged", "..\HLab\HLab.Notify.PropertyChanged\HLab.Notify.PropertyChanged.csproj", "{8573F088-69E7-44E4-A774-4130E568FD56}"
EndProject
Project("{9A19103F-16F7-4668-BE54-9A1E7A4F7556}") = "HLab.DependencyInjection.Annotations", "..\HLab\HLab.DependencyInjection.Annotations\HLab.DependencyInjection.Annotations.csproj", "{EE881C21-1E2A-41A0-ADB9-177B53435699}"
EndProject
Project("{9A19103F-16F7-4668-BE54-9A1E7A4F7556}") = "HLab.Mvvm.Annotations", "..\HLab\HLab.Mvvm.Annotations\HLab.Mvvm.Annotations.csproj", "{17CFFA1D-3C93-4ECF-9B0A-27DE5D71DD90}"
EndProject
Project("{9A19103F-16F7-4668-BE54-9A1E7A4F7556}") = "HLab.Core.Annotations", "..\HLab\HLab.Core.Annotations\HLab.Core.Annotations.csproj", "{10C3B514-5F74-4428-A36B-7B9B1BB5C789}"
EndProject
Project("{9A19103F-16F7-4668-BE54-9A1E7A4F7556}") = "HLab.DependencyInjection", "..\HLab\HLab.DependencyInjection\HLab.DependencyInjection.csproj", "{A1E2F148-8602-4B8A-A8D6-72B4E917A445}"
EndProject
Project("{FAE04EC0-301F-11D3-BF4B-00C04F79EFBC}") = "HLab.Mvvm.Wpf", "..\HLab\HLab.Mvvm.Wpf\HLab.Mvvm.Wpf.csproj", "{8FF8B90D-3611-48E3-9355-E0B776E882B1}"
EndProject
Project("{FAE04EC0-301F-11D3-BF4B-00C04F79EFBC}") = "HLab.Windows.MonitorVcp", "..\HLab.System\MonitorVcp\HLab.Windows.MonitorVcp.csproj", "{543A85AB-37E8-4DB6-B51A-07B719A4DF2E}"
EndProject
Project("{9A19103F-16F7-4668-BE54-9A1E7A4F7556}") = "HLab.Core", "..\HLab\HLab.Core\HLab.Core.csproj", "{E2FF593A-E2D4-45F7-B53A-3AF3F7199E6A}"
EndProject
Project("{FAE04EC0-301F-11D3-BF4B-00C04F79EFBC}") = "HLab.Notify.Wpf", "..\HLab\HLab.Notify.Wpf\HLab.Notify.Wpf.csproj", "{267BDC6C-00BB-457C-8097-8ED6D4761122}"
EndProject
Project("{9A19103F-16F7-4668-BE54-9A1E7A4F7556}") = "HLab.Notify", "..\HLab\HLab.Notify\HLab.Notify.csproj", "{FB6C1CC8-1992-40AE-92B0-3FB490EEE30A}"
EndProject
Project("{9A19103F-16F7-4668-BE54-9A1E7A4F7556}") = "LittleBigMouse.ScreenConfig.XUnit", "LittleBigMouse.ScreenConfig.XUnit\LittleBigMouse.ScreenConfig.XUnit.csproj", "{3416F21E-F847-49FD-A8B3-0894AE738769}"
EndProject
Project("{9A19103F-16F7-4668-BE54-9A1E7A4F7556}") = "HLab.Notify.Annotations", "..\HLab\HLab.Notify.Annotations\HLab.Notify.Annotations.csproj", "{FFAADEFC-BD31-46AB-B955-B58DDCAFE13B}"
EndProject
Project("{9A19103F-16F7-4668-BE54-9A1E7A4F7556}") = "HLab.Notify.PropertyChanged.UTest", "..\HLab\HLab.Notify.PropertyChanged.Utest\HLab.Notify.PropertyChanged.UTest.csproj", "{E5945D18-BA0B-4395-8297-5A054BBF7BD0}"
EndProject
Project("{FAE04EC0-301F-11D3-BF4B-00C04F79EFBC}") = "HLab.Base.Wpf", "..\HLab\HLab.Base.Wpf\HLab.Base.Wpf.csproj", "{6EEB284B-1BA3-4CEC-975C-752D32A3BC19}"
EndProject
Global
	GlobalSection(SolutionConfigurationPlatforms) = preSolution
		Debug|Any CPU = Debug|Any CPU
		Debug|x64 = Debug|x64
		Debug|x86 = Debug|x86
		Release|Any CPU = Release|Any CPU
		Release|x64 = Release|x64
		Release|x86 = Release|x86
		ReleaseLocal|Any CPU = ReleaseLocal|Any CPU
		ReleaseLocal|x64 = ReleaseLocal|x64
		ReleaseLocal|x86 = ReleaseLocal|x86
		Test|Any CPU = Test|Any CPU
		Test|x64 = Test|x64
		Test|x86 = Test|x86
	EndGlobalSection
	GlobalSection(ProjectConfigurationPlatforms) = postSolution
		{3FBBF289-0B82-4089-80CA-67977A808C5D}.Debug|Any CPU.ActiveCfg = Debug|Any CPU
		{3FBBF289-0B82-4089-80CA-67977A808C5D}.Debug|Any CPU.Build.0 = Debug|Any CPU
		{3FBBF289-0B82-4089-80CA-67977A808C5D}.Debug|x64.ActiveCfg = Debug|x64
		{3FBBF289-0B82-4089-80CA-67977A808C5D}.Debug|x64.Build.0 = Debug|x64
		{3FBBF289-0B82-4089-80CA-67977A808C5D}.Debug|x86.ActiveCfg = Debug|x86
		{3FBBF289-0B82-4089-80CA-67977A808C5D}.Debug|x86.Build.0 = Debug|x86
		{3FBBF289-0B82-4089-80CA-67977A808C5D}.Release|Any CPU.ActiveCfg = Release|x86
		{3FBBF289-0B82-4089-80CA-67977A808C5D}.Release|x64.ActiveCfg = Release|x64
		{3FBBF289-0B82-4089-80CA-67977A808C5D}.Release|x64.Build.0 = Release|x64
		{3FBBF289-0B82-4089-80CA-67977A808C5D}.Release|x86.ActiveCfg = Release|x86
		{3FBBF289-0B82-4089-80CA-67977A808C5D}.Release|x86.Build.0 = Release|x86
		{3FBBF289-0B82-4089-80CA-67977A808C5D}.ReleaseLocal|Any CPU.ActiveCfg = Release|x64
		{3FBBF289-0B82-4089-80CA-67977A808C5D}.ReleaseLocal|Any CPU.Build.0 = Release|x64
		{3FBBF289-0B82-4089-80CA-67977A808C5D}.ReleaseLocal|x64.ActiveCfg = Release|x64
		{3FBBF289-0B82-4089-80CA-67977A808C5D}.ReleaseLocal|x64.Build.0 = Release|x64
		{3FBBF289-0B82-4089-80CA-67977A808C5D}.ReleaseLocal|x86.ActiveCfg = Release|x86
		{3FBBF289-0B82-4089-80CA-67977A808C5D}.ReleaseLocal|x86.Build.0 = Release|x86
		{3FBBF289-0B82-4089-80CA-67977A808C5D}.Test|Any CPU.ActiveCfg = Release|x64
		{3FBBF289-0B82-4089-80CA-67977A808C5D}.Test|Any CPU.Build.0 = Release|x64
		{3FBBF289-0B82-4089-80CA-67977A808C5D}.Test|x64.ActiveCfg = Release|x64
		{3FBBF289-0B82-4089-80CA-67977A808C5D}.Test|x64.Build.0 = Release|x64
		{3FBBF289-0B82-4089-80CA-67977A808C5D}.Test|x86.ActiveCfg = Release|x86
		{3FBBF289-0B82-4089-80CA-67977A808C5D}.Test|x86.Build.0 = Release|x86
		{CEA3E9DF-4011-4041-BCCF-6318DC7E76F4}.Debug|Any CPU.ActiveCfg = Debug|Any CPU
		{CEA3E9DF-4011-4041-BCCF-6318DC7E76F4}.Debug|Any CPU.Build.0 = Debug|Any CPU
		{CEA3E9DF-4011-4041-BCCF-6318DC7E76F4}.Debug|x64.ActiveCfg = Debug|x64
		{CEA3E9DF-4011-4041-BCCF-6318DC7E76F4}.Debug|x64.Build.0 = Debug|x64
		{CEA3E9DF-4011-4041-BCCF-6318DC7E76F4}.Debug|x86.ActiveCfg = Debug|x86
		{CEA3E9DF-4011-4041-BCCF-6318DC7E76F4}.Debug|x86.Build.0 = Debug|x86
		{CEA3E9DF-4011-4041-BCCF-6318DC7E76F4}.Release|Any CPU.ActiveCfg = Release|x86
		{CEA3E9DF-4011-4041-BCCF-6318DC7E76F4}.Release|x64.ActiveCfg = Release|x64
		{CEA3E9DF-4011-4041-BCCF-6318DC7E76F4}.Release|x64.Build.0 = Release|x64
		{CEA3E9DF-4011-4041-BCCF-6318DC7E76F4}.Release|x86.ActiveCfg = Release|x86
		{CEA3E9DF-4011-4041-BCCF-6318DC7E76F4}.Release|x86.Build.0 = Release|x86
		{CEA3E9DF-4011-4041-BCCF-6318DC7E76F4}.ReleaseLocal|Any CPU.ActiveCfg = Release|x64
		{CEA3E9DF-4011-4041-BCCF-6318DC7E76F4}.ReleaseLocal|Any CPU.Build.0 = Release|x64
		{CEA3E9DF-4011-4041-BCCF-6318DC7E76F4}.ReleaseLocal|x64.ActiveCfg = Release|x64
		{CEA3E9DF-4011-4041-BCCF-6318DC7E76F4}.ReleaseLocal|x64.Build.0 = Release|x64
		{CEA3E9DF-4011-4041-BCCF-6318DC7E76F4}.ReleaseLocal|x86.ActiveCfg = Release|x86
		{CEA3E9DF-4011-4041-BCCF-6318DC7E76F4}.ReleaseLocal|x86.Build.0 = Release|x86
		{CEA3E9DF-4011-4041-BCCF-6318DC7E76F4}.Test|Any CPU.ActiveCfg = Release|x64
		{CEA3E9DF-4011-4041-BCCF-6318DC7E76F4}.Test|Any CPU.Build.0 = Release|x64
		{CEA3E9DF-4011-4041-BCCF-6318DC7E76F4}.Test|x64.ActiveCfg = Release|x64
		{CEA3E9DF-4011-4041-BCCF-6318DC7E76F4}.Test|x64.Build.0 = Release|x64
		{CEA3E9DF-4011-4041-BCCF-6318DC7E76F4}.Test|x86.ActiveCfg = Release|x86
		{CEA3E9DF-4011-4041-BCCF-6318DC7E76F4}.Test|x86.Build.0 = Release|x86
		{7AD2B3B1-3CDD-40D6-9135-E02C37001AFB}.Debug|Any CPU.ActiveCfg = Debug|Any CPU
		{7AD2B3B1-3CDD-40D6-9135-E02C37001AFB}.Debug|Any CPU.Build.0 = Debug|Any CPU
		{7AD2B3B1-3CDD-40D6-9135-E02C37001AFB}.Debug|x64.ActiveCfg = Debug|x64
		{7AD2B3B1-3CDD-40D6-9135-E02C37001AFB}.Debug|x64.Build.0 = Debug|x64
		{7AD2B3B1-3CDD-40D6-9135-E02C37001AFB}.Debug|x86.ActiveCfg = Debug|x86
		{7AD2B3B1-3CDD-40D6-9135-E02C37001AFB}.Debug|x86.Build.0 = Debug|x86
		{7AD2B3B1-3CDD-40D6-9135-E02C37001AFB}.Release|Any CPU.ActiveCfg = Release|x86
		{7AD2B3B1-3CDD-40D6-9135-E02C37001AFB}.Release|x64.ActiveCfg = Release|x64
		{7AD2B3B1-3CDD-40D6-9135-E02C37001AFB}.Release|x64.Build.0 = Release|x64
		{7AD2B3B1-3CDD-40D6-9135-E02C37001AFB}.Release|x86.ActiveCfg = Release|x86
		{7AD2B3B1-3CDD-40D6-9135-E02C37001AFB}.Release|x86.Build.0 = Release|x86
		{7AD2B3B1-3CDD-40D6-9135-E02C37001AFB}.ReleaseLocal|Any CPU.ActiveCfg = Release|x64
		{7AD2B3B1-3CDD-40D6-9135-E02C37001AFB}.ReleaseLocal|Any CPU.Build.0 = Release|x64
		{7AD2B3B1-3CDD-40D6-9135-E02C37001AFB}.ReleaseLocal|x64.ActiveCfg = Release|x64
		{7AD2B3B1-3CDD-40D6-9135-E02C37001AFB}.ReleaseLocal|x64.Build.0 = Release|x64
		{7AD2B3B1-3CDD-40D6-9135-E02C37001AFB}.ReleaseLocal|x86.ActiveCfg = Release|x86
		{7AD2B3B1-3CDD-40D6-9135-E02C37001AFB}.ReleaseLocal|x86.Build.0 = Release|x86
		{7AD2B3B1-3CDD-40D6-9135-E02C37001AFB}.Test|Any CPU.ActiveCfg = Release|x64
		{7AD2B3B1-3CDD-40D6-9135-E02C37001AFB}.Test|Any CPU.Build.0 = Release|x64
		{7AD2B3B1-3CDD-40D6-9135-E02C37001AFB}.Test|x64.ActiveCfg = Release|x64
		{7AD2B3B1-3CDD-40D6-9135-E02C37001AFB}.Test|x64.Build.0 = Release|x64
		{7AD2B3B1-3CDD-40D6-9135-E02C37001AFB}.Test|x86.ActiveCfg = Release|x86
		{7AD2B3B1-3CDD-40D6-9135-E02C37001AFB}.Test|x86.Build.0 = Release|x86
		{444F1148-7014-469B-8809-834FEDA0F730}.Debug|Any CPU.ActiveCfg = Debug|Any CPU
		{444F1148-7014-469B-8809-834FEDA0F730}.Debug|Any CPU.Build.0 = Debug|Any CPU
		{444F1148-7014-469B-8809-834FEDA0F730}.Debug|x64.ActiveCfg = Debug|x64
		{444F1148-7014-469B-8809-834FEDA0F730}.Debug|x64.Build.0 = Debug|x64
		{444F1148-7014-469B-8809-834FEDA0F730}.Debug|x86.ActiveCfg = Debug|x86
		{444F1148-7014-469B-8809-834FEDA0F730}.Debug|x86.Build.0 = Debug|x86
		{444F1148-7014-469B-8809-834FEDA0F730}.Release|Any CPU.ActiveCfg = Release|x86
		{444F1148-7014-469B-8809-834FEDA0F730}.Release|x64.ActiveCfg = Release|x64
		{444F1148-7014-469B-8809-834FEDA0F730}.Release|x64.Build.0 = Release|x64
		{444F1148-7014-469B-8809-834FEDA0F730}.Release|x86.ActiveCfg = Release|x86
		{444F1148-7014-469B-8809-834FEDA0F730}.Release|x86.Build.0 = Release|x86
		{444F1148-7014-469B-8809-834FEDA0F730}.ReleaseLocal|Any CPU.ActiveCfg = Release|x64
		{444F1148-7014-469B-8809-834FEDA0F730}.ReleaseLocal|Any CPU.Build.0 = Release|x64
		{444F1148-7014-469B-8809-834FEDA0F730}.ReleaseLocal|x64.ActiveCfg = Release|x64
		{444F1148-7014-469B-8809-834FEDA0F730}.ReleaseLocal|x64.Build.0 = Release|x64
		{444F1148-7014-469B-8809-834FEDA0F730}.ReleaseLocal|x86.ActiveCfg = Release|x86
		{444F1148-7014-469B-8809-834FEDA0F730}.ReleaseLocal|x86.Build.0 = Release|x86
		{444F1148-7014-469B-8809-834FEDA0F730}.Test|Any CPU.ActiveCfg = Release|x64
		{444F1148-7014-469B-8809-834FEDA0F730}.Test|Any CPU.Build.0 = Release|x64
		{444F1148-7014-469B-8809-834FEDA0F730}.Test|x64.ActiveCfg = Release|x64
		{444F1148-7014-469B-8809-834FEDA0F730}.Test|x64.Build.0 = Release|x64
		{444F1148-7014-469B-8809-834FEDA0F730}.Test|x86.ActiveCfg = Release|x86
		{444F1148-7014-469B-8809-834FEDA0F730}.Test|x86.Build.0 = Release|x86
		{641054C2-F89B-4ABE-97B4-EE841556E999}.Debug|Any CPU.ActiveCfg = Debug|Any CPU
		{641054C2-F89B-4ABE-97B4-EE841556E999}.Debug|Any CPU.Build.0 = Debug|Any CPU
		{641054C2-F89B-4ABE-97B4-EE841556E999}.Debug|x64.ActiveCfg = Debug|x64
		{641054C2-F89B-4ABE-97B4-EE841556E999}.Debug|x64.Build.0 = Debug|x64
		{641054C2-F89B-4ABE-97B4-EE841556E999}.Debug|x86.ActiveCfg = Debug|x86
		{641054C2-F89B-4ABE-97B4-EE841556E999}.Debug|x86.Build.0 = Debug|x86
		{641054C2-F89B-4ABE-97B4-EE841556E999}.Release|Any CPU.ActiveCfg = Release|x86
		{641054C2-F89B-4ABE-97B4-EE841556E999}.Release|x64.ActiveCfg = Release|x64
		{641054C2-F89B-4ABE-97B4-EE841556E999}.Release|x64.Build.0 = Release|x64
		{641054C2-F89B-4ABE-97B4-EE841556E999}.Release|x86.ActiveCfg = Release|x86
		{641054C2-F89B-4ABE-97B4-EE841556E999}.Release|x86.Build.0 = Release|x86
		{641054C2-F89B-4ABE-97B4-EE841556E999}.ReleaseLocal|Any CPU.ActiveCfg = Release|x64
		{641054C2-F89B-4ABE-97B4-EE841556E999}.ReleaseLocal|Any CPU.Build.0 = Release|x64
		{641054C2-F89B-4ABE-97B4-EE841556E999}.ReleaseLocal|x64.ActiveCfg = Release|x64
		{641054C2-F89B-4ABE-97B4-EE841556E999}.ReleaseLocal|x64.Build.0 = Release|x64
		{641054C2-F89B-4ABE-97B4-EE841556E999}.ReleaseLocal|x86.ActiveCfg = Release|x86
		{641054C2-F89B-4ABE-97B4-EE841556E999}.ReleaseLocal|x86.Build.0 = Release|x86
		{641054C2-F89B-4ABE-97B4-EE841556E999}.Test|Any CPU.ActiveCfg = Release|x64
		{641054C2-F89B-4ABE-97B4-EE841556E999}.Test|Any CPU.Build.0 = Release|x64
		{641054C2-F89B-4ABE-97B4-EE841556E999}.Test|x64.ActiveCfg = Release|x64
		{641054C2-F89B-4ABE-97B4-EE841556E999}.Test|x64.Build.0 = Release|x64
		{641054C2-F89B-4ABE-97B4-EE841556E999}.Test|x86.ActiveCfg = Release|x86
		{641054C2-F89B-4ABE-97B4-EE841556E999}.Test|x86.Build.0 = Release|x86
		{0C90E881-B94C-4DC5-B2D0-FF6DC7601DE4}.Debug|Any CPU.ActiveCfg = Debug|Any CPU
		{0C90E881-B94C-4DC5-B2D0-FF6DC7601DE4}.Debug|Any CPU.Build.0 = Debug|Any CPU
		{0C90E881-B94C-4DC5-B2D0-FF6DC7601DE4}.Debug|x64.ActiveCfg = Debug|x64
		{0C90E881-B94C-4DC5-B2D0-FF6DC7601DE4}.Debug|x64.Build.0 = Debug|x64
		{0C90E881-B94C-4DC5-B2D0-FF6DC7601DE4}.Debug|x86.ActiveCfg = Debug|x86
		{0C90E881-B94C-4DC5-B2D0-FF6DC7601DE4}.Debug|x86.Build.0 = Debug|x86
		{0C90E881-B94C-4DC5-B2D0-FF6DC7601DE4}.Release|Any CPU.ActiveCfg = Release|x86
		{0C90E881-B94C-4DC5-B2D0-FF6DC7601DE4}.Release|x64.ActiveCfg = Release|x64
		{0C90E881-B94C-4DC5-B2D0-FF6DC7601DE4}.Release|x64.Build.0 = Release|x64
		{0C90E881-B94C-4DC5-B2D0-FF6DC7601DE4}.Release|x86.ActiveCfg = Release|x86
		{0C90E881-B94C-4DC5-B2D0-FF6DC7601DE4}.Release|x86.Build.0 = Release|x86
		{0C90E881-B94C-4DC5-B2D0-FF6DC7601DE4}.ReleaseLocal|Any CPU.ActiveCfg = Release|x64
		{0C90E881-B94C-4DC5-B2D0-FF6DC7601DE4}.ReleaseLocal|Any CPU.Build.0 = Release|x64
		{0C90E881-B94C-4DC5-B2D0-FF6DC7601DE4}.ReleaseLocal|x64.ActiveCfg = Release|x64
		{0C90E881-B94C-4DC5-B2D0-FF6DC7601DE4}.ReleaseLocal|x64.Build.0 = Release|x64
		{0C90E881-B94C-4DC5-B2D0-FF6DC7601DE4}.ReleaseLocal|x86.ActiveCfg = Release|x86
		{0C90E881-B94C-4DC5-B2D0-FF6DC7601DE4}.ReleaseLocal|x86.Build.0 = Release|x86
		{0C90E881-B94C-4DC5-B2D0-FF6DC7601DE4}.Test|Any CPU.ActiveCfg = Release|x64
		{0C90E881-B94C-4DC5-B2D0-FF6DC7601DE4}.Test|Any CPU.Build.0 = Release|x64
		{0C90E881-B94C-4DC5-B2D0-FF6DC7601DE4}.Test|x64.ActiveCfg = Release|x64
		{0C90E881-B94C-4DC5-B2D0-FF6DC7601DE4}.Test|x64.Build.0 = Release|x64
		{0C90E881-B94C-4DC5-B2D0-FF6DC7601DE4}.Test|x86.ActiveCfg = Release|x86
		{0C90E881-B94C-4DC5-B2D0-FF6DC7601DE4}.Test|x86.Build.0 = Release|x86
		{EDC4FE17-EDAE-42B1-80E4-FB5273F43D11}.Debug|Any CPU.ActiveCfg = Debug|Any CPU
		{EDC4FE17-EDAE-42B1-80E4-FB5273F43D11}.Debug|Any CPU.Build.0 = Debug|Any CPU
		{EDC4FE17-EDAE-42B1-80E4-FB5273F43D11}.Debug|x64.ActiveCfg = Debug|x64
		{EDC4FE17-EDAE-42B1-80E4-FB5273F43D11}.Debug|x64.Build.0 = Debug|x64
		{EDC4FE17-EDAE-42B1-80E4-FB5273F43D11}.Debug|x86.ActiveCfg = Debug|Any CPU
		{EDC4FE17-EDAE-42B1-80E4-FB5273F43D11}.Debug|x86.Build.0 = Debug|Any CPU
		{EDC4FE17-EDAE-42B1-80E4-FB5273F43D11}.Release|Any CPU.ActiveCfg = Release|Any CPU
		{EDC4FE17-EDAE-42B1-80E4-FB5273F43D11}.Release|Any CPU.Build.0 = Release|Any CPU
		{EDC4FE17-EDAE-42B1-80E4-FB5273F43D11}.Release|x64.ActiveCfg = Release|x64
		{EDC4FE17-EDAE-42B1-80E4-FB5273F43D11}.Release|x64.Build.0 = Release|x64
		{EDC4FE17-EDAE-42B1-80E4-FB5273F43D11}.Release|x86.ActiveCfg = Release|x86
		{EDC4FE17-EDAE-42B1-80E4-FB5273F43D11}.Release|x86.Build.0 = Release|x86
		{EDC4FE17-EDAE-42B1-80E4-FB5273F43D11}.ReleaseLocal|Any CPU.ActiveCfg = Release|Any CPU
		{EDC4FE17-EDAE-42B1-80E4-FB5273F43D11}.ReleaseLocal|Any CPU.Build.0 = Release|Any CPU
		{EDC4FE17-EDAE-42B1-80E4-FB5273F43D11}.ReleaseLocal|x64.ActiveCfg = Release|x64
		{EDC4FE17-EDAE-42B1-80E4-FB5273F43D11}.ReleaseLocal|x64.Build.0 = Release|x64
		{EDC4FE17-EDAE-42B1-80E4-FB5273F43D11}.ReleaseLocal|x86.ActiveCfg = Release|Any CPU
		{EDC4FE17-EDAE-42B1-80E4-FB5273F43D11}.ReleaseLocal|x86.Build.0 = Release|Any CPU
		{EDC4FE17-EDAE-42B1-80E4-FB5273F43D11}.Test|Any CPU.ActiveCfg = Release|Any CPU
		{EDC4FE17-EDAE-42B1-80E4-FB5273F43D11}.Test|Any CPU.Build.0 = Release|Any CPU
		{EDC4FE17-EDAE-42B1-80E4-FB5273F43D11}.Test|x64.ActiveCfg = Release|x64
		{EDC4FE17-EDAE-42B1-80E4-FB5273F43D11}.Test|x64.Build.0 = Release|x64
		{EDC4FE17-EDAE-42B1-80E4-FB5273F43D11}.Test|x86.ActiveCfg = Release|Any CPU
		{EDC4FE17-EDAE-42B1-80E4-FB5273F43D11}.Test|x86.Build.0 = Release|Any CPU
		{BFE44D5E-B0E7-4185-BB9D-49D83FBA5539}.Debug|Any CPU.ActiveCfg = Debug|Any CPU
		{BFE44D5E-B0E7-4185-BB9D-49D83FBA5539}.Debug|Any CPU.Build.0 = Debug|Any CPU
		{BFE44D5E-B0E7-4185-BB9D-49D83FBA5539}.Debug|x64.ActiveCfg = Debug|x64
		{BFE44D5E-B0E7-4185-BB9D-49D83FBA5539}.Debug|x64.Build.0 = Debug|x64
		{BFE44D5E-B0E7-4185-BB9D-49D83FBA5539}.Debug|x86.ActiveCfg = Debug|Any CPU
		{BFE44D5E-B0E7-4185-BB9D-49D83FBA5539}.Debug|x86.Build.0 = Debug|Any CPU
		{BFE44D5E-B0E7-4185-BB9D-49D83FBA5539}.Release|Any CPU.ActiveCfg = Release|Any CPU
		{BFE44D5E-B0E7-4185-BB9D-49D83FBA5539}.Release|Any CPU.Build.0 = Release|Any CPU
		{BFE44D5E-B0E7-4185-BB9D-49D83FBA5539}.Release|x64.ActiveCfg = Release|x64
		{BFE44D5E-B0E7-4185-BB9D-49D83FBA5539}.Release|x64.Build.0 = Release|x64
		{BFE44D5E-B0E7-4185-BB9D-49D83FBA5539}.Release|x86.ActiveCfg = Release|x86
		{BFE44D5E-B0E7-4185-BB9D-49D83FBA5539}.Release|x86.Build.0 = Release|x86
		{BFE44D5E-B0E7-4185-BB9D-49D83FBA5539}.ReleaseLocal|Any CPU.ActiveCfg = Release|Any CPU
		{BFE44D5E-B0E7-4185-BB9D-49D83FBA5539}.ReleaseLocal|Any CPU.Build.0 = Release|Any CPU
		{BFE44D5E-B0E7-4185-BB9D-49D83FBA5539}.ReleaseLocal|x64.ActiveCfg = Release|Any CPU
		{BFE44D5E-B0E7-4185-BB9D-49D83FBA5539}.ReleaseLocal|x64.Build.0 = Release|Any CPU
		{BFE44D5E-B0E7-4185-BB9D-49D83FBA5539}.ReleaseLocal|x86.ActiveCfg = Release|Any CPU
		{BFE44D5E-B0E7-4185-BB9D-49D83FBA5539}.ReleaseLocal|x86.Build.0 = Release|Any CPU
		{BFE44D5E-B0E7-4185-BB9D-49D83FBA5539}.Test|Any CPU.ActiveCfg = Release|Any CPU
		{BFE44D5E-B0E7-4185-BB9D-49D83FBA5539}.Test|Any CPU.Build.0 = Release|Any CPU
		{BFE44D5E-B0E7-4185-BB9D-49D83FBA5539}.Test|x64.ActiveCfg = Release|Any CPU
		{BFE44D5E-B0E7-4185-BB9D-49D83FBA5539}.Test|x64.Build.0 = Release|Any CPU
		{BFE44D5E-B0E7-4185-BB9D-49D83FBA5539}.Test|x86.ActiveCfg = Release|Any CPU
		{BFE44D5E-B0E7-4185-BB9D-49D83FBA5539}.Test|x86.Build.0 = Release|Any CPU
		{0D67EAD5-811D-4933-9240-D6A2C0E98F34}.Debug|Any CPU.ActiveCfg = Debug|Any CPU
		{0D67EAD5-811D-4933-9240-D6A2C0E98F34}.Debug|Any CPU.Build.0 = Debug|Any CPU
		{0D67EAD5-811D-4933-9240-D6A2C0E98F34}.Debug|x64.ActiveCfg = Debug|x64
		{0D67EAD5-811D-4933-9240-D6A2C0E98F34}.Debug|x64.Build.0 = Debug|x64
		{0D67EAD5-811D-4933-9240-D6A2C0E98F34}.Debug|x86.ActiveCfg = Debug|Any CPU
		{0D67EAD5-811D-4933-9240-D6A2C0E98F34}.Debug|x86.Build.0 = Debug|Any CPU
		{0D67EAD5-811D-4933-9240-D6A2C0E98F34}.Release|Any CPU.ActiveCfg = Release|Any CPU
		{0D67EAD5-811D-4933-9240-D6A2C0E98F34}.Release|Any CPU.Build.0 = Release|Any CPU
		{0D67EAD5-811D-4933-9240-D6A2C0E98F34}.Release|x64.ActiveCfg = Release|x64
		{0D67EAD5-811D-4933-9240-D6A2C0E98F34}.Release|x64.Build.0 = Release|x64
		{0D67EAD5-811D-4933-9240-D6A2C0E98F34}.Release|x86.ActiveCfg = Release|x86
		{0D67EAD5-811D-4933-9240-D6A2C0E98F34}.Release|x86.Build.0 = Release|x86
		{0D67EAD5-811D-4933-9240-D6A2C0E98F34}.ReleaseLocal|Any CPU.ActiveCfg = Release|Any CPU
		{0D67EAD5-811D-4933-9240-D6A2C0E98F34}.ReleaseLocal|Any CPU.Build.0 = Release|Any CPU
		{0D67EAD5-811D-4933-9240-D6A2C0E98F34}.ReleaseLocal|x64.ActiveCfg = Release|Any CPU
		{0D67EAD5-811D-4933-9240-D6A2C0E98F34}.ReleaseLocal|x64.Build.0 = Release|Any CPU
		{0D67EAD5-811D-4933-9240-D6A2C0E98F34}.ReleaseLocal|x86.ActiveCfg = Release|Any CPU
		{0D67EAD5-811D-4933-9240-D6A2C0E98F34}.ReleaseLocal|x86.Build.0 = Release|Any CPU
		{0D67EAD5-811D-4933-9240-D6A2C0E98F34}.Test|Any CPU.ActiveCfg = Release|Any CPU
		{0D67EAD5-811D-4933-9240-D6A2C0E98F34}.Test|Any CPU.Build.0 = Release|Any CPU
		{0D67EAD5-811D-4933-9240-D6A2C0E98F34}.Test|x64.ActiveCfg = Release|Any CPU
		{0D67EAD5-811D-4933-9240-D6A2C0E98F34}.Test|x64.Build.0 = Release|Any CPU
		{0D67EAD5-811D-4933-9240-D6A2C0E98F34}.Test|x86.ActiveCfg = Release|Any CPU
		{0D67EAD5-811D-4933-9240-D6A2C0E98F34}.Test|x86.Build.0 = Release|Any CPU
		{A3EAAA24-5913-471E-ADB1-402F64536A63}.Debug|Any CPU.ActiveCfg = Debug|Any CPU
		{A3EAAA24-5913-471E-ADB1-402F64536A63}.Debug|Any CPU.Build.0 = Debug|Any CPU
		{A3EAAA24-5913-471E-ADB1-402F64536A63}.Debug|x64.ActiveCfg = Debug|x64
		{A3EAAA24-5913-471E-ADB1-402F64536A63}.Debug|x64.Build.0 = Debug|x64
		{A3EAAA24-5913-471E-ADB1-402F64536A63}.Debug|x86.ActiveCfg = Debug|Any CPU
		{A3EAAA24-5913-471E-ADB1-402F64536A63}.Debug|x86.Build.0 = Debug|Any CPU
		{A3EAAA24-5913-471E-ADB1-402F64536A63}.Release|Any CPU.ActiveCfg = Release|Any CPU
		{A3EAAA24-5913-471E-ADB1-402F64536A63}.Release|Any CPU.Build.0 = Release|Any CPU
		{A3EAAA24-5913-471E-ADB1-402F64536A63}.Release|x64.ActiveCfg = Release|x64
		{A3EAAA24-5913-471E-ADB1-402F64536A63}.Release|x64.Build.0 = Release|x64
		{A3EAAA24-5913-471E-ADB1-402F64536A63}.Release|x86.ActiveCfg = Release|x86
		{A3EAAA24-5913-471E-ADB1-402F64536A63}.Release|x86.Build.0 = Release|x86
		{A3EAAA24-5913-471E-ADB1-402F64536A63}.ReleaseLocal|Any CPU.ActiveCfg = Release|Any CPU
		{A3EAAA24-5913-471E-ADB1-402F64536A63}.ReleaseLocal|Any CPU.Build.0 = Release|Any CPU
		{A3EAAA24-5913-471E-ADB1-402F64536A63}.ReleaseLocal|x64.ActiveCfg = Release|x64
		{A3EAAA24-5913-471E-ADB1-402F64536A63}.ReleaseLocal|x64.Build.0 = Release|x64
		{A3EAAA24-5913-471E-ADB1-402F64536A63}.ReleaseLocal|x86.ActiveCfg = Release|Any CPU
		{A3EAAA24-5913-471E-ADB1-402F64536A63}.ReleaseLocal|x86.Build.0 = Release|Any CPU
		{A3EAAA24-5913-471E-ADB1-402F64536A63}.Test|Any CPU.ActiveCfg = Release|Any CPU
		{A3EAAA24-5913-471E-ADB1-402F64536A63}.Test|Any CPU.Build.0 = Release|Any CPU
		{A3EAAA24-5913-471E-ADB1-402F64536A63}.Test|x64.ActiveCfg = Release|x64
		{A3EAAA24-5913-471E-ADB1-402F64536A63}.Test|x64.Build.0 = Release|x64
		{A3EAAA24-5913-471E-ADB1-402F64536A63}.Test|x86.ActiveCfg = Release|Any CPU
		{A3EAAA24-5913-471E-ADB1-402F64536A63}.Test|x86.Build.0 = Release|Any CPU
		{730507C2-2F7E-4405-947D-76049FCA1C46}.Debug|Any CPU.ActiveCfg = Debug|Any CPU
		{730507C2-2F7E-4405-947D-76049FCA1C46}.Debug|Any CPU.Build.0 = Debug|Any CPU
		{730507C2-2F7E-4405-947D-76049FCA1C46}.Debug|x64.ActiveCfg = Debug|x64
		{730507C2-2F7E-4405-947D-76049FCA1C46}.Debug|x64.Build.0 = Debug|x64
		{730507C2-2F7E-4405-947D-76049FCA1C46}.Debug|x86.ActiveCfg = Debug|Any CPU
		{730507C2-2F7E-4405-947D-76049FCA1C46}.Debug|x86.Build.0 = Debug|Any CPU
		{730507C2-2F7E-4405-947D-76049FCA1C46}.Release|Any CPU.ActiveCfg = Release|Any CPU
		{730507C2-2F7E-4405-947D-76049FCA1C46}.Release|Any CPU.Build.0 = Release|Any CPU
		{730507C2-2F7E-4405-947D-76049FCA1C46}.Release|x64.ActiveCfg = Release|x64
		{730507C2-2F7E-4405-947D-76049FCA1C46}.Release|x64.Build.0 = Release|x64
		{730507C2-2F7E-4405-947D-76049FCA1C46}.Release|x86.ActiveCfg = Release|x86
		{730507C2-2F7E-4405-947D-76049FCA1C46}.Release|x86.Build.0 = Release|x86
		{730507C2-2F7E-4405-947D-76049FCA1C46}.ReleaseLocal|Any CPU.ActiveCfg = Release|Any CPU
		{730507C2-2F7E-4405-947D-76049FCA1C46}.ReleaseLocal|Any CPU.Build.0 = Release|Any CPU
		{730507C2-2F7E-4405-947D-76049FCA1C46}.ReleaseLocal|x64.ActiveCfg = Release|Any CPU
		{730507C2-2F7E-4405-947D-76049FCA1C46}.ReleaseLocal|x64.Build.0 = Release|Any CPU
		{730507C2-2F7E-4405-947D-76049FCA1C46}.ReleaseLocal|x86.ActiveCfg = Release|Any CPU
		{730507C2-2F7E-4405-947D-76049FCA1C46}.ReleaseLocal|x86.Build.0 = Release|Any CPU
		{730507C2-2F7E-4405-947D-76049FCA1C46}.Test|Any CPU.ActiveCfg = Release|Any CPU
		{730507C2-2F7E-4405-947D-76049FCA1C46}.Test|Any CPU.Build.0 = Release|Any CPU
		{730507C2-2F7E-4405-947D-76049FCA1C46}.Test|x64.ActiveCfg = Release|Any CPU
		{730507C2-2F7E-4405-947D-76049FCA1C46}.Test|x64.Build.0 = Release|Any CPU
		{730507C2-2F7E-4405-947D-76049FCA1C46}.Test|x86.ActiveCfg = Release|Any CPU
		{730507C2-2F7E-4405-947D-76049FCA1C46}.Test|x86.Build.0 = Release|Any CPU
		{8AC1366A-4D8A-4EC9-BD5B-886B2E8D9CFF}.Debug|Any CPU.ActiveCfg = Debug|Any CPU
		{8AC1366A-4D8A-4EC9-BD5B-886B2E8D9CFF}.Debug|Any CPU.Build.0 = Debug|Any CPU
		{8AC1366A-4D8A-4EC9-BD5B-886B2E8D9CFF}.Debug|x64.ActiveCfg = Debug|x64
		{8AC1366A-4D8A-4EC9-BD5B-886B2E8D9CFF}.Debug|x64.Build.0 = Debug|x64
		{8AC1366A-4D8A-4EC9-BD5B-886B2E8D9CFF}.Debug|x86.ActiveCfg = Debug|Any CPU
		{8AC1366A-4D8A-4EC9-BD5B-886B2E8D9CFF}.Debug|x86.Build.0 = Debug|Any CPU
		{8AC1366A-4D8A-4EC9-BD5B-886B2E8D9CFF}.Release|Any CPU.ActiveCfg = Release|Any CPU
		{8AC1366A-4D8A-4EC9-BD5B-886B2E8D9CFF}.Release|Any CPU.Build.0 = Release|Any CPU
		{8AC1366A-4D8A-4EC9-BD5B-886B2E8D9CFF}.Release|x64.ActiveCfg = Release|x64
		{8AC1366A-4D8A-4EC9-BD5B-886B2E8D9CFF}.Release|x64.Build.0 = Release|x64
		{8AC1366A-4D8A-4EC9-BD5B-886B2E8D9CFF}.Release|x86.ActiveCfg = Release|x86
		{8AC1366A-4D8A-4EC9-BD5B-886B2E8D9CFF}.Release|x86.Build.0 = Release|x86
		{8AC1366A-4D8A-4EC9-BD5B-886B2E8D9CFF}.ReleaseLocal|Any CPU.ActiveCfg = Release|Any CPU
		{8AC1366A-4D8A-4EC9-BD5B-886B2E8D9CFF}.ReleaseLocal|Any CPU.Build.0 = Release|Any CPU
		{8AC1366A-4D8A-4EC9-BD5B-886B2E8D9CFF}.ReleaseLocal|x64.ActiveCfg = Release|Any CPU
		{8AC1366A-4D8A-4EC9-BD5B-886B2E8D9CFF}.ReleaseLocal|x64.Build.0 = Release|Any CPU
		{8AC1366A-4D8A-4EC9-BD5B-886B2E8D9CFF}.ReleaseLocal|x86.ActiveCfg = Release|Any CPU
		{8AC1366A-4D8A-4EC9-BD5B-886B2E8D9CFF}.ReleaseLocal|x86.Build.0 = Release|Any CPU
		{8AC1366A-4D8A-4EC9-BD5B-886B2E8D9CFF}.Test|Any CPU.ActiveCfg = Release|Any CPU
		{8AC1366A-4D8A-4EC9-BD5B-886B2E8D9CFF}.Test|Any CPU.Build.0 = Release|Any CPU
		{8AC1366A-4D8A-4EC9-BD5B-886B2E8D9CFF}.Test|x64.ActiveCfg = Release|Any CPU
		{8AC1366A-4D8A-4EC9-BD5B-886B2E8D9CFF}.Test|x64.Build.0 = Release|Any CPU
		{8AC1366A-4D8A-4EC9-BD5B-886B2E8D9CFF}.Test|x86.ActiveCfg = Release|Any CPU
		{8AC1366A-4D8A-4EC9-BD5B-886B2E8D9CFF}.Test|x86.Build.0 = Release|Any CPU
		{07903DD6-2383-4E68-91CB-64F31F04640C}.Debug|Any CPU.ActiveCfg = Debug|Any CPU
		{07903DD6-2383-4E68-91CB-64F31F04640C}.Debug|Any CPU.Build.0 = Debug|Any CPU
		{07903DD6-2383-4E68-91CB-64F31F04640C}.Debug|x64.ActiveCfg = Debug|x64
		{07903DD6-2383-4E68-91CB-64F31F04640C}.Debug|x64.Build.0 = Debug|x64
		{07903DD6-2383-4E68-91CB-64F31F04640C}.Debug|x86.ActiveCfg = Debug|Any CPU
		{07903DD6-2383-4E68-91CB-64F31F04640C}.Debug|x86.Build.0 = Debug|Any CPU
		{07903DD6-2383-4E68-91CB-64F31F04640C}.Release|Any CPU.ActiveCfg = Release|Any CPU
		{07903DD6-2383-4E68-91CB-64F31F04640C}.Release|Any CPU.Build.0 = Release|Any CPU
		{07903DD6-2383-4E68-91CB-64F31F04640C}.Release|x64.ActiveCfg = Release|x64
		{07903DD6-2383-4E68-91CB-64F31F04640C}.Release|x64.Build.0 = Release|x64
		{07903DD6-2383-4E68-91CB-64F31F04640C}.Release|x86.ActiveCfg = Release|x86
		{07903DD6-2383-4E68-91CB-64F31F04640C}.Release|x86.Build.0 = Release|x86
		{07903DD6-2383-4E68-91CB-64F31F04640C}.ReleaseLocal|Any CPU.ActiveCfg = Release|Any CPU
		{07903DD6-2383-4E68-91CB-64F31F04640C}.ReleaseLocal|Any CPU.Build.0 = Release|Any CPU
		{07903DD6-2383-4E68-91CB-64F31F04640C}.ReleaseLocal|x64.ActiveCfg = Release|Any CPU
		{07903DD6-2383-4E68-91CB-64F31F04640C}.ReleaseLocal|x64.Build.0 = Release|Any CPU
		{07903DD6-2383-4E68-91CB-64F31F04640C}.ReleaseLocal|x86.ActiveCfg = Release|Any CPU
		{07903DD6-2383-4E68-91CB-64F31F04640C}.ReleaseLocal|x86.Build.0 = Release|Any CPU
		{07903DD6-2383-4E68-91CB-64F31F04640C}.Test|Any CPU.ActiveCfg = Release|Any CPU
		{07903DD6-2383-4E68-91CB-64F31F04640C}.Test|Any CPU.Build.0 = Release|Any CPU
		{07903DD6-2383-4E68-91CB-64F31F04640C}.Test|x64.ActiveCfg = Release|Any CPU
		{07903DD6-2383-4E68-91CB-64F31F04640C}.Test|x64.Build.0 = Release|Any CPU
		{07903DD6-2383-4E68-91CB-64F31F04640C}.Test|x86.ActiveCfg = Release|Any CPU
		{07903DD6-2383-4E68-91CB-64F31F04640C}.Test|x86.Build.0 = Release|Any CPU
		{8573F088-69E7-44E4-A774-4130E568FD56}.Debug|Any CPU.ActiveCfg = Debug|Any CPU
		{8573F088-69E7-44E4-A774-4130E568FD56}.Debug|Any CPU.Build.0 = Debug|Any CPU
		{8573F088-69E7-44E4-A774-4130E568FD56}.Debug|x64.ActiveCfg = Debug|x64
		{8573F088-69E7-44E4-A774-4130E568FD56}.Debug|x64.Build.0 = Debug|x64
		{8573F088-69E7-44E4-A774-4130E568FD56}.Debug|x86.ActiveCfg = Debug|Any CPU
		{8573F088-69E7-44E4-A774-4130E568FD56}.Debug|x86.Build.0 = Debug|Any CPU
		{8573F088-69E7-44E4-A774-4130E568FD56}.Release|Any CPU.ActiveCfg = Release|Any CPU
		{8573F088-69E7-44E4-A774-4130E568FD56}.Release|Any CPU.Build.0 = Release|Any CPU
		{8573F088-69E7-44E4-A774-4130E568FD56}.Release|x64.ActiveCfg = Release|x64
		{8573F088-69E7-44E4-A774-4130E568FD56}.Release|x64.Build.0 = Release|x64
		{8573F088-69E7-44E4-A774-4130E568FD56}.Release|x86.ActiveCfg = Release|x86
		{8573F088-69E7-44E4-A774-4130E568FD56}.Release|x86.Build.0 = Release|x86
		{8573F088-69E7-44E4-A774-4130E568FD56}.ReleaseLocal|Any CPU.ActiveCfg = Release|Any CPU
		{8573F088-69E7-44E4-A774-4130E568FD56}.ReleaseLocal|Any CPU.Build.0 = Release|Any CPU
		{8573F088-69E7-44E4-A774-4130E568FD56}.ReleaseLocal|x64.ActiveCfg = Release|x64
		{8573F088-69E7-44E4-A774-4130E568FD56}.ReleaseLocal|x64.Build.0 = Release|x64
		{8573F088-69E7-44E4-A774-4130E568FD56}.ReleaseLocal|x86.ActiveCfg = Release|Any CPU
		{8573F088-69E7-44E4-A774-4130E568FD56}.ReleaseLocal|x86.Build.0 = Release|Any CPU
		{8573F088-69E7-44E4-A774-4130E568FD56}.Test|Any CPU.ActiveCfg = Debug|Any CPU
		{8573F088-69E7-44E4-A774-4130E568FD56}.Test|Any CPU.Build.0 = Debug|Any CPU
		{8573F088-69E7-44E4-A774-4130E568FD56}.Test|x64.ActiveCfg = Release|x64
		{8573F088-69E7-44E4-A774-4130E568FD56}.Test|x64.Build.0 = Release|x64
		{8573F088-69E7-44E4-A774-4130E568FD56}.Test|x86.ActiveCfg = Debug|Any CPU
		{8573F088-69E7-44E4-A774-4130E568FD56}.Test|x86.Build.0 = Debug|Any CPU
		{EE881C21-1E2A-41A0-ADB9-177B53435699}.Debug|Any CPU.ActiveCfg = Debug|Any CPU
		{EE881C21-1E2A-41A0-ADB9-177B53435699}.Debug|Any CPU.Build.0 = Debug|Any CPU
		{EE881C21-1E2A-41A0-ADB9-177B53435699}.Debug|x64.ActiveCfg = Debug|x64
		{EE881C21-1E2A-41A0-ADB9-177B53435699}.Debug|x64.Build.0 = Debug|x64
		{EE881C21-1E2A-41A0-ADB9-177B53435699}.Debug|x86.ActiveCfg = Debug|Any CPU
		{EE881C21-1E2A-41A0-ADB9-177B53435699}.Debug|x86.Build.0 = Debug|Any CPU
		{EE881C21-1E2A-41A0-ADB9-177B53435699}.Release|Any CPU.ActiveCfg = Release|Any CPU
		{EE881C21-1E2A-41A0-ADB9-177B53435699}.Release|Any CPU.Build.0 = Release|Any CPU
		{EE881C21-1E2A-41A0-ADB9-177B53435699}.Release|x64.ActiveCfg = Release|x64
		{EE881C21-1E2A-41A0-ADB9-177B53435699}.Release|x64.Build.0 = Release|x64
		{EE881C21-1E2A-41A0-ADB9-177B53435699}.Release|x86.ActiveCfg = Release|x86
		{EE881C21-1E2A-41A0-ADB9-177B53435699}.Release|x86.Build.0 = Release|x86
		{EE881C21-1E2A-41A0-ADB9-177B53435699}.ReleaseLocal|Any CPU.ActiveCfg = Release|Any CPU
		{EE881C21-1E2A-41A0-ADB9-177B53435699}.ReleaseLocal|Any CPU.Build.0 = Release|Any CPU
		{EE881C21-1E2A-41A0-ADB9-177B53435699}.ReleaseLocal|x64.ActiveCfg = Release|x64
		{EE881C21-1E2A-41A0-ADB9-177B53435699}.ReleaseLocal|x64.Build.0 = Release|x64
		{EE881C21-1E2A-41A0-ADB9-177B53435699}.ReleaseLocal|x86.ActiveCfg = Release|Any CPU
		{EE881C21-1E2A-41A0-ADB9-177B53435699}.ReleaseLocal|x86.Build.0 = Release|Any CPU
		{EE881C21-1E2A-41A0-ADB9-177B53435699}.Test|Any CPU.ActiveCfg = Debug|Any CPU
		{EE881C21-1E2A-41A0-ADB9-177B53435699}.Test|Any CPU.Build.0 = Debug|Any CPU
		{EE881C21-1E2A-41A0-ADB9-177B53435699}.Test|x64.ActiveCfg = Release|x64
		{EE881C21-1E2A-41A0-ADB9-177B53435699}.Test|x64.Build.0 = Release|x64
		{EE881C21-1E2A-41A0-ADB9-177B53435699}.Test|x86.ActiveCfg = Debug|Any CPU
		{EE881C21-1E2A-41A0-ADB9-177B53435699}.Test|x86.Build.0 = Debug|Any CPU
		{17CFFA1D-3C93-4ECF-9B0A-27DE5D71DD90}.Debug|Any CPU.ActiveCfg = Debug|Any CPU
		{17CFFA1D-3C93-4ECF-9B0A-27DE5D71DD90}.Debug|Any CPU.Build.0 = Debug|Any CPU
		{17CFFA1D-3C93-4ECF-9B0A-27DE5D71DD90}.Debug|x64.ActiveCfg = Debug|x64
		{17CFFA1D-3C93-4ECF-9B0A-27DE5D71DD90}.Debug|x64.Build.0 = Debug|x64
		{17CFFA1D-3C93-4ECF-9B0A-27DE5D71DD90}.Debug|x86.ActiveCfg = Debug|Any CPU
		{17CFFA1D-3C93-4ECF-9B0A-27DE5D71DD90}.Debug|x86.Build.0 = Debug|Any CPU
		{17CFFA1D-3C93-4ECF-9B0A-27DE5D71DD90}.Release|Any CPU.ActiveCfg = Release|Any CPU
		{17CFFA1D-3C93-4ECF-9B0A-27DE5D71DD90}.Release|Any CPU.Build.0 = Release|Any CPU
		{17CFFA1D-3C93-4ECF-9B0A-27DE5D71DD90}.Release|x64.ActiveCfg = Release|x64
		{17CFFA1D-3C93-4ECF-9B0A-27DE5D71DD90}.Release|x64.Build.0 = Release|x64
		{17CFFA1D-3C93-4ECF-9B0A-27DE5D71DD90}.Release|x86.ActiveCfg = Release|x86
		{17CFFA1D-3C93-4ECF-9B0A-27DE5D71DD90}.Release|x86.Build.0 = Release|x86
		{17CFFA1D-3C93-4ECF-9B0A-27DE5D71DD90}.ReleaseLocal|Any CPU.ActiveCfg = Release|Any CPU
		{17CFFA1D-3C93-4ECF-9B0A-27DE5D71DD90}.ReleaseLocal|Any CPU.Build.0 = Release|Any CPU
		{17CFFA1D-3C93-4ECF-9B0A-27DE5D71DD90}.ReleaseLocal|x64.ActiveCfg = Release|x64
		{17CFFA1D-3C93-4ECF-9B0A-27DE5D71DD90}.ReleaseLocal|x64.Build.0 = Release|x64
		{17CFFA1D-3C93-4ECF-9B0A-27DE5D71DD90}.ReleaseLocal|x86.ActiveCfg = Release|Any CPU
		{17CFFA1D-3C93-4ECF-9B0A-27DE5D71DD90}.ReleaseLocal|x86.Build.0 = Release|Any CPU
		{17CFFA1D-3C93-4ECF-9B0A-27DE5D71DD90}.Test|Any CPU.ActiveCfg = Debug|Any CPU
		{17CFFA1D-3C93-4ECF-9B0A-27DE5D71DD90}.Test|Any CPU.Build.0 = Debug|Any CPU
		{17CFFA1D-3C93-4ECF-9B0A-27DE5D71DD90}.Test|x64.ActiveCfg = Release|x64
		{17CFFA1D-3C93-4ECF-9B0A-27DE5D71DD90}.Test|x64.Build.0 = Release|x64
		{17CFFA1D-3C93-4ECF-9B0A-27DE5D71DD90}.Test|x86.ActiveCfg = Debug|Any CPU
		{17CFFA1D-3C93-4ECF-9B0A-27DE5D71DD90}.Test|x86.Build.0 = Debug|Any CPU
		{10C3B514-5F74-4428-A36B-7B9B1BB5C789}.Debug|Any CPU.ActiveCfg = Debug|Any CPU
		{10C3B514-5F74-4428-A36B-7B9B1BB5C789}.Debug|Any CPU.Build.0 = Debug|Any CPU
		{10C3B514-5F74-4428-A36B-7B9B1BB5C789}.Debug|x64.ActiveCfg = Debug|x64
		{10C3B514-5F74-4428-A36B-7B9B1BB5C789}.Debug|x64.Build.0 = Debug|x64
		{10C3B514-5F74-4428-A36B-7B9B1BB5C789}.Debug|x86.ActiveCfg = Debug|Any CPU
		{10C3B514-5F74-4428-A36B-7B9B1BB5C789}.Debug|x86.Build.0 = Debug|Any CPU
		{10C3B514-5F74-4428-A36B-7B9B1BB5C789}.Release|Any CPU.ActiveCfg = Release|Any CPU
		{10C3B514-5F74-4428-A36B-7B9B1BB5C789}.Release|Any CPU.Build.0 = Release|Any CPU
		{10C3B514-5F74-4428-A36B-7B9B1BB5C789}.Release|x64.ActiveCfg = Release|x64
		{10C3B514-5F74-4428-A36B-7B9B1BB5C789}.Release|x64.Build.0 = Release|x64
		{10C3B514-5F74-4428-A36B-7B9B1BB5C789}.Release|x86.ActiveCfg = Release|x86
		{10C3B514-5F74-4428-A36B-7B9B1BB5C789}.Release|x86.Build.0 = Release|x86
		{10C3B514-5F74-4428-A36B-7B9B1BB5C789}.ReleaseLocal|Any CPU.ActiveCfg = Release|Any CPU
		{10C3B514-5F74-4428-A36B-7B9B1BB5C789}.ReleaseLocal|Any CPU.Build.0 = Release|Any CPU
		{10C3B514-5F74-4428-A36B-7B9B1BB5C789}.ReleaseLocal|x64.ActiveCfg = Release|x64
		{10C3B514-5F74-4428-A36B-7B9B1BB5C789}.ReleaseLocal|x64.Build.0 = Release|x64
		{10C3B514-5F74-4428-A36B-7B9B1BB5C789}.ReleaseLocal|x86.ActiveCfg = Release|Any CPU
		{10C3B514-5F74-4428-A36B-7B9B1BB5C789}.ReleaseLocal|x86.Build.0 = Release|Any CPU
		{10C3B514-5F74-4428-A36B-7B9B1BB5C789}.Test|Any CPU.ActiveCfg = Debug|Any CPU
		{10C3B514-5F74-4428-A36B-7B9B1BB5C789}.Test|Any CPU.Build.0 = Debug|Any CPU
		{10C3B514-5F74-4428-A36B-7B9B1BB5C789}.Test|x64.ActiveCfg = Release|x64
		{10C3B514-5F74-4428-A36B-7B9B1BB5C789}.Test|x64.Build.0 = Release|x64
		{10C3B514-5F74-4428-A36B-7B9B1BB5C789}.Test|x86.ActiveCfg = Debug|Any CPU
		{10C3B514-5F74-4428-A36B-7B9B1BB5C789}.Test|x86.Build.0 = Debug|Any CPU
		{A1E2F148-8602-4B8A-A8D6-72B4E917A445}.Debug|Any CPU.ActiveCfg = Debug|Any CPU
		{A1E2F148-8602-4B8A-A8D6-72B4E917A445}.Debug|Any CPU.Build.0 = Debug|Any CPU
		{A1E2F148-8602-4B8A-A8D6-72B4E917A445}.Debug|x64.ActiveCfg = Debug|x64
		{A1E2F148-8602-4B8A-A8D6-72B4E917A445}.Debug|x64.Build.0 = Debug|x64
		{A1E2F148-8602-4B8A-A8D6-72B4E917A445}.Debug|x86.ActiveCfg = Debug|Any CPU
		{A1E2F148-8602-4B8A-A8D6-72B4E917A445}.Debug|x86.Build.0 = Debug|Any CPU
		{A1E2F148-8602-4B8A-A8D6-72B4E917A445}.Release|Any CPU.ActiveCfg = Release|Any CPU
		{A1E2F148-8602-4B8A-A8D6-72B4E917A445}.Release|Any CPU.Build.0 = Release|Any CPU
		{A1E2F148-8602-4B8A-A8D6-72B4E917A445}.Release|x64.ActiveCfg = Release|x64
		{A1E2F148-8602-4B8A-A8D6-72B4E917A445}.Release|x64.Build.0 = Release|x64
		{A1E2F148-8602-4B8A-A8D6-72B4E917A445}.Release|x86.ActiveCfg = Release|x86
		{A1E2F148-8602-4B8A-A8D6-72B4E917A445}.Release|x86.Build.0 = Release|x86
		{A1E2F148-8602-4B8A-A8D6-72B4E917A445}.ReleaseLocal|Any CPU.ActiveCfg = Release|Any CPU
		{A1E2F148-8602-4B8A-A8D6-72B4E917A445}.ReleaseLocal|Any CPU.Build.0 = Release|Any CPU
		{A1E2F148-8602-4B8A-A8D6-72B4E917A445}.ReleaseLocal|x64.ActiveCfg = Release|x64
		{A1E2F148-8602-4B8A-A8D6-72B4E917A445}.ReleaseLocal|x64.Build.0 = Release|x64
		{A1E2F148-8602-4B8A-A8D6-72B4E917A445}.ReleaseLocal|x86.ActiveCfg = Release|Any CPU
		{A1E2F148-8602-4B8A-A8D6-72B4E917A445}.ReleaseLocal|x86.Build.0 = Release|Any CPU
		{A1E2F148-8602-4B8A-A8D6-72B4E917A445}.Test|Any CPU.ActiveCfg = Debug|Any CPU
		{A1E2F148-8602-4B8A-A8D6-72B4E917A445}.Test|Any CPU.Build.0 = Debug|Any CPU
		{A1E2F148-8602-4B8A-A8D6-72B4E917A445}.Test|x64.ActiveCfg = Release|x64
		{A1E2F148-8602-4B8A-A8D6-72B4E917A445}.Test|x64.Build.0 = Release|x64
		{A1E2F148-8602-4B8A-A8D6-72B4E917A445}.Test|x86.ActiveCfg = Debug|Any CPU
		{A1E2F148-8602-4B8A-A8D6-72B4E917A445}.Test|x86.Build.0 = Debug|Any CPU
		{8FF8B90D-3611-48E3-9355-E0B776E882B1}.Debug|Any CPU.ActiveCfg = Debug|Any CPU
		{8FF8B90D-3611-48E3-9355-E0B776E882B1}.Debug|Any CPU.Build.0 = Debug|Any CPU
		{8FF8B90D-3611-48E3-9355-E0B776E882B1}.Debug|x64.ActiveCfg = Debug|x64
		{8FF8B90D-3611-48E3-9355-E0B776E882B1}.Debug|x64.Build.0 = Debug|x64
		{8FF8B90D-3611-48E3-9355-E0B776E882B1}.Debug|x86.ActiveCfg = Debug|x86
		{8FF8B90D-3611-48E3-9355-E0B776E882B1}.Debug|x86.Build.0 = Debug|x86
		{8FF8B90D-3611-48E3-9355-E0B776E882B1}.Release|Any CPU.ActiveCfg = Release|Any CPU
		{8FF8B90D-3611-48E3-9355-E0B776E882B1}.Release|Any CPU.Build.0 = Release|Any CPU
		{8FF8B90D-3611-48E3-9355-E0B776E882B1}.Release|x64.ActiveCfg = Release|x64
		{8FF8B90D-3611-48E3-9355-E0B776E882B1}.Release|x64.Build.0 = Release|x64
		{8FF8B90D-3611-48E3-9355-E0B776E882B1}.Release|x86.ActiveCfg = Release|x86
		{8FF8B90D-3611-48E3-9355-E0B776E882B1}.Release|x86.Build.0 = Release|x86
		{8FF8B90D-3611-48E3-9355-E0B776E882B1}.ReleaseLocal|Any CPU.ActiveCfg = Release|Any CPU
		{8FF8B90D-3611-48E3-9355-E0B776E882B1}.ReleaseLocal|Any CPU.Build.0 = Release|Any CPU
		{8FF8B90D-3611-48E3-9355-E0B776E882B1}.ReleaseLocal|x64.ActiveCfg = Release|x64
		{8FF8B90D-3611-48E3-9355-E0B776E882B1}.ReleaseLocal|x64.Build.0 = Release|x64
		{8FF8B90D-3611-48E3-9355-E0B776E882B1}.ReleaseLocal|x86.ActiveCfg = Release|x86
		{8FF8B90D-3611-48E3-9355-E0B776E882B1}.ReleaseLocal|x86.Build.0 = Release|x86
		{8FF8B90D-3611-48E3-9355-E0B776E882B1}.Test|Any CPU.ActiveCfg = Release|Any CPU
		{8FF8B90D-3611-48E3-9355-E0B776E882B1}.Test|Any CPU.Build.0 = Release|Any CPU
		{8FF8B90D-3611-48E3-9355-E0B776E882B1}.Test|x64.ActiveCfg = Release|x64
		{8FF8B90D-3611-48E3-9355-E0B776E882B1}.Test|x64.Build.0 = Release|x64
		{8FF8B90D-3611-48E3-9355-E0B776E882B1}.Test|x86.ActiveCfg = Release|x86
		{8FF8B90D-3611-48E3-9355-E0B776E882B1}.Test|x86.Build.0 = Release|x86
		{543A85AB-37E8-4DB6-B51A-07B719A4DF2E}.Debug|Any CPU.ActiveCfg = Debug|Any CPU
		{543A85AB-37E8-4DB6-B51A-07B719A4DF2E}.Debug|Any CPU.Build.0 = Debug|Any CPU
		{543A85AB-37E8-4DB6-B51A-07B719A4DF2E}.Debug|x64.ActiveCfg = Debug|x64
		{543A85AB-37E8-4DB6-B51A-07B719A4DF2E}.Debug|x64.Build.0 = Debug|x64
		{543A85AB-37E8-4DB6-B51A-07B719A4DF2E}.Debug|x86.ActiveCfg = Debug|x86
		{543A85AB-37E8-4DB6-B51A-07B719A4DF2E}.Debug|x86.Build.0 = Debug|x86
		{543A85AB-37E8-4DB6-B51A-07B719A4DF2E}.Release|Any CPU.ActiveCfg = Release|Any CPU
		{543A85AB-37E8-4DB6-B51A-07B719A4DF2E}.Release|Any CPU.Build.0 = Release|Any CPU
		{543A85AB-37E8-4DB6-B51A-07B719A4DF2E}.Release|x64.ActiveCfg = Release|x64
		{543A85AB-37E8-4DB6-B51A-07B719A4DF2E}.Release|x64.Build.0 = Release|x64
		{543A85AB-37E8-4DB6-B51A-07B719A4DF2E}.Release|x86.ActiveCfg = Release|x86
		{543A85AB-37E8-4DB6-B51A-07B719A4DF2E}.Release|x86.Build.0 = Release|x86
		{543A85AB-37E8-4DB6-B51A-07B719A4DF2E}.ReleaseLocal|Any CPU.ActiveCfg = Release|Any CPU
		{543A85AB-37E8-4DB6-B51A-07B719A4DF2E}.ReleaseLocal|Any CPU.Build.0 = Release|Any CPU
		{543A85AB-37E8-4DB6-B51A-07B719A4DF2E}.ReleaseLocal|x64.ActiveCfg = Release|x64
		{543A85AB-37E8-4DB6-B51A-07B719A4DF2E}.ReleaseLocal|x64.Build.0 = Release|x64
		{543A85AB-37E8-4DB6-B51A-07B719A4DF2E}.ReleaseLocal|x86.ActiveCfg = Release|x86
		{543A85AB-37E8-4DB6-B51A-07B719A4DF2E}.ReleaseLocal|x86.Build.0 = Release|x86
		{543A85AB-37E8-4DB6-B51A-07B719A4DF2E}.Test|Any CPU.ActiveCfg = Release|Any CPU
		{543A85AB-37E8-4DB6-B51A-07B719A4DF2E}.Test|Any CPU.Build.0 = Release|Any CPU
		{543A85AB-37E8-4DB6-B51A-07B719A4DF2E}.Test|x64.ActiveCfg = Release|x64
		{543A85AB-37E8-4DB6-B51A-07B719A4DF2E}.Test|x64.Build.0 = Release|x64
		{543A85AB-37E8-4DB6-B51A-07B719A4DF2E}.Test|x86.ActiveCfg = Release|x86
		{543A85AB-37E8-4DB6-B51A-07B719A4DF2E}.Test|x86.Build.0 = Release|x86
		{E2FF593A-E2D4-45F7-B53A-3AF3F7199E6A}.Debug|Any CPU.ActiveCfg = Debug|Any CPU
		{E2FF593A-E2D4-45F7-B53A-3AF3F7199E6A}.Debug|Any CPU.Build.0 = Debug|Any CPU
		{E2FF593A-E2D4-45F7-B53A-3AF3F7199E6A}.Debug|x64.ActiveCfg = Debug|x64
		{E2FF593A-E2D4-45F7-B53A-3AF3F7199E6A}.Debug|x64.Build.0 = Debug|x64
		{E2FF593A-E2D4-45F7-B53A-3AF3F7199E6A}.Debug|x86.ActiveCfg = Debug|Any CPU
		{E2FF593A-E2D4-45F7-B53A-3AF3F7199E6A}.Debug|x86.Build.0 = Debug|Any CPU
		{E2FF593A-E2D4-45F7-B53A-3AF3F7199E6A}.Release|Any CPU.ActiveCfg = Release|Any CPU
		{E2FF593A-E2D4-45F7-B53A-3AF3F7199E6A}.Release|Any CPU.Build.0 = Release|Any CPU
		{E2FF593A-E2D4-45F7-B53A-3AF3F7199E6A}.Release|x64.ActiveCfg = Release|x64
		{E2FF593A-E2D4-45F7-B53A-3AF3F7199E6A}.Release|x64.Build.0 = Release|x64
		{E2FF593A-E2D4-45F7-B53A-3AF3F7199E6A}.Release|x86.ActiveCfg = Release|Any CPU
		{E2FF593A-E2D4-45F7-B53A-3AF3F7199E6A}.Release|x86.Build.0 = Release|Any CPU
		{E2FF593A-E2D4-45F7-B53A-3AF3F7199E6A}.ReleaseLocal|Any CPU.ActiveCfg = Release|Any CPU
		{E2FF593A-E2D4-45F7-B53A-3AF3F7199E6A}.ReleaseLocal|Any CPU.Build.0 = Release|Any CPU
		{E2FF593A-E2D4-45F7-B53A-3AF3F7199E6A}.ReleaseLocal|x64.ActiveCfg = Release|x64
		{E2FF593A-E2D4-45F7-B53A-3AF3F7199E6A}.ReleaseLocal|x64.Build.0 = Release|x64
		{E2FF593A-E2D4-45F7-B53A-3AF3F7199E6A}.ReleaseLocal|x86.ActiveCfg = Release|Any CPU
		{E2FF593A-E2D4-45F7-B53A-3AF3F7199E6A}.ReleaseLocal|x86.Build.0 = Release|Any CPU
		{E2FF593A-E2D4-45F7-B53A-3AF3F7199E6A}.Test|Any CPU.ActiveCfg = Debug|Any CPU
		{E2FF593A-E2D4-45F7-B53A-3AF3F7199E6A}.Test|Any CPU.Build.0 = Debug|Any CPU
		{E2FF593A-E2D4-45F7-B53A-3AF3F7199E6A}.Test|x64.ActiveCfg = Release|x64
		{E2FF593A-E2D4-45F7-B53A-3AF3F7199E6A}.Test|x64.Build.0 = Release|x64
		{E2FF593A-E2D4-45F7-B53A-3AF3F7199E6A}.Test|x86.ActiveCfg = Debug|Any CPU
		{E2FF593A-E2D4-45F7-B53A-3AF3F7199E6A}.Test|x86.Build.0 = Debug|Any CPU
		{267BDC6C-00BB-457C-8097-8ED6D4761122}.Debug|Any CPU.ActiveCfg = Debug|Any CPU
		{267BDC6C-00BB-457C-8097-8ED6D4761122}.Debug|Any CPU.Build.0 = Debug|Any CPU
		{267BDC6C-00BB-457C-8097-8ED6D4761122}.Debug|x64.ActiveCfg = Debug|x64
		{267BDC6C-00BB-457C-8097-8ED6D4761122}.Debug|x64.Build.0 = Debug|x64
		{267BDC6C-00BB-457C-8097-8ED6D4761122}.Debug|x86.ActiveCfg = Debug|Any CPU
		{267BDC6C-00BB-457C-8097-8ED6D4761122}.Debug|x86.Build.0 = Debug|Any CPU
		{267BDC6C-00BB-457C-8097-8ED6D4761122}.Release|Any CPU.ActiveCfg = Release|Any CPU
		{267BDC6C-00BB-457C-8097-8ED6D4761122}.Release|Any CPU.Build.0 = Release|Any CPU
		{267BDC6C-00BB-457C-8097-8ED6D4761122}.Release|x64.ActiveCfg = Release|x64
		{267BDC6C-00BB-457C-8097-8ED6D4761122}.Release|x64.Build.0 = Release|x64
		{267BDC6C-00BB-457C-8097-8ED6D4761122}.Release|x86.ActiveCfg = Release|Any CPU
		{267BDC6C-00BB-457C-8097-8ED6D4761122}.Release|x86.Build.0 = Release|Any CPU
		{267BDC6C-00BB-457C-8097-8ED6D4761122}.ReleaseLocal|Any CPU.ActiveCfg = Release|Any CPU
		{267BDC6C-00BB-457C-8097-8ED6D4761122}.ReleaseLocal|Any CPU.Build.0 = Release|Any CPU
		{267BDC6C-00BB-457C-8097-8ED6D4761122}.ReleaseLocal|x64.ActiveCfg = Release|x64
		{267BDC6C-00BB-457C-8097-8ED6D4761122}.ReleaseLocal|x64.Build.0 = Release|x64
		{267BDC6C-00BB-457C-8097-8ED6D4761122}.ReleaseLocal|x86.ActiveCfg = Release|Any CPU
		{267BDC6C-00BB-457C-8097-8ED6D4761122}.ReleaseLocal|x86.Build.0 = Release|Any CPU
		{267BDC6C-00BB-457C-8097-8ED6D4761122}.Test|Any CPU.ActiveCfg = Release|Any CPU
		{267BDC6C-00BB-457C-8097-8ED6D4761122}.Test|Any CPU.Build.0 = Release|Any CPU
		{267BDC6C-00BB-457C-8097-8ED6D4761122}.Test|x64.ActiveCfg = Release|x64
		{267BDC6C-00BB-457C-8097-8ED6D4761122}.Test|x64.Build.0 = Release|x64
		{267BDC6C-00BB-457C-8097-8ED6D4761122}.Test|x86.ActiveCfg = Release|Any CPU
		{267BDC6C-00BB-457C-8097-8ED6D4761122}.Test|x86.Build.0 = Release|Any CPU
		{FB6C1CC8-1992-40AE-92B0-3FB490EEE30A}.Debug|Any CPU.ActiveCfg = Debug|Any CPU
		{FB6C1CC8-1992-40AE-92B0-3FB490EEE30A}.Debug|Any CPU.Build.0 = Debug|Any CPU
		{FB6C1CC8-1992-40AE-92B0-3FB490EEE30A}.Debug|x64.ActiveCfg = Debug|x64
		{FB6C1CC8-1992-40AE-92B0-3FB490EEE30A}.Debug|x64.Build.0 = Debug|x64
		{FB6C1CC8-1992-40AE-92B0-3FB490EEE30A}.Debug|x86.ActiveCfg = Debug|Any CPU
		{FB6C1CC8-1992-40AE-92B0-3FB490EEE30A}.Debug|x86.Build.0 = Debug|Any CPU
		{FB6C1CC8-1992-40AE-92B0-3FB490EEE30A}.Release|Any CPU.ActiveCfg = Release|Any CPU
		{FB6C1CC8-1992-40AE-92B0-3FB490EEE30A}.Release|Any CPU.Build.0 = Release|Any CPU
		{FB6C1CC8-1992-40AE-92B0-3FB490EEE30A}.Release|x64.ActiveCfg = Release|x64
		{FB6C1CC8-1992-40AE-92B0-3FB490EEE30A}.Release|x64.Build.0 = Release|x64
		{FB6C1CC8-1992-40AE-92B0-3FB490EEE30A}.Release|x86.ActiveCfg = Release|Any CPU
		{FB6C1CC8-1992-40AE-92B0-3FB490EEE30A}.Release|x86.Build.0 = Release|Any CPU
		{FB6C1CC8-1992-40AE-92B0-3FB490EEE30A}.ReleaseLocal|Any CPU.ActiveCfg = Release|Any CPU
		{FB6C1CC8-1992-40AE-92B0-3FB490EEE30A}.ReleaseLocal|Any CPU.Build.0 = Release|Any CPU
		{FB6C1CC8-1992-40AE-92B0-3FB490EEE30A}.ReleaseLocal|x64.ActiveCfg = Release|x64
		{FB6C1CC8-1992-40AE-92B0-3FB490EEE30A}.ReleaseLocal|x64.Build.0 = Release|x64
		{FB6C1CC8-1992-40AE-92B0-3FB490EEE30A}.ReleaseLocal|x86.ActiveCfg = Release|Any CPU
		{FB6C1CC8-1992-40AE-92B0-3FB490EEE30A}.ReleaseLocal|x86.Build.0 = Release|Any CPU
		{FB6C1CC8-1992-40AE-92B0-3FB490EEE30A}.Test|Any CPU.ActiveCfg = Debug|Any CPU
		{FB6C1CC8-1992-40AE-92B0-3FB490EEE30A}.Test|Any CPU.Build.0 = Debug|Any CPU
		{FB6C1CC8-1992-40AE-92B0-3FB490EEE30A}.Test|x64.ActiveCfg = Release|x64
		{FB6C1CC8-1992-40AE-92B0-3FB490EEE30A}.Test|x64.Build.0 = Release|x64
		{FB6C1CC8-1992-40AE-92B0-3FB490EEE30A}.Test|x86.ActiveCfg = Debug|Any CPU
		{FB6C1CC8-1992-40AE-92B0-3FB490EEE30A}.Test|x86.Build.0 = Debug|Any CPU
		{3416F21E-F847-49FD-A8B3-0894AE738769}.Debug|Any CPU.ActiveCfg = Debug|Any CPU
		{3416F21E-F847-49FD-A8B3-0894AE738769}.Debug|Any CPU.Build.0 = Debug|Any CPU
		{3416F21E-F847-49FD-A8B3-0894AE738769}.Debug|x64.ActiveCfg = Debug|Any CPU
		{3416F21E-F847-49FD-A8B3-0894AE738769}.Debug|x64.Build.0 = Debug|Any CPU
		{3416F21E-F847-49FD-A8B3-0894AE738769}.Debug|x86.ActiveCfg = Debug|Any CPU
		{3416F21E-F847-49FD-A8B3-0894AE738769}.Debug|x86.Build.0 = Debug|Any CPU
		{3416F21E-F847-49FD-A8B3-0894AE738769}.Release|Any CPU.ActiveCfg = Release|Any CPU
		{3416F21E-F847-49FD-A8B3-0894AE738769}.Release|Any CPU.Build.0 = Release|Any CPU
		{3416F21E-F847-49FD-A8B3-0894AE738769}.Release|x64.ActiveCfg = Release|Any CPU
		{3416F21E-F847-49FD-A8B3-0894AE738769}.Release|x64.Build.0 = Release|Any CPU
		{3416F21E-F847-49FD-A8B3-0894AE738769}.Release|x86.ActiveCfg = Release|Any CPU
		{3416F21E-F847-49FD-A8B3-0894AE738769}.Release|x86.Build.0 = Release|Any CPU
		{3416F21E-F847-49FD-A8B3-0894AE738769}.ReleaseLocal|Any CPU.ActiveCfg = Release|Any CPU
		{3416F21E-F847-49FD-A8B3-0894AE738769}.ReleaseLocal|Any CPU.Build.0 = Release|Any CPU
		{3416F21E-F847-49FD-A8B3-0894AE738769}.ReleaseLocal|x64.ActiveCfg = Release|Any CPU
		{3416F21E-F847-49FD-A8B3-0894AE738769}.ReleaseLocal|x64.Build.0 = Release|Any CPU
		{3416F21E-F847-49FD-A8B3-0894AE738769}.ReleaseLocal|x86.ActiveCfg = Release|Any CPU
		{3416F21E-F847-49FD-A8B3-0894AE738769}.ReleaseLocal|x86.Build.0 = Release|Any CPU
		{3416F21E-F847-49FD-A8B3-0894AE738769}.Test|Any CPU.ActiveCfg = Debug|Any CPU
		{3416F21E-F847-49FD-A8B3-0894AE738769}.Test|Any CPU.Build.0 = Debug|Any CPU
		{3416F21E-F847-49FD-A8B3-0894AE738769}.Test|x64.ActiveCfg = Debug|Any CPU
		{3416F21E-F847-49FD-A8B3-0894AE738769}.Test|x64.Build.0 = Debug|Any CPU
		{3416F21E-F847-49FD-A8B3-0894AE738769}.Test|x86.ActiveCfg = Debug|Any CPU
		{3416F21E-F847-49FD-A8B3-0894AE738769}.Test|x86.Build.0 = Debug|Any CPU
		{FFAADEFC-BD31-46AB-B955-B58DDCAFE13B}.Debug|Any CPU.ActiveCfg = Debug|Any CPU
		{FFAADEFC-BD31-46AB-B955-B58DDCAFE13B}.Debug|Any CPU.Build.0 = Debug|Any CPU
		{FFAADEFC-BD31-46AB-B955-B58DDCAFE13B}.Debug|x64.ActiveCfg = Debug|x64
		{FFAADEFC-BD31-46AB-B955-B58DDCAFE13B}.Debug|x64.Build.0 = Debug|x64
		{FFAADEFC-BD31-46AB-B955-B58DDCAFE13B}.Debug|x86.ActiveCfg = Debug|Any CPU
		{FFAADEFC-BD31-46AB-B955-B58DDCAFE13B}.Debug|x86.Build.0 = Debug|Any CPU
		{FFAADEFC-BD31-46AB-B955-B58DDCAFE13B}.Release|Any CPU.ActiveCfg = Release|Any CPU
		{FFAADEFC-BD31-46AB-B955-B58DDCAFE13B}.Release|Any CPU.Build.0 = Release|Any CPU
		{FFAADEFC-BD31-46AB-B955-B58DDCAFE13B}.Release|x64.ActiveCfg = Release|x64
		{FFAADEFC-BD31-46AB-B955-B58DDCAFE13B}.Release|x64.Build.0 = Release|x64
		{FFAADEFC-BD31-46AB-B955-B58DDCAFE13B}.Release|x86.ActiveCfg = Release|Any CPU
		{FFAADEFC-BD31-46AB-B955-B58DDCAFE13B}.Release|x86.Build.0 = Release|Any CPU
		{FFAADEFC-BD31-46AB-B955-B58DDCAFE13B}.ReleaseLocal|Any CPU.ActiveCfg = Release|Any CPU
		{FFAADEFC-BD31-46AB-B955-B58DDCAFE13B}.ReleaseLocal|Any CPU.Build.0 = Release|Any CPU
		{FFAADEFC-BD31-46AB-B955-B58DDCAFE13B}.ReleaseLocal|x64.ActiveCfg = Release|x64
		{FFAADEFC-BD31-46AB-B955-B58DDCAFE13B}.ReleaseLocal|x64.Build.0 = Release|x64
		{FFAADEFC-BD31-46AB-B955-B58DDCAFE13B}.ReleaseLocal|x86.ActiveCfg = Release|Any CPU
		{FFAADEFC-BD31-46AB-B955-B58DDCAFE13B}.ReleaseLocal|x86.Build.0 = Release|Any CPU
		{FFAADEFC-BD31-46AB-B955-B58DDCAFE13B}.Test|Any CPU.ActiveCfg = Debug|Any CPU
		{FFAADEFC-BD31-46AB-B955-B58DDCAFE13B}.Test|Any CPU.Build.0 = Debug|Any CPU
		{FFAADEFC-BD31-46AB-B955-B58DDCAFE13B}.Test|x64.ActiveCfg = Release|x64
		{FFAADEFC-BD31-46AB-B955-B58DDCAFE13B}.Test|x64.Build.0 = Release|x64
		{FFAADEFC-BD31-46AB-B955-B58DDCAFE13B}.Test|x86.ActiveCfg = Debug|Any CPU
		{FFAADEFC-BD31-46AB-B955-B58DDCAFE13B}.Test|x86.Build.0 = Debug|Any CPU
		{E5945D18-BA0B-4395-8297-5A054BBF7BD0}.Debug|Any CPU.ActiveCfg = Debug|Any CPU
		{E5945D18-BA0B-4395-8297-5A054BBF7BD0}.Debug|Any CPU.Build.0 = Debug|Any CPU
		{E5945D18-BA0B-4395-8297-5A054BBF7BD0}.Debug|x64.ActiveCfg = Debug|x64
		{E5945D18-BA0B-4395-8297-5A054BBF7BD0}.Debug|x64.Build.0 = Debug|x64
		{E5945D18-BA0B-4395-8297-5A054BBF7BD0}.Debug|x86.ActiveCfg = Debug|Any CPU
		{E5945D18-BA0B-4395-8297-5A054BBF7BD0}.Debug|x86.Build.0 = Debug|Any CPU
		{E5945D18-BA0B-4395-8297-5A054BBF7BD0}.Release|Any CPU.ActiveCfg = Release|Any CPU
		{E5945D18-BA0B-4395-8297-5A054BBF7BD0}.Release|Any CPU.Build.0 = Release|Any CPU
		{E5945D18-BA0B-4395-8297-5A054BBF7BD0}.Release|x64.ActiveCfg = Release|x64
		{E5945D18-BA0B-4395-8297-5A054BBF7BD0}.Release|x64.Build.0 = Release|x64
		{E5945D18-BA0B-4395-8297-5A054BBF7BD0}.Release|x86.ActiveCfg = Release|Any CPU
		{E5945D18-BA0B-4395-8297-5A054BBF7BD0}.Release|x86.Build.0 = Release|Any CPU
		{E5945D18-BA0B-4395-8297-5A054BBF7BD0}.ReleaseLocal|Any CPU.ActiveCfg = Release|Any CPU
		{E5945D18-BA0B-4395-8297-5A054BBF7BD0}.ReleaseLocal|Any CPU.Build.0 = Release|Any CPU
		{E5945D18-BA0B-4395-8297-5A054BBF7BD0}.ReleaseLocal|x64.ActiveCfg = Release|x64
		{E5945D18-BA0B-4395-8297-5A054BBF7BD0}.ReleaseLocal|x64.Build.0 = Release|x64
		{E5945D18-BA0B-4395-8297-5A054BBF7BD0}.ReleaseLocal|x86.ActiveCfg = Release|Any CPU
		{E5945D18-BA0B-4395-8297-5A054BBF7BD0}.ReleaseLocal|x86.Build.0 = Release|Any CPU
		{E5945D18-BA0B-4395-8297-5A054BBF7BD0}.Test|Any CPU.ActiveCfg = Debug|Any CPU
		{E5945D18-BA0B-4395-8297-5A054BBF7BD0}.Test|Any CPU.Build.0 = Debug|Any CPU
		{E5945D18-BA0B-4395-8297-5A054BBF7BD0}.Test|x64.ActiveCfg = Release|x64
		{E5945D18-BA0B-4395-8297-5A054BBF7BD0}.Test|x64.Build.0 = Release|x64
		{E5945D18-BA0B-4395-8297-5A054BBF7BD0}.Test|x86.ActiveCfg = Debug|Any CPU
		{E5945D18-BA0B-4395-8297-5A054BBF7BD0}.Test|x86.Build.0 = Debug|Any CPU
		{6EEB284B-1BA3-4CEC-975C-752D32A3BC19}.Debug|Any CPU.ActiveCfg = Debug|Any CPU
		{6EEB284B-1BA3-4CEC-975C-752D32A3BC19}.Debug|Any CPU.Build.0 = Debug|Any CPU
		{6EEB284B-1BA3-4CEC-975C-752D32A3BC19}.Debug|x64.ActiveCfg = Debug|x64
		{6EEB284B-1BA3-4CEC-975C-752D32A3BC19}.Debug|x64.Build.0 = Debug|x64
		{6EEB284B-1BA3-4CEC-975C-752D32A3BC19}.Debug|x86.ActiveCfg = Debug|Any CPU
		{6EEB284B-1BA3-4CEC-975C-752D32A3BC19}.Debug|x86.Build.0 = Debug|Any CPU
		{6EEB284B-1BA3-4CEC-975C-752D32A3BC19}.Release|Any CPU.ActiveCfg = Release|Any CPU
		{6EEB284B-1BA3-4CEC-975C-752D32A3BC19}.Release|Any CPU.Build.0 = Release|Any CPU
		{6EEB284B-1BA3-4CEC-975C-752D32A3BC19}.Release|x64.ActiveCfg = Release|x64
		{6EEB284B-1BA3-4CEC-975C-752D32A3BC19}.Release|x64.Build.0 = Release|x64
		{6EEB284B-1BA3-4CEC-975C-752D32A3BC19}.Release|x86.ActiveCfg = Release|Any CPU
		{6EEB284B-1BA3-4CEC-975C-752D32A3BC19}.Release|x86.Build.0 = Release|Any CPU
		{6EEB284B-1BA3-4CEC-975C-752D32A3BC19}.ReleaseLocal|Any CPU.ActiveCfg = Release|Any CPU
		{6EEB284B-1BA3-4CEC-975C-752D32A3BC19}.ReleaseLocal|Any CPU.Build.0 = Release|Any CPU
		{6EEB284B-1BA3-4CEC-975C-752D32A3BC19}.ReleaseLocal|x64.ActiveCfg = Release|x64
		{6EEB284B-1BA3-4CEC-975C-752D32A3BC19}.ReleaseLocal|x64.Build.0 = Release|x64
		{6EEB284B-1BA3-4CEC-975C-752D32A3BC19}.ReleaseLocal|x86.ActiveCfg = Release|Any CPU
		{6EEB284B-1BA3-4CEC-975C-752D32A3BC19}.ReleaseLocal|x86.Build.0 = Release|Any CPU
		{6EEB284B-1BA3-4CEC-975C-752D32A3BC19}.Test|Any CPU.ActiveCfg = Release|Any CPU
		{6EEB284B-1BA3-4CEC-975C-752D32A3BC19}.Test|Any CPU.Build.0 = Release|Any CPU
		{6EEB284B-1BA3-4CEC-975C-752D32A3BC19}.Test|x64.ActiveCfg = Release|x64
		{6EEB284B-1BA3-4CEC-975C-752D32A3BC19}.Test|x64.Build.0 = Release|x64
		{6EEB284B-1BA3-4CEC-975C-752D32A3BC19}.Test|x86.ActiveCfg = Release|Any CPU
		{6EEB284B-1BA3-4CEC-975C-752D32A3BC19}.Test|x86.Build.0 = Release|Any CPU
	EndGlobalSection
	GlobalSection(SolutionProperties) = preSolution
		HideSolutionNode = FALSE
	EndGlobalSection
	GlobalSection(ExtensibilityGlobals) = postSolution
		SolutionGuid = {2294431E-9ED9-4BB8-AEDA-305882A2919F}
	EndGlobalSection
	GlobalSection(Performance) = preSolution
		HasPerformanceSessions = true
	EndGlobalSection
	GlobalSection(Performance) = preSolution
		HasPerformanceSessions = true
	EndGlobalSection
	GlobalSection(Performance) = preSolution
		HasPerformanceSessions = true
	EndGlobalSection
	GlobalSection(Performance) = preSolution
		HasPerformanceSessions = true
	EndGlobalSection
	GlobalSection(Performance) = preSolution
		HasPerformanceSessions = true
	EndGlobalSection
EndGlobal
