
Microsoft Visual Studio Solution File, Format Version 12.00
# Visual Studio 14
VisualStudioVersion = 14.0.24720.0
MinimumVisualStudioVersion = 10.0.40219.1
Project("{FAE04EC0-301F-11D3-BF4B-00C04F79EFBC}") = "TaskService", "TaskService\TaskService.csproj", "{81B5ABCC-6909-483D-8BB3-84B52E3C7043}"
EndProject
Project("{FAE04EC0-301F-11D3-BF4B-00C04F79EFBC}") = "LbmScreenConfig", "ScreenConfig\LbmScreenConfig.csproj", "{3FBBF289-0B82-4089-80CA-67977A808C5D}"
EndProject
Project("{FAE04EC0-301F-11D3-BF4B-00C04F79EFBC}") = "LittleBigMouse_Daemon", "LittleBigMouse_Daemon\LittleBigMouse_Daemon.csproj", "{CEA3E9DF-4011-4041-BCCF-6318DC7E76F4}"
EndProject
Project("{FAE04EC0-301F-11D3-BF4B-00C04F79EFBC}") = "LittleBigMon_Control", "LittleBigMouse_Control\LittleBigMon_Control.csproj", "{7AD2B3B1-3CDD-40D6-9135-E02C37001AFB}"
EndProject
Project("{8BC9CEB8-8B4A-11D0-8D11-00A0C91BC942}") = "NativeHelpers", "NativeHelpers\NativeHelpers.vcxproj", "{938E65D0-EC9C-4181-87CA-A43D4747610D}"
EndProject
Project("{FAE04EC0-301F-11D3-BF4B-00C04F79EFBC}") = "NotifyChange", "NotifyChange\NotifyChange.csproj", "{BFEAB5F5-443E-4F0E-85EE-A4BB3AEEEA4D}"
EndProject
Project("{FAE04EC0-301F-11D3-BF4B-00C04F79EFBC}") = "Argyll", "Argyll\Argyll.csproj", "{444F1148-7014-469B-8809-834FEDA0F730}"
EndProject
Project("{FAE04EC0-301F-11D3-BF4B-00C04F79EFBC}") = "WinAPI", "NativeMethods\WinAPI.csproj", "{641054C2-F89B-4ABE-97B4-EE841556E999}"
EndProject
Project("{FAE04EC0-301F-11D3-BF4B-00C04F79EFBC}") = "WindowsMonitors", "WindowsMonitors\WindowsMonitors.csproj", "{0C90E881-B94C-4DC5-B2D0-FF6DC7601DE4}"
EndProject
Project("{FAE04EC0-301F-11D3-BF4B-00C04F79EFBC}") = "MonitorVcp", "MonitorVcp\MonitorVcp.csproj", "{543A85AB-37E8-4DB6-B51A-07B719A4DF2E}"
EndProject
Global
	GlobalSection(SolutionConfigurationPlatforms) = preSolution
		Debug|x64 = Debug|x64
		Debug|x86 = Debug|x86
		Release|x64 = Release|x64
		Release|x86 = Release|x86
	EndGlobalSection
	GlobalSection(ProjectConfigurationPlatforms) = postSolution
		{81B5ABCC-6909-483D-8BB3-84B52E3C7043}.Debug|x64.ActiveCfg = Debug|x64
		{81B5ABCC-6909-483D-8BB3-84B52E3C7043}.Debug|x64.Build.0 = Debug|x64
		{81B5ABCC-6909-483D-8BB3-84B52E3C7043}.Debug|x86.ActiveCfg = Release|x86
		{81B5ABCC-6909-483D-8BB3-84B52E3C7043}.Debug|x86.Build.0 = Release|x86
		{81B5ABCC-6909-483D-8BB3-84B52E3C7043}.Release|x64.ActiveCfg = Release|x64
		{81B5ABCC-6909-483D-8BB3-84B52E3C7043}.Release|x64.Build.0 = Release|x64
		{81B5ABCC-6909-483D-8BB3-84B52E3C7043}.Release|x86.ActiveCfg = Release|x86
		{81B5ABCC-6909-483D-8BB3-84B52E3C7043}.Release|x86.Build.0 = Release|x86
		{81B5ABCC-6909-483D-8BB3-84B52E3C7043}.Release|x86.Deploy.0 = Release|x86
		{3FBBF289-0B82-4089-80CA-67977A808C5D}.Debug|x64.ActiveCfg = Debug|x64
		{3FBBF289-0B82-4089-80CA-67977A808C5D}.Debug|x64.Build.0 = Debug|x64
		{3FBBF289-0B82-4089-80CA-67977A808C5D}.Debug|x86.ActiveCfg = Debug|x86
		{3FBBF289-0B82-4089-80CA-67977A808C5D}.Debug|x86.Build.0 = Debug|x86
		{3FBBF289-0B82-4089-80CA-67977A808C5D}.Release|x64.ActiveCfg = Release|x64
		{3FBBF289-0B82-4089-80CA-67977A808C5D}.Release|x64.Build.0 = Release|x64
		{3FBBF289-0B82-4089-80CA-67977A808C5D}.Release|x86.ActiveCfg = Release|x86
		{3FBBF289-0B82-4089-80CA-67977A808C5D}.Release|x86.Build.0 = Release|x86
		{CEA3E9DF-4011-4041-BCCF-6318DC7E76F4}.Debug|x64.ActiveCfg = Debug|x64
		{CEA3E9DF-4011-4041-BCCF-6318DC7E76F4}.Debug|x64.Build.0 = Debug|x64
		{CEA3E9DF-4011-4041-BCCF-6318DC7E76F4}.Debug|x86.ActiveCfg = Debug|x86
		{CEA3E9DF-4011-4041-BCCF-6318DC7E76F4}.Debug|x86.Build.0 = Debug|x86
		{CEA3E9DF-4011-4041-BCCF-6318DC7E76F4}.Release|x64.ActiveCfg = Release|x64
		{CEA3E9DF-4011-4041-BCCF-6318DC7E76F4}.Release|x64.Build.0 = Release|x64
		{CEA3E9DF-4011-4041-BCCF-6318DC7E76F4}.Release|x86.ActiveCfg = Release|x86
		{CEA3E9DF-4011-4041-BCCF-6318DC7E76F4}.Release|x86.Build.0 = Release|x86
		{7AD2B3B1-3CDD-40D6-9135-E02C37001AFB}.Debug|x64.ActiveCfg = Debug|x64
		{7AD2B3B1-3CDD-40D6-9135-E02C37001AFB}.Debug|x64.Build.0 = Debug|x64
		{7AD2B3B1-3CDD-40D6-9135-E02C37001AFB}.Debug|x86.ActiveCfg = Debug|x86
		{7AD2B3B1-3CDD-40D6-9135-E02C37001AFB}.Debug|x86.Build.0 = Debug|x86
		{7AD2B3B1-3CDD-40D6-9135-E02C37001AFB}.Release|x64.ActiveCfg = Release|x64
		{7AD2B3B1-3CDD-40D6-9135-E02C37001AFB}.Release|x64.Build.0 = Release|x64
		{7AD2B3B1-3CDD-40D6-9135-E02C37001AFB}.Release|x86.ActiveCfg = Release|x86
		{7AD2B3B1-3CDD-40D6-9135-E02C37001AFB}.Release|x86.Build.0 = Release|x86
		{938E65D0-EC9C-4181-87CA-A43D4747610D}.Debug|x64.ActiveCfg = Debug|x64
		{938E65D0-EC9C-4181-87CA-A43D4747610D}.Debug|x64.Build.0 = Debug|x64
		{938E65D0-EC9C-4181-87CA-A43D4747610D}.Debug|x86.ActiveCfg = Debug|Win32
		{938E65D0-EC9C-4181-87CA-A43D4747610D}.Debug|x86.Build.0 = Debug|Win32
		{938E65D0-EC9C-4181-87CA-A43D4747610D}.Release|x64.ActiveCfg = Release|x64
		{938E65D0-EC9C-4181-87CA-A43D4747610D}.Release|x64.Build.0 = Release|x64
		{938E65D0-EC9C-4181-87CA-A43D4747610D}.Release|x86.ActiveCfg = Release|Win32
		{938E65D0-EC9C-4181-87CA-A43D4747610D}.Release|x86.Build.0 = Release|Win32
		{BFEAB5F5-443E-4F0E-85EE-A4BB3AEEEA4D}.Debug|x64.ActiveCfg = Debug|x64
		{BFEAB5F5-443E-4F0E-85EE-A4BB3AEEEA4D}.Debug|x64.Build.0 = Debug|x64
		{BFEAB5F5-443E-4F0E-85EE-A4BB3AEEEA4D}.Debug|x86.ActiveCfg = Debug|x64
		{BFEAB5F5-443E-4F0E-85EE-A4BB3AEEEA4D}.Release|x64.ActiveCfg = Release|x64
		{BFEAB5F5-443E-4F0E-85EE-A4BB3AEEEA4D}.Release|x64.Build.0 = Release|x64
		{BFEAB5F5-443E-4F0E-85EE-A4BB3AEEEA4D}.Release|x86.ActiveCfg = Release|x64
		{444F1148-7014-469B-8809-834FEDA0F730}.Debug|x64.ActiveCfg = Debug|x64
		{444F1148-7014-469B-8809-834FEDA0F730}.Debug|x64.Build.0 = Debug|x64
		{444F1148-7014-469B-8809-834FEDA0F730}.Debug|x86.ActiveCfg = Debug|x86
		{444F1148-7014-469B-8809-834FEDA0F730}.Debug|x86.Build.0 = Debug|x86
		{444F1148-7014-469B-8809-834FEDA0F730}.Release|x64.ActiveCfg = Release|x64
		{444F1148-7014-469B-8809-834FEDA0F730}.Release|x64.Build.0 = Release|x64
		{444F1148-7014-469B-8809-834FEDA0F730}.Release|x86.ActiveCfg = Release|x86
		{444F1148-7014-469B-8809-834FEDA0F730}.Release|x86.Build.0 = Release|x86
		{641054C2-F89B-4ABE-97B4-EE841556E999}.Debug|x64.ActiveCfg = Debug|x64
		{641054C2-F89B-4ABE-97B4-EE841556E999}.Debug|x64.Build.0 = Debug|x64
		{641054C2-F89B-4ABE-97B4-EE841556E999}.Debug|x86.ActiveCfg = Debug|x86
		{641054C2-F89B-4ABE-97B4-EE841556E999}.Debug|x86.Build.0 = Debug|x86
		{641054C2-F89B-4ABE-97B4-EE841556E999}.Release|x64.ActiveCfg = Release|x64
		{641054C2-F89B-4ABE-97B4-EE841556E999}.Release|x64.Build.0 = Release|x64
		{641054C2-F89B-4ABE-97B4-EE841556E999}.Release|x86.ActiveCfg = Release|x86
		{641054C2-F89B-4ABE-97B4-EE841556E999}.Release|x86.Build.0 = Release|x86
		{0C90E881-B94C-4DC5-B2D0-FF6DC7601DE4}.Debug|x64.ActiveCfg = Debug|x64
		{0C90E881-B94C-4DC5-B2D0-FF6DC7601DE4}.Debug|x64.Build.0 = Debug|x64
		{0C90E881-B94C-4DC5-B2D0-FF6DC7601DE4}.Debug|x86.ActiveCfg = Debug|x86
		{0C90E881-B94C-4DC5-B2D0-FF6DC7601DE4}.Debug|x86.Build.0 = Debug|x86
		{0C90E881-B94C-4DC5-B2D0-FF6DC7601DE4}.Release|x64.ActiveCfg = Release|x64
		{0C90E881-B94C-4DC5-B2D0-FF6DC7601DE4}.Release|x64.Build.0 = Release|x64
		{0C90E881-B94C-4DC5-B2D0-FF6DC7601DE4}.Release|x86.ActiveCfg = Release|x86
		{0C90E881-B94C-4DC5-B2D0-FF6DC7601DE4}.Release|x86.Build.0 = Release|x86
		{543A85AB-37E8-4DB6-B51A-07B719A4DF2E}.Debug|x64.ActiveCfg = Debug|x64
		{543A85AB-37E8-4DB6-B51A-07B719A4DF2E}.Debug|x64.Build.0 = Debug|x64
		{543A85AB-37E8-4DB6-B51A-07B719A4DF2E}.Debug|x86.ActiveCfg = Debug|x86
		{543A85AB-37E8-4DB6-B51A-07B719A4DF2E}.Debug|x86.Build.0 = Debug|x86
		{543A85AB-37E8-4DB6-B51A-07B719A4DF2E}.Release|x64.ActiveCfg = Release|x64
		{543A85AB-37E8-4DB6-B51A-07B719A4DF2E}.Release|x64.Build.0 = Release|x64
		{543A85AB-37E8-4DB6-B51A-07B719A4DF2E}.Release|x86.ActiveCfg = Release|x86
		{543A85AB-37E8-4DB6-B51A-07B719A4DF2E}.Release|x86.Build.0 = Release|x86
	EndGlobalSection
	GlobalSection(SolutionProperties) = preSolution
		HideSolutionNode = FALSE
	EndGlobalSection
EndGlobal
